{
  "version": 4,
  "terraform_version": "1.0.3",
  "serial": 1023,
  "lineage": "46f17d01-b122-01c6-a70c-114d52246486",
  "outputs": {},
  "resources": [
    {
      "mode": "managed",
      "type": "azurerm_app_service",
      "name": "dev_soa",
      "provider": "provider[\"registry.terraform.io/hashicorp/azurerm\"]",
      "instances": [
        {
          "index_key": "123",
          "schema_version": 0,
          "attributes": {
            "app_service_plan_id": "/subscriptions/bc6eadfd-393d-4e9e-8140-4fe9bfd772fc/resourceGroups/azrgpsoan0002/providers/Microsoft.Web/serverfarms/soa-dev-asp",
            "app_settings": {
              "platform": "value"
            },
            "auth_settings": [
              {
                "active_directory": [],
                "additional_login_params": {},
                "allowed_external_redirect_urls": [],
                "default_provider": "",
                "enabled": false,
                "facebook": [],
                "google": [],
                "issuer": "",
                "microsoft": [],
                "runtime_version": "",
                "token_refresh_extension_hours": 0,
                "token_store_enabled": false,
                "twitter": [],
                "unauthenticated_client_action": ""
              }
            ],
            "backup": [],
            "client_affinity_enabled": false,
            "client_cert_enabled": false,
            "connection_string": [],
            "custom_domain_verification_id": "E0A30A4888649FB17207C99E2F878643A66175BB756A7E21D963818529CA90D8",
            "default_site_hostname": "123-web-app.azurewebsites.net",
            "enabled": true,
            "https_only": false,
            "id": "/subscriptions/bc6eadfd-393d-4e9e-8140-4fe9bfd772fc/resourceGroups/azrgpsoan0002/providers/Microsoft.Web/sites/123-web-app",
            "identity": [],
            "key_vault_reference_identity_id": "SystemAssigned",
            "location": "westeurope",
            "logs": [
              {
                "application_logs": [
                  {
                    "azure_blob_storage": [],
                    "file_system_level": "Off"
                  }
                ],
                "detailed_error_messages_enabled": false,
                "failed_request_tracing_enabled": false,
                "http_logs": [
                  {
                    "azure_blob_storage": [],
                    "file_system": []
                  }
                ]
              }
            ],
            "name": "123-web-app",
            "outbound_ip_address_list": [
              "20.76.147.148",
              "20.76.147.163",
              "20.76.147.166",
              "20.76.147.175",
              "20.76.147.192",
              "20.76.148.14",
              "20.50.2.61"
            ],
            "outbound_ip_addresses": "20.76.147.148,20.76.147.163,20.76.147.166,20.76.147.175,20.76.147.192,20.76.148.14,20.50.2.61",
            "possible_outbound_ip_address_list": [
              "20.76.180.32",
              "20.82.72.63",
              "20.82.72.143",
              "20.82.82.2",
              "20.76.249.108",
              "20.76.249.172",
              "20.76.248.27",
              "20.76.147.27",
              "20.76.147.84",
              "20.76.145.13",
              "20.76.145.115",
              "20.76.147.123",
              "20.76.147.148",
              "20.76.147.163",
              "20.76.147.166",
              "20.76.147.175",
              "20.76.147.192",
              "20.76.148.14",
              "20.76.148.24",
              "20.76.148.35",
              "20.76.148.44",
              "20.76.148.48",
              "20.76.144.187",
              "20.76.144.77",
              "20.76.148.122",
              "20.76.148.151",
              "20.76.148.152",
              "20.76.148.162",
              "20.76.148.172",
              "20.76.148.209",
              "20.50.2.61"
            ],
            "possible_outbound_ip_addresses": "20.76.180.32,20.82.72.63,20.82.72.143,20.82.82.2,20.76.249.108,20.76.249.172,20.76.248.27,20.76.147.27,20.76.147.84,20.76.145.13,20.76.145.115,20.76.147.123,20.76.147.148,20.76.147.163,20.76.147.166,20.76.147.175,20.76.147.192,20.76.148.14,20.76.148.24,20.76.148.35,20.76.148.44,20.76.148.48,20.76.144.187,20.76.144.77,20.76.148.122,20.76.148.151,20.76.148.152,20.76.148.162,20.76.148.172,20.76.148.209,20.50.2.61",
            "resource_group_name": "azrgpsoan0002",
            "site_config": [
              {
                "acr_use_managed_identity_credentials": false,
                "acr_user_managed_identity_client_id": "",
                "always_on": false,
                "app_command_line": "",
                "auto_swap_slot_name": "",
                "cors": [],
                "default_documents": [
                  "Default.htm",
                  "Default.html",
                  "Default.asp",
                  "index.htm",
                  "index.html",
                  "iisstart.htm",
                  "default.aspx",
                  "index.php",
                  "hostingstart.html"
                ],
                "dotnet_framework_version": "v4.0",
                "ftps_state": "AllAllowed",
                "health_check_path": "",
                "http2_enabled": false,
                "ip_restriction": [],
                "java_container": "",
                "java_container_version": "",
                "java_version": "",
                "linux_fx_version": "",
                "local_mysql_enabled": false,
                "managed_pipeline_mode": "Integrated",
                "min_tls_version": "1.2",
                "number_of_workers": 1,
                "php_version": "5.6",
                "python_version": "",
                "remote_debugging_enabled": false,
                "remote_debugging_version": "",
                "scm_ip_restriction": [],
                "scm_type": "None",
                "scm_use_main_ip_restriction": false,
                "use_32_bit_worker_process": true,
                "vnet_route_all_enabled": false,
                "websockets_enabled": false,
                "windows_fx_version": ""
              }
            ],
            "site_credential": [
              {
                "password": "CLqxJKrpXere4gzu1utL7ujCfKviGgz85e42tw8rqakN0hC66uRWyt5FLnfj",
                "username": "$123-web-app"
              }
            ],
            "source_control": [
              {
                "branch": "master",
                "manual_integration": false,
                "repo_url": "",
                "rollback_enabled": false,
                "use_mercurial": false
              }
            ],
            "storage_account": [],
            "tags": {
              "Application": "SOA",
              "Environment": "Dev",
              "Role": "APP",
              "costcenter": ""
            },
            "timeouts": null
          },
          "sensitive_attributes": [],
          "private": "eyJlMmJmYjczMC1lY2FhLTExZTYtOGY4OC0zNDM2M2JjN2M0YzAiOnsiY3JlYXRlIjoxODAwMDAwMDAwMDAwLCJkZWxldGUiOjE4MDAwMDAwMDAwMDAsInJlYWQiOjMwMDAwMDAwMDAwMCwidXBkYXRlIjoxODAwMDAwMDAwMDAwfX0=",
          "dependencies": [
            "azurerm_app_service_plan.dev-soa-asp",
            "azurerm_resource_group.rg-dev-soa"
          ]
        },
        {
          "index_key": "mspdevaxon",
          "schema_version": 0,
          "attributes": {
            "app_service_plan_id": "/subscriptions/bc6eadfd-393d-4e9e-8140-4fe9bfd772fc/resourceGroups/azrgpsoan0002/providers/Microsoft.Web/serverfarms/soa-dev-asp",
            "app_settings": {
              "platform": "value"
            },
            "auth_settings": [
              {
                "active_directory": [],
                "additional_login_params": {},
                "allowed_external_redirect_urls": [],
                "default_provider": "",
                "enabled": false,
                "facebook": [],
                "google": [],
                "issuer": "",
                "microsoft": [],
                "runtime_version": "",
                "token_refresh_extension_hours": 0,
                "token_store_enabled": false,
                "twitter": [],
                "unauthenticated_client_action": ""
              }
            ],
            "backup": [],
            "client_affinity_enabled": false,
            "client_cert_enabled": false,
            "connection_string": [],
            "custom_domain_verification_id": "E0A30A4888649FB17207C99E2F878643A66175BB756A7E21D963818529CA90D8",
            "default_site_hostname": "mspdevaxon-web-app.azurewebsites.net",
            "enabled": true,
            "https_only": false,
            "id": "/subscriptions/bc6eadfd-393d-4e9e-8140-4fe9bfd772fc/resourceGroups/azrgpsoan0002/providers/Microsoft.Web/sites/mspdevaxon-web-app",
            "identity": [],
            "key_vault_reference_identity_id": "SystemAssigned",
            "location": "westeurope",
            "logs": [
              {
                "application_logs": [
                  {
                    "azure_blob_storage": [],
                    "file_system_level": "Off"
                  }
                ],
                "detailed_error_messages_enabled": false,
                "failed_request_tracing_enabled": false,
                "http_logs": [
                  {
                    "azure_blob_storage": [],
                    "file_system": []
                  }
                ]
              }
            ],
            "name": "mspdevaxon-web-app",
            "outbound_ip_address_list": [
              "20.76.147.148",
              "20.76.147.163",
              "20.76.147.166",
              "20.76.147.175",
              "20.76.147.192",
              "20.76.148.14",
              "20.50.2.61"
            ],
            "outbound_ip_addresses": "20.76.147.148,20.76.147.163,20.76.147.166,20.76.147.175,20.76.147.192,20.76.148.14,20.50.2.61",
            "possible_outbound_ip_address_list": [
              "20.76.180.32",
              "20.82.72.63",
              "20.82.72.143",
              "20.82.82.2",
              "20.76.249.108",
              "20.76.249.172",
              "20.76.248.27",
              "20.76.147.27",
              "20.76.147.84",
              "20.76.145.13",
              "20.76.145.115",
              "20.76.147.123",
              "20.76.147.148",
              "20.76.147.163",
              "20.76.147.166",
              "20.76.147.175",
              "20.76.147.192",
              "20.76.148.14",
              "20.76.148.24",
              "20.76.148.35",
              "20.76.148.44",
              "20.76.148.48",
              "20.76.144.187",
              "20.76.144.77",
              "20.76.148.122",
              "20.76.148.151",
              "20.76.148.152",
              "20.76.148.162",
              "20.76.148.172",
              "20.76.148.209",
              "20.50.2.61"
            ],
            "possible_outbound_ip_addresses": "20.76.180.32,20.82.72.63,20.82.72.143,20.82.82.2,20.76.249.108,20.76.249.172,20.76.248.27,20.76.147.27,20.76.147.84,20.76.145.13,20.76.145.115,20.76.147.123,20.76.147.148,20.76.147.163,20.76.147.166,20.76.147.175,20.76.147.192,20.76.148.14,20.76.148.24,20.76.148.35,20.76.148.44,20.76.148.48,20.76.144.187,20.76.144.77,20.76.148.122,20.76.148.151,20.76.148.152,20.76.148.162,20.76.148.172,20.76.148.209,20.50.2.61",
            "resource_group_name": "azrgpsoan0002",
            "site_config": [
              {
                "acr_use_managed_identity_credentials": false,
                "acr_user_managed_identity_client_id": "",
                "always_on": false,
                "app_command_line": "",
                "auto_swap_slot_name": "",
                "cors": [],
                "default_documents": [
                  "Default.htm",
                  "Default.html",
                  "Default.asp",
                  "index.htm",
                  "index.html",
                  "iisstart.htm",
                  "default.aspx",
                  "index.php",
                  "hostingstart.html"
                ],
                "dotnet_framework_version": "v4.0",
                "ftps_state": "AllAllowed",
                "health_check_path": "",
                "http2_enabled": false,
                "ip_restriction": [],
                "java_container": "",
                "java_container_version": "",
                "java_version": "",
                "linux_fx_version": "",
                "local_mysql_enabled": false,
                "managed_pipeline_mode": "Integrated",
                "min_tls_version": "1.2",
                "number_of_workers": 1,
                "php_version": "5.6",
                "python_version": "",
                "remote_debugging_enabled": false,
                "remote_debugging_version": "",
                "scm_ip_restriction": [],
                "scm_type": "None",
                "scm_use_main_ip_restriction": false,
                "use_32_bit_worker_process": true,
                "vnet_route_all_enabled": false,
                "websockets_enabled": false,
                "windows_fx_version": ""
              }
            ],
            "site_credential": [
              {
                "password": "6Wv8jemqFDJD0eFl6xZwrTApf3zdX4ZXF0xdtrrfu8Epn9dSNStaag2hxSQS",
                "username": "$mspdevaxon-web-app"
              }
            ],
            "source_control": [
              {
                "branch": "master",
                "manual_integration": false,
                "repo_url": "",
                "rollback_enabled": false,
                "use_mercurial": false
              }
            ],
            "storage_account": [],
            "tags": {
              "Application": "SOA",
              "Environment": "Dev",
              "Role": "APP",
              "costcenter": ""
            },
            "timeouts": null
          },
          "sensitive_attributes": [],
          "private": "eyJlMmJmYjczMC1lY2FhLTExZTYtOGY4OC0zNDM2M2JjN2M0YzAiOnsiY3JlYXRlIjoxODAwMDAwMDAwMDAwLCJkZWxldGUiOjE4MDAwMDAwMDAwMDAsInJlYWQiOjMwMDAwMDAwMDAwMCwidXBkYXRlIjoxODAwMDAwMDAwMDAwfX0=",
          "dependencies": [
            "azurerm_app_service_plan.dev-soa-asp",
            "azurerm_resource_group.rg-dev-soa"
          ]
        }
      ]
    },
    {
      "mode": "managed",
      "type": "azurerm_app_service",
      "name": "fit_dev",
      "provider": "provider[\"registry.terraform.io/hashicorp/azurerm\"]",
      "instances": [
        {
          "index_key": "fitmspdev",
          "schema_version": 0,
          "attributes": {
            "app_service_plan_id": "/subscriptions/bc6eadfd-393d-4e9e-8140-4fe9bfd772fc/resourceGroups/azrgpsoan0003/providers/Microsoft.Web/serverfarms/fit_dev-asp",
            "app_settings": {
              "platform": "value"
            },
            "auth_settings": [
              {
                "active_directory": [],
                "additional_login_params": {},
                "allowed_external_redirect_urls": [],
                "default_provider": "",
                "enabled": false,
                "facebook": [],
                "google": [],
                "issuer": "",
                "microsoft": [],
                "runtime_version": "",
                "token_refresh_extension_hours": 0,
                "token_store_enabled": false,
                "twitter": [],
                "unauthenticated_client_action": ""
              }
            ],
            "backup": [],
            "client_affinity_enabled": false,
            "client_cert_enabled": false,
            "connection_string": [],
            "custom_domain_verification_id": "E0A30A4888649FB17207C99E2F878643A66175BB756A7E21D963818529CA90D8",
            "default_site_hostname": "fitmspdev-web-app.azurewebsites.net",
            "enabled": true,
            "https_only": false,
            "id": "/subscriptions/bc6eadfd-393d-4e9e-8140-4fe9bfd772fc/resourceGroups/azrgpsoan0003/providers/Microsoft.Web/sites/fitmspdev-web-app",
            "identity": [],
            "key_vault_reference_identity_id": "SystemAssigned",
            "location": "westeurope",
            "logs": [
              {
                "application_logs": [
                  {
                    "azure_blob_storage": [],
                    "file_system_level": "Off"
                  }
                ],
                "detailed_error_messages_enabled": false,
                "failed_request_tracing_enabled": false,
                "http_logs": [
                  {
                    "azure_blob_storage": [],
                    "file_system": []
                  }
                ]
              }
            ],
            "name": "fitmspdev-web-app",
            "outbound_ip_address_list": [
              "20.54.238.69",
              "20.54.238.78",
              "20.54.238.100",
              "20.54.238.135",
              "20.54.239.43",
              "20.54.239.111",
              "20.50.2.22"
            ],
            "outbound_ip_addresses": "20.54.238.69,20.54.238.78,20.54.238.100,20.54.238.135,20.54.239.43,20.54.239.111,20.50.2.22",
            "possible_outbound_ip_address_list": [
              "20.54.233.75",
              "51.138.94.65",
              "20.54.234.79",
              "20.54.234.174",
              "20.54.235.123",
              "20.54.236.6",
              "20.54.236.152",
              "20.54.237.131",
              "20.54.238.23",
              "20.54.238.26",
              "20.54.238.42",
              "51.137.12.245",
              "20.54.238.69",
              "20.54.238.78",
              "20.54.238.100",
              "20.54.238.135",
              "20.54.239.43",
              "20.54.239.111",
              "20.56.184.116",
              "20.56.184.198",
              "20.56.184.212",
              "20.56.185.12",
              "20.56.185.75",
              "20.56.186.5",
              "20.56.186.59",
              "20.56.186.180",
              "20.56.186.209",
              "51.137.13.199",
              "51.137.13.216",
              "51.137.14.36",
              "20.50.2.22"
            ],
            "possible_outbound_ip_addresses": "20.54.233.75,51.138.94.65,20.54.234.79,20.54.234.174,20.54.235.123,20.54.236.6,20.54.236.152,20.54.237.131,20.54.238.23,20.54.238.26,20.54.238.42,51.137.12.245,20.54.238.69,20.54.238.78,20.54.238.100,20.54.238.135,20.54.239.43,20.54.239.111,20.56.184.116,20.56.184.198,20.56.184.212,20.56.185.12,20.56.185.75,20.56.186.5,20.56.186.59,20.56.186.180,20.56.186.209,51.137.13.199,51.137.13.216,51.137.14.36,20.50.2.22",
            "resource_group_name": "azrgpsoan0003",
            "site_config": [
              {
                "acr_use_managed_identity_credentials": false,
                "acr_user_managed_identity_client_id": "",
                "always_on": false,
                "app_command_line": "",
                "auto_swap_slot_name": "",
                "cors": [],
                "default_documents": [
                  "Default.htm",
                  "Default.html",
                  "Default.asp",
                  "index.htm",
                  "index.html",
                  "iisstart.htm",
                  "default.aspx",
                  "index.php",
                  "hostingstart.html"
                ],
                "dotnet_framework_version": "v4.0",
                "ftps_state": "AllAllowed",
                "health_check_path": "",
                "http2_enabled": false,
                "ip_restriction": [],
                "java_container": "",
                "java_container_version": "",
                "java_version": "",
                "linux_fx_version": "",
                "local_mysql_enabled": false,
                "managed_pipeline_mode": "Integrated",
                "min_tls_version": "1.2",
                "number_of_workers": 1,
                "php_version": "5.6",
                "python_version": "",
                "remote_debugging_enabled": false,
                "remote_debugging_version": "",
                "scm_ip_restriction": [],
                "scm_type": "None",
                "scm_use_main_ip_restriction": false,
                "use_32_bit_worker_process": true,
                "vnet_route_all_enabled": false,
                "websockets_enabled": false,
                "windows_fx_version": ""
              }
            ],
            "site_credential": [
              {
                "password": "jYA6CG7Frlz7LyAfYxjJopGy6lJGfnBnbbdd8GzLti1sx0ygPkLimrNHbYqh",
                "username": "$fitmspdev-web-app"
              }
            ],
            "source_control": [
              {
                "branch": "master",
                "manual_integration": false,
                "repo_url": "",
                "rollback_enabled": false,
                "use_mercurial": false
              }
            ],
            "storage_account": [],
            "tags": {
              "Application": "FIT",
              "Environment": "Dev",
              "Role": "APP",
              "costcenter": ""
            },
            "timeouts": null
          },
          "sensitive_attributes": [],
          "private": "eyJlMmJmYjczMC1lY2FhLTExZTYtOGY4OC0zNDM2M2JjN2M0YzAiOnsiY3JlYXRlIjoxODAwMDAwMDAwMDAwLCJkZWxldGUiOjE4MDAwMDAwMDAwMDAsInJlYWQiOjMwMDAwMDAwMDAwMCwidXBkYXRlIjoxODAwMDAwMDAwMDAwfX0=",
          "dependencies": [
            "azurerm_app_service_plan.fit_dev_asp",
            "azurerm_resource_group.rg-fit-dev"
          ]
        },
        {
          "index_key": "fitmspdevfit",
          "schema_version": 0,
          "attributes": {
            "app_service_plan_id": "/subscriptions/bc6eadfd-393d-4e9e-8140-4fe9bfd772fc/resourceGroups/azrgpsoan0003/providers/Microsoft.Web/serverfarms/fit_dev-asp",
            "app_settings": {
              "platform": "value"
            },
            "auth_settings": [
              {
                "active_directory": [],
                "additional_login_params": {},
                "allowed_external_redirect_urls": [],
                "default_provider": "",
                "enabled": false,
                "facebook": [],
                "google": [],
                "issuer": "",
                "microsoft": [],
                "runtime_version": "",
                "token_refresh_extension_hours": 0,
                "token_store_enabled": false,
                "twitter": [],
                "unauthenticated_client_action": ""
              }
            ],
            "backup": [],
            "client_affinity_enabled": false,
            "client_cert_enabled": false,
            "connection_string": [],
            "custom_domain_verification_id": "E0A30A4888649FB17207C99E2F878643A66175BB756A7E21D963818529CA90D8",
            "default_site_hostname": "fitmspdevfit-web-app.azurewebsites.net",
            "enabled": true,
            "https_only": false,
            "id": "/subscriptions/bc6eadfd-393d-4e9e-8140-4fe9bfd772fc/resourceGroups/azrgpsoan0003/providers/Microsoft.Web/sites/fitmspdevfit-web-app",
            "identity": [],
            "key_vault_reference_identity_id": "SystemAssigned",
            "location": "westeurope",
            "logs": [
              {
                "application_logs": [
                  {
                    "azure_blob_storage": [],
                    "file_system_level": "Off"
                  }
                ],
                "detailed_error_messages_enabled": false,
                "failed_request_tracing_enabled": false,
                "http_logs": [
                  {
                    "azure_blob_storage": [],
                    "file_system": []
                  }
                ]
              }
            ],
            "name": "fitmspdevfit-web-app",
            "outbound_ip_address_list": [
              "20.54.238.69",
              "20.54.238.78",
              "20.54.238.100",
              "20.54.238.135",
              "20.54.239.43",
              "20.54.239.111",
              "20.50.2.22"
            ],
            "outbound_ip_addresses": "20.54.238.69,20.54.238.78,20.54.238.100,20.54.238.135,20.54.239.43,20.54.239.111,20.50.2.22",
            "possible_outbound_ip_address_list": [
              "20.54.233.75",
              "51.138.94.65",
              "20.54.234.79",
              "20.54.234.174",
              "20.54.235.123",
              "20.54.236.6",
              "20.54.236.152",
              "20.54.237.131",
              "20.54.238.23",
              "20.54.238.26",
              "20.54.238.42",
              "51.137.12.245",
              "20.54.238.69",
              "20.54.238.78",
              "20.54.238.100",
              "20.54.238.135",
              "20.54.239.43",
              "20.54.239.111",
              "20.56.184.116",
              "20.56.184.198",
              "20.56.184.212",
              "20.56.185.12",
              "20.56.185.75",
              "20.56.186.5",
              "20.56.186.59",
              "20.56.186.180",
              "20.56.186.209",
              "51.137.13.199",
              "51.137.13.216",
              "51.137.14.36",
              "20.50.2.22"
            ],
            "possible_outbound_ip_addresses": "20.54.233.75,51.138.94.65,20.54.234.79,20.54.234.174,20.54.235.123,20.54.236.6,20.54.236.152,20.54.237.131,20.54.238.23,20.54.238.26,20.54.238.42,51.137.12.245,20.54.238.69,20.54.238.78,20.54.238.100,20.54.238.135,20.54.239.43,20.54.239.111,20.56.184.116,20.56.184.198,20.56.184.212,20.56.185.12,20.56.185.75,20.56.186.5,20.56.186.59,20.56.186.180,20.56.186.209,51.137.13.199,51.137.13.216,51.137.14.36,20.50.2.22",
            "resource_group_name": "azrgpsoan0003",
            "site_config": [
              {
                "acr_use_managed_identity_credentials": false,
                "acr_user_managed_identity_client_id": "",
                "always_on": false,
                "app_command_line": "",
                "auto_swap_slot_name": "",
                "cors": [],
                "default_documents": [
                  "Default.htm",
                  "Default.html",
                  "Default.asp",
                  "index.htm",
                  "index.html",
                  "iisstart.htm",
                  "default.aspx",
                  "index.php",
                  "hostingstart.html"
                ],
                "dotnet_framework_version": "v4.0",
                "ftps_state": "AllAllowed",
                "health_check_path": "",
                "http2_enabled": false,
                "ip_restriction": [],
                "java_container": "",
                "java_container_version": "",
                "java_version": "",
                "linux_fx_version": "",
                "local_mysql_enabled": false,
                "managed_pipeline_mode": "Integrated",
                "min_tls_version": "1.2",
                "number_of_workers": 1,
                "php_version": "5.6",
                "python_version": "",
                "remote_debugging_enabled": false,
                "remote_debugging_version": "",
                "scm_ip_restriction": [],
                "scm_type": "None",
                "scm_use_main_ip_restriction": false,
                "use_32_bit_worker_process": true,
                "vnet_route_all_enabled": false,
                "websockets_enabled": false,
                "windows_fx_version": ""
              }
            ],
            "site_credential": [
              {
                "password": "CYsnitSriP8asxLxBJakyBD4JktKwlLBHHRlgDCvlwCvyBGuEb8zT1754lNE",
                "username": "$fitmspdevfit-web-app"
              }
            ],
            "source_control": [
              {
                "branch": "master",
                "manual_integration": false,
                "repo_url": "",
                "rollback_enabled": false,
                "use_mercurial": false
              }
            ],
            "storage_account": [],
            "tags": {
              "Application": "FIT",
              "Environment": "Dev",
              "Role": "APP",
              "costcenter": ""
            },
            "timeouts": null
          },
          "sensitive_attributes": [],
          "private": "eyJlMmJmYjczMC1lY2FhLTExZTYtOGY4OC0zNDM2M2JjN2M0YzAiOnsiY3JlYXRlIjoxODAwMDAwMDAwMDAwLCJkZWxldGUiOjE4MDAwMDAwMDAwMDAsInJlYWQiOjMwMDAwMDAwMDAwMCwidXBkYXRlIjoxODAwMDAwMDAwMDAwfX0=",
          "dependencies": [
            "azurerm_resource_group.rg-fit-dev",
            "azurerm_app_service_plan.fit_dev_asp"
          ]
        },
        {
          "index_key": "fitmspdevshared",
          "schema_version": 0,
          "attributes": {
            "app_service_plan_id": "/subscriptions/bc6eadfd-393d-4e9e-8140-4fe9bfd772fc/resourceGroups/azrgpsoan0003/providers/Microsoft.Web/serverfarms/fit_dev-asp",
            "app_settings": {
              "platform": "value"
            },
            "auth_settings": [
              {
                "active_directory": [],
                "additional_login_params": {},
                "allowed_external_redirect_urls": [],
                "default_provider": "",
                "enabled": false,
                "facebook": [],
                "google": [],
                "issuer": "",
                "microsoft": [],
                "runtime_version": "",
                "token_refresh_extension_hours": 0,
                "token_store_enabled": false,
                "twitter": [],
                "unauthenticated_client_action": ""
              }
            ],
            "backup": [],
            "client_affinity_enabled": false,
            "client_cert_enabled": false,
            "connection_string": [],
            "custom_domain_verification_id": "E0A30A4888649FB17207C99E2F878643A66175BB756A7E21D963818529CA90D8",
            "default_site_hostname": "fitmspdevshared-web-app.azurewebsites.net",
            "enabled": true,
            "https_only": false,
            "id": "/subscriptions/bc6eadfd-393d-4e9e-8140-4fe9bfd772fc/resourceGroups/azrgpsoan0003/providers/Microsoft.Web/sites/fitmspdevshared-web-app",
            "identity": [],
            "key_vault_reference_identity_id": "SystemAssigned",
            "location": "westeurope",
            "logs": [
              {
                "application_logs": [
                  {
                    "azure_blob_storage": [],
                    "file_system_level": "Off"
                  }
                ],
                "detailed_error_messages_enabled": false,
                "failed_request_tracing_enabled": false,
                "http_logs": [
                  {
                    "azure_blob_storage": [],
                    "file_system": []
                  }
                ]
              }
            ],
            "name": "fitmspdevshared-web-app",
            "outbound_ip_address_list": [
              "20.54.238.69",
              "20.54.238.78",
              "20.54.238.100",
              "20.54.238.135",
              "20.54.239.43",
              "20.54.239.111",
              "20.50.2.22"
            ],
            "outbound_ip_addresses": "20.54.238.69,20.54.238.78,20.54.238.100,20.54.238.135,20.54.239.43,20.54.239.111,20.50.2.22",
            "possible_outbound_ip_address_list": [
              "20.54.233.75",
              "51.138.94.65",
              "20.54.234.79",
              "20.54.234.174",
              "20.54.235.123",
              "20.54.236.6",
              "20.54.236.152",
              "20.54.237.131",
              "20.54.238.23",
              "20.54.238.26",
              "20.54.238.42",
              "51.137.12.245",
              "20.54.238.69",
              "20.54.238.78",
              "20.54.238.100",
              "20.54.238.135",
              "20.54.239.43",
              "20.54.239.111",
              "20.56.184.116",
              "20.56.184.198",
              "20.56.184.212",
              "20.56.185.12",
              "20.56.185.75",
              "20.56.186.5",
              "20.56.186.59",
              "20.56.186.180",
              "20.56.186.209",
              "51.137.13.199",
              "51.137.13.216",
              "51.137.14.36",
              "20.50.2.22"
            ],
            "possible_outbound_ip_addresses": "20.54.233.75,51.138.94.65,20.54.234.79,20.54.234.174,20.54.235.123,20.54.236.6,20.54.236.152,20.54.237.131,20.54.238.23,20.54.238.26,20.54.238.42,51.137.12.245,20.54.238.69,20.54.238.78,20.54.238.100,20.54.238.135,20.54.239.43,20.54.239.111,20.56.184.116,20.56.184.198,20.56.184.212,20.56.185.12,20.56.185.75,20.56.186.5,20.56.186.59,20.56.186.180,20.56.186.209,51.137.13.199,51.137.13.216,51.137.14.36,20.50.2.22",
            "resource_group_name": "azrgpsoan0003",
            "site_config": [
              {
                "acr_use_managed_identity_credentials": false,
                "acr_user_managed_identity_client_id": "",
                "always_on": false,
                "app_command_line": "",
                "auto_swap_slot_name": "",
                "cors": [],
                "default_documents": [
                  "Default.htm",
                  "Default.html",
                  "Default.asp",
                  "index.htm",
                  "index.html",
                  "iisstart.htm",
                  "default.aspx",
                  "index.php",
                  "hostingstart.html"
                ],
                "dotnet_framework_version": "v4.0",
                "ftps_state": "AllAllowed",
                "health_check_path": "",
                "http2_enabled": false,
                "ip_restriction": [],
                "java_container": "",
                "java_container_version": "",
                "java_version": "",
                "linux_fx_version": "",
                "local_mysql_enabled": false,
                "managed_pipeline_mode": "Integrated",
                "min_tls_version": "1.2",
                "number_of_workers": 1,
                "php_version": "5.6",
                "python_version": "",
                "remote_debugging_enabled": false,
                "remote_debugging_version": "",
                "scm_ip_restriction": [],
                "scm_type": "None",
                "scm_use_main_ip_restriction": false,
                "use_32_bit_worker_process": true,
                "vnet_route_all_enabled": false,
                "websockets_enabled": false,
                "windows_fx_version": ""
              }
            ],
            "site_credential": [
              {
                "password": "ZaKzQhYwWFeok799PHNBrxtYDnBqqNXYMmuQq5xy3ynXW60ou4urjQ4qbn3B",
                "username": "$fitmspdevshared-web-app"
              }
            ],
            "source_control": [
              {
                "branch": "master",
                "manual_integration": false,
                "repo_url": "",
                "rollback_enabled": false,
                "use_mercurial": false
              }
            ],
            "storage_account": [],
            "tags": {
              "Application": "FIT",
              "Environment": "Dev",
              "Role": "APP",
              "costcenter": ""
            },
            "timeouts": null
          },
          "sensitive_attributes": [],
          "private": "eyJlMmJmYjczMC1lY2FhLTExZTYtOGY4OC0zNDM2M2JjN2M0YzAiOnsiY3JlYXRlIjoxODAwMDAwMDAwMDAwLCJkZWxldGUiOjE4MDAwMDAwMDAwMDAsInJlYWQiOjMwMDAwMDAwMDAwMCwidXBkYXRlIjoxODAwMDAwMDAwMDAwfX0=",
          "dependencies": [
            "azurerm_app_service_plan.fit_dev_asp",
            "azurerm_resource_group.rg-fit-dev"
          ]
        }
      ]
    },
    {
      "mode": "managed",
      "type": "azurerm_app_service",
      "name": "fit_sit",
      "provider": "provider[\"registry.terraform.io/hashicorp/azurerm\"]",
      "instances": [
        {
          "index_key": "fitmspsit",
          "schema_version": 0,
          "attributes": {
            "app_service_plan_id": "/subscriptions/bc6eadfd-393d-4e9e-8140-4fe9bfd772fc/resourceGroups/azrgpsoan0003/providers/Microsoft.Web/serverfarms/fit_sit-asp",
            "app_settings": {
              "platform": "value"
            },
            "auth_settings": [
              {
                "active_directory": [],
                "additional_login_params": {},
                "allowed_external_redirect_urls": [],
                "default_provider": "",
                "enabled": false,
                "facebook": [],
                "google": [],
                "issuer": "",
                "microsoft": [],
                "runtime_version": "",
                "token_refresh_extension_hours": 0,
                "token_store_enabled": false,
                "twitter": [],
                "unauthenticated_client_action": ""
              }
            ],
            "backup": [],
            "client_affinity_enabled": false,
            "client_cert_enabled": false,
            "connection_string": [],
            "custom_domain_verification_id": "E0A30A4888649FB17207C99E2F878643A66175BB756A7E21D963818529CA90D8",
            "default_site_hostname": "fitmspsit-web-app.azurewebsites.net",
            "enabled": true,
            "https_only": false,
            "id": "/subscriptions/bc6eadfd-393d-4e9e-8140-4fe9bfd772fc/resourceGroups/azrgpsoan0003/providers/Microsoft.Web/sites/fitmspsit-web-app",
            "identity": [],
            "key_vault_reference_identity_id": "SystemAssigned",
            "location": "westeurope",
            "logs": [
              {
                "application_logs": [
                  {
                    "azure_blob_storage": [],
                    "file_system_level": "Off"
                  }
                ],
                "detailed_error_messages_enabled": false,
                "failed_request_tracing_enabled": false,
                "http_logs": [
                  {
                    "azure_blob_storage": [],
                    "file_system": []
                  }
                ]
              }
            ],
            "name": "fitmspsit-web-app",
            "outbound_ip_address_list": [
              "20.54.238.69",
              "20.54.238.78",
              "20.54.238.100",
              "20.54.238.135",
              "20.54.239.43",
              "20.54.239.111",
              "20.50.2.22"
            ],
            "outbound_ip_addresses": "20.54.238.69,20.54.238.78,20.54.238.100,20.54.238.135,20.54.239.43,20.54.239.111,20.50.2.22",
            "possible_outbound_ip_address_list": [
              "20.54.233.75",
              "51.138.94.65",
              "20.54.234.79",
              "20.54.234.174",
              "20.54.235.123",
              "20.54.236.6",
              "20.54.236.152",
              "20.54.237.131",
              "20.54.238.23",
              "20.54.238.26",
              "20.54.238.42",
              "51.137.12.245",
              "20.54.238.69",
              "20.54.238.78",
              "20.54.238.100",
              "20.54.238.135",
              "20.54.239.43",
              "20.54.239.111",
              "20.56.184.116",
              "20.56.184.198",
              "20.56.184.212",
              "20.56.185.12",
              "20.56.185.75",
              "20.56.186.5",
              "20.56.186.59",
              "20.56.186.180",
              "20.56.186.209",
              "51.137.13.199",
              "51.137.13.216",
              "51.137.14.36",
              "20.50.2.22"
            ],
            "possible_outbound_ip_addresses": "20.54.233.75,51.138.94.65,20.54.234.79,20.54.234.174,20.54.235.123,20.54.236.6,20.54.236.152,20.54.237.131,20.54.238.23,20.54.238.26,20.54.238.42,51.137.12.245,20.54.238.69,20.54.238.78,20.54.238.100,20.54.238.135,20.54.239.43,20.54.239.111,20.56.184.116,20.56.184.198,20.56.184.212,20.56.185.12,20.56.185.75,20.56.186.5,20.56.186.59,20.56.186.180,20.56.186.209,51.137.13.199,51.137.13.216,51.137.14.36,20.50.2.22",
            "resource_group_name": "azrgpsoan0003",
            "site_config": [
              {
                "acr_use_managed_identity_credentials": false,
                "acr_user_managed_identity_client_id": "",
                "always_on": false,
                "app_command_line": "",
                "auto_swap_slot_name": "",
                "cors": [],
                "default_documents": [
                  "Default.htm",
                  "Default.html",
                  "Default.asp",
                  "index.htm",
                  "index.html",
                  "iisstart.htm",
                  "default.aspx",
                  "index.php",
                  "hostingstart.html"
                ],
                "dotnet_framework_version": "v4.0",
                "ftps_state": "AllAllowed",
                "health_check_path": "",
                "http2_enabled": false,
                "ip_restriction": [],
                "java_container": "",
                "java_container_version": "",
                "java_version": "",
                "linux_fx_version": "",
                "local_mysql_enabled": false,
                "managed_pipeline_mode": "Integrated",
                "min_tls_version": "1.2",
                "number_of_workers": 1,
                "php_version": "5.6",
                "python_version": "",
                "remote_debugging_enabled": false,
                "remote_debugging_version": "",
                "scm_ip_restriction": [],
                "scm_type": "None",
                "scm_use_main_ip_restriction": false,
                "use_32_bit_worker_process": true,
                "vnet_route_all_enabled": false,
                "websockets_enabled": false,
                "windows_fx_version": ""
              }
            ],
            "site_credential": [
              {
                "password": "nyTdCughHQ03zwcnxJefDjNse2E2QPoyf9cs1eMAahCnXAub6ziEtGnxrvFz",
                "username": "$fitmspsit-web-app"
              }
            ],
            "source_control": [
              {
                "branch": "master",
                "manual_integration": false,
                "repo_url": "",
                "rollback_enabled": false,
                "use_mercurial": false
              }
            ],
            "storage_account": [],
            "tags": {
              "Application": "FIT",
              "Environment": "Dev",
              "Role": "APP",
              "costcenter": ""
            },
            "timeouts": null
          },
          "sensitive_attributes": [],
          "private": "eyJlMmJmYjczMC1lY2FhLTExZTYtOGY4OC0zNDM2M2JjN2M0YzAiOnsiY3JlYXRlIjoxODAwMDAwMDAwMDAwLCJkZWxldGUiOjE4MDAwMDAwMDAwMDAsInJlYWQiOjMwMDAwMDAwMDAwMCwidXBkYXRlIjoxODAwMDAwMDAwMDAwfX0=",
          "dependencies": [
            "azurerm_app_service_plan.fit_sit_asp",
            "azurerm_resource_group.rg-fit-dev"
          ]
        },
        {
          "index_key": "fitmspsitfit",
          "schema_version": 0,
          "attributes": {
            "app_service_plan_id": "/subscriptions/bc6eadfd-393d-4e9e-8140-4fe9bfd772fc/resourceGroups/azrgpsoan0003/providers/Microsoft.Web/serverfarms/fit_sit-asp",
            "app_settings": {
              "platform": "value"
            },
            "auth_settings": [
              {
                "active_directory": [],
                "additional_login_params": {},
                "allowed_external_redirect_urls": [],
                "default_provider": "",
                "enabled": false,
                "facebook": [],
                "google": [],
                "issuer": "",
                "microsoft": [],
                "runtime_version": "",
                "token_refresh_extension_hours": 0,
                "token_store_enabled": false,
                "twitter": [],
                "unauthenticated_client_action": ""
              }
            ],
            "backup": [],
            "client_affinity_enabled": false,
            "client_cert_enabled": false,
            "connection_string": [],
            "custom_domain_verification_id": "E0A30A4888649FB17207C99E2F878643A66175BB756A7E21D963818529CA90D8",
            "default_site_hostname": "fitmspsitfit-web-app.azurewebsites.net",
            "enabled": true,
            "https_only": false,
            "id": "/subscriptions/bc6eadfd-393d-4e9e-8140-4fe9bfd772fc/resourceGroups/azrgpsoan0003/providers/Microsoft.Web/sites/fitmspsitfit-web-app",
            "identity": [],
            "key_vault_reference_identity_id": "SystemAssigned",
            "location": "westeurope",
            "logs": [
              {
                "application_logs": [
                  {
                    "azure_blob_storage": [],
                    "file_system_level": "Off"
                  }
                ],
                "detailed_error_messages_enabled": false,
                "failed_request_tracing_enabled": false,
                "http_logs": [
                  {
                    "azure_blob_storage": [],
                    "file_system": []
                  }
                ]
              }
            ],
            "name": "fitmspsitfit-web-app",
            "outbound_ip_address_list": [
              "20.54.238.69",
              "20.54.238.78",
              "20.54.238.100",
              "20.54.238.135",
              "20.54.239.43",
              "20.54.239.111",
              "20.50.2.22"
            ],
            "outbound_ip_addresses": "20.54.238.69,20.54.238.78,20.54.238.100,20.54.238.135,20.54.239.43,20.54.239.111,20.50.2.22",
            "possible_outbound_ip_address_list": [
              "20.54.233.75",
              "51.138.94.65",
              "20.54.234.79",
              "20.54.234.174",
              "20.54.235.123",
              "20.54.236.6",
              "20.54.236.152",
              "20.54.237.131",
              "20.54.238.23",
              "20.54.238.26",
              "20.54.238.42",
              "51.137.12.245",
              "20.54.238.69",
              "20.54.238.78",
              "20.54.238.100",
              "20.54.238.135",
              "20.54.239.43",
              "20.54.239.111",
              "20.56.184.116",
              "20.56.184.198",
              "20.56.184.212",
              "20.56.185.12",
              "20.56.185.75",
              "20.56.186.5",
              "20.56.186.59",
              "20.56.186.180",
              "20.56.186.209",
              "51.137.13.199",
              "51.137.13.216",
              "51.137.14.36",
              "20.50.2.22"
            ],
            "possible_outbound_ip_addresses": "20.54.233.75,51.138.94.65,20.54.234.79,20.54.234.174,20.54.235.123,20.54.236.6,20.54.236.152,20.54.237.131,20.54.238.23,20.54.238.26,20.54.238.42,51.137.12.245,20.54.238.69,20.54.238.78,20.54.238.100,20.54.238.135,20.54.239.43,20.54.239.111,20.56.184.116,20.56.184.198,20.56.184.212,20.56.185.12,20.56.185.75,20.56.186.5,20.56.186.59,20.56.186.180,20.56.186.209,51.137.13.199,51.137.13.216,51.137.14.36,20.50.2.22",
            "resource_group_name": "azrgpsoan0003",
            "site_config": [
              {
                "acr_use_managed_identity_credentials": false,
                "acr_user_managed_identity_client_id": "",
                "always_on": false,
                "app_command_line": "",
                "auto_swap_slot_name": "",
                "cors": [],
                "default_documents": [
                  "Default.htm",
                  "Default.html",
                  "Default.asp",
                  "index.htm",
                  "index.html",
                  "iisstart.htm",
                  "default.aspx",
                  "index.php",
                  "hostingstart.html"
                ],
                "dotnet_framework_version": "v4.0",
                "ftps_state": "AllAllowed",
                "health_check_path": "",
                "http2_enabled": false,
                "ip_restriction": [],
                "java_container": "",
                "java_container_version": "",
                "java_version": "",
                "linux_fx_version": "",
                "local_mysql_enabled": false,
                "managed_pipeline_mode": "Integrated",
                "min_tls_version": "1.2",
                "number_of_workers": 1,
                "php_version": "5.6",
                "python_version": "",
                "remote_debugging_enabled": false,
                "remote_debugging_version": "",
                "scm_ip_restriction": [],
                "scm_type": "None",
                "scm_use_main_ip_restriction": false,
                "use_32_bit_worker_process": true,
                "vnet_route_all_enabled": false,
                "websockets_enabled": false,
                "windows_fx_version": ""
              }
            ],
            "site_credential": [
              {
                "password": "FWMhFnF4qrpY4E3g3msfq7gFfJGDuHl5C9eP8uzyHZM0nDkkWQBAsPLnFpru",
                "username": "$fitmspsitfit-web-app"
              }
            ],
            "source_control": [
              {
                "branch": "master",
                "manual_integration": false,
                "repo_url": "",
                "rollback_enabled": false,
                "use_mercurial": false
              }
            ],
            "storage_account": [],
            "tags": {
              "Application": "FIT",
              "Environment": "Dev",
              "Role": "APP",
              "costcenter": ""
            },
            "timeouts": null
          },
          "sensitive_attributes": [],
          "private": "eyJlMmJmYjczMC1lY2FhLTExZTYtOGY4OC0zNDM2M2JjN2M0YzAiOnsiY3JlYXRlIjoxODAwMDAwMDAwMDAwLCJkZWxldGUiOjE4MDAwMDAwMDAwMDAsInJlYWQiOjMwMDAwMDAwMDAwMCwidXBkYXRlIjoxODAwMDAwMDAwMDAwfX0=",
          "dependencies": [
            "azurerm_app_service_plan.fit_sit_asp",
            "azurerm_resource_group.rg-fit-dev"
          ]
        },
        {
          "index_key": "fitmspsitpatch",
          "schema_version": 0,
          "attributes": {
            "app_service_plan_id": "/subscriptions/bc6eadfd-393d-4e9e-8140-4fe9bfd772fc/resourceGroups/azrgpsoan0003/providers/Microsoft.Web/serverfarms/fit_sit-asp",
            "app_settings": {
              "platform": "value"
            },
            "auth_settings": [
              {
                "active_directory": [],
                "additional_login_params": {},
                "allowed_external_redirect_urls": [],
                "default_provider": "",
                "enabled": false,
                "facebook": [],
                "google": [],
                "issuer": "",
                "microsoft": [],
                "runtime_version": "",
                "token_refresh_extension_hours": 0,
                "token_store_enabled": false,
                "twitter": [],
                "unauthenticated_client_action": ""
              }
            ],
            "backup": [],
            "client_affinity_enabled": false,
            "client_cert_enabled": false,
            "connection_string": [],
            "custom_domain_verification_id": "E0A30A4888649FB17207C99E2F878643A66175BB756A7E21D963818529CA90D8",
            "default_site_hostname": "fitmspsitpatch-web-app.azurewebsites.net",
            "enabled": true,
            "https_only": false,
            "id": "/subscriptions/bc6eadfd-393d-4e9e-8140-4fe9bfd772fc/resourceGroups/azrgpsoan0003/providers/Microsoft.Web/sites/fitmspsitpatch-web-app",
            "identity": [],
            "key_vault_reference_identity_id": "SystemAssigned",
            "location": "westeurope",
            "logs": [
              {
                "application_logs": [
                  {
                    "azure_blob_storage": [],
                    "file_system_level": "Off"
                  }
                ],
                "detailed_error_messages_enabled": false,
                "failed_request_tracing_enabled": false,
                "http_logs": [
                  {
                    "azure_blob_storage": [],
                    "file_system": []
                  }
                ]
              }
            ],
            "name": "fitmspsitpatch-web-app",
            "outbound_ip_address_list": [
              "20.54.238.69",
              "20.54.238.78",
              "20.54.238.100",
              "20.54.238.135",
              "20.54.239.43",
              "20.54.239.111",
              "20.50.2.22"
            ],
            "outbound_ip_addresses": "20.54.238.69,20.54.238.78,20.54.238.100,20.54.238.135,20.54.239.43,20.54.239.111,20.50.2.22",
            "possible_outbound_ip_address_list": [
              "20.54.233.75",
              "51.138.94.65",
              "20.54.234.79",
              "20.54.234.174",
              "20.54.235.123",
              "20.54.236.6",
              "20.54.236.152",
              "20.54.237.131",
              "20.54.238.23",
              "20.54.238.26",
              "20.54.238.42",
              "51.137.12.245",
              "20.54.238.69",
              "20.54.238.78",
              "20.54.238.100",
              "20.54.238.135",
              "20.54.239.43",
              "20.54.239.111",
              "20.56.184.116",
              "20.56.184.198",
              "20.56.184.212",
              "20.56.185.12",
              "20.56.185.75",
              "20.56.186.5",
              "20.56.186.59",
              "20.56.186.180",
              "20.56.186.209",
              "51.137.13.199",
              "51.137.13.216",
              "51.137.14.36",
              "20.50.2.22"
            ],
            "possible_outbound_ip_addresses": "20.54.233.75,51.138.94.65,20.54.234.79,20.54.234.174,20.54.235.123,20.54.236.6,20.54.236.152,20.54.237.131,20.54.238.23,20.54.238.26,20.54.238.42,51.137.12.245,20.54.238.69,20.54.238.78,20.54.238.100,20.54.238.135,20.54.239.43,20.54.239.111,20.56.184.116,20.56.184.198,20.56.184.212,20.56.185.12,20.56.185.75,20.56.186.5,20.56.186.59,20.56.186.180,20.56.186.209,51.137.13.199,51.137.13.216,51.137.14.36,20.50.2.22",
            "resource_group_name": "azrgpsoan0003",
            "site_config": [
              {
                "acr_use_managed_identity_credentials": false,
                "acr_user_managed_identity_client_id": "",
                "always_on": false,
                "app_command_line": "",
                "auto_swap_slot_name": "",
                "cors": [],
                "default_documents": [
                  "Default.htm",
                  "Default.html",
                  "Default.asp",
                  "index.htm",
                  "index.html",
                  "iisstart.htm",
                  "default.aspx",
                  "index.php",
                  "hostingstart.html"
                ],
                "dotnet_framework_version": "v4.0",
                "ftps_state": "AllAllowed",
                "health_check_path": "",
                "http2_enabled": false,
                "ip_restriction": [],
                "java_container": "",
                "java_container_version": "",
                "java_version": "",
                "linux_fx_version": "",
                "local_mysql_enabled": false,
                "managed_pipeline_mode": "Integrated",
                "min_tls_version": "1.2",
                "number_of_workers": 1,
                "php_version": "5.6",
                "python_version": "",
                "remote_debugging_enabled": false,
                "remote_debugging_version": "",
                "scm_ip_restriction": [],
                "scm_type": "None",
                "scm_use_main_ip_restriction": false,
                "use_32_bit_worker_process": true,
                "vnet_route_all_enabled": false,
                "websockets_enabled": false,
                "windows_fx_version": ""
              }
            ],
            "site_credential": [
              {
                "password": "kmphX6xD7dqd0l1aH601nxMGvKwRiuhPuwxAHvsH1LtuCdg5JhtmjoQ5qz6Q",
                "username": "$fitmspsitpatch-web-app"
              }
            ],
            "source_control": [
              {
                "branch": "master",
                "manual_integration": false,
                "repo_url": "",
                "rollback_enabled": false,
                "use_mercurial": false
              }
            ],
            "storage_account": [],
            "tags": {
              "Application": "FIT",
              "Environment": "Dev",
              "Role": "APP",
              "costcenter": ""
            },
            "timeouts": null
          },
          "sensitive_attributes": [],
          "private": "eyJlMmJmYjczMC1lY2FhLTExZTYtOGY4OC0zNDM2M2JjN2M0YzAiOnsiY3JlYXRlIjoxODAwMDAwMDAwMDAwLCJkZWxldGUiOjE4MDAwMDAwMDAwMDAsInJlYWQiOjMwMDAwMDAwMDAwMCwidXBkYXRlIjoxODAwMDAwMDAwMDAwfX0=",
          "dependencies": [
            "azurerm_app_service_plan.fit_sit_asp",
            "azurerm_resource_group.rg-fit-dev"
          ]
        },
        {
          "index_key": "fitmspsitshared",
          "schema_version": 0,
          "attributes": {
            "app_service_plan_id": "/subscriptions/bc6eadfd-393d-4e9e-8140-4fe9bfd772fc/resourceGroups/azrgpsoan0003/providers/Microsoft.Web/serverfarms/fit_sit-asp",
            "app_settings": {
              "platform": "value"
            },
            "auth_settings": [
              {
                "active_directory": [],
                "additional_login_params": {},
                "allowed_external_redirect_urls": [],
                "default_provider": "",
                "enabled": false,
                "facebook": [],
                "google": [],
                "issuer": "",
                "microsoft": [],
                "runtime_version": "",
                "token_refresh_extension_hours": 0,
                "token_store_enabled": false,
                "twitter": [],
                "unauthenticated_client_action": ""
              }
            ],
            "backup": [],
            "client_affinity_enabled": false,
            "client_cert_enabled": false,
            "connection_string": [],
            "custom_domain_verification_id": "E0A30A4888649FB17207C99E2F878643A66175BB756A7E21D963818529CA90D8",
            "default_site_hostname": "fitmspsitshared-web-app.azurewebsites.net",
            "enabled": true,
            "https_only": false,
            "id": "/subscriptions/bc6eadfd-393d-4e9e-8140-4fe9bfd772fc/resourceGroups/azrgpsoan0003/providers/Microsoft.Web/sites/fitmspsitshared-web-app",
            "identity": [],
            "key_vault_reference_identity_id": "SystemAssigned",
            "location": "westeurope",
            "logs": [
              {
                "application_logs": [
                  {
                    "azure_blob_storage": [],
                    "file_system_level": "Off"
                  }
                ],
                "detailed_error_messages_enabled": false,
                "failed_request_tracing_enabled": false,
                "http_logs": [
                  {
                    "azure_blob_storage": [],
                    "file_system": []
                  }
                ]
              }
            ],
            "name": "fitmspsitshared-web-app",
            "outbound_ip_address_list": [
              "20.54.238.69",
              "20.54.238.78",
              "20.54.238.100",
              "20.54.238.135",
              "20.54.239.43",
              "20.54.239.111",
              "20.50.2.22"
            ],
            "outbound_ip_addresses": "20.54.238.69,20.54.238.78,20.54.238.100,20.54.238.135,20.54.239.43,20.54.239.111,20.50.2.22",
            "possible_outbound_ip_address_list": [
              "20.54.233.75",
              "51.138.94.65",
              "20.54.234.79",
              "20.54.234.174",
              "20.54.235.123",
              "20.54.236.6",
              "20.54.236.152",
              "20.54.237.131",
              "20.54.238.23",
              "20.54.238.26",
              "20.54.238.42",
              "51.137.12.245",
              "20.54.238.69",
              "20.54.238.78",
              "20.54.238.100",
              "20.54.238.135",
              "20.54.239.43",
              "20.54.239.111",
              "20.56.184.116",
              "20.56.184.198",
              "20.56.184.212",
              "20.56.185.12",
              "20.56.185.75",
              "20.56.186.5",
              "20.56.186.59",
              "20.56.186.180",
              "20.56.186.209",
              "51.137.13.199",
              "51.137.13.216",
              "51.137.14.36",
              "20.50.2.22"
            ],
            "possible_outbound_ip_addresses": "20.54.233.75,51.138.94.65,20.54.234.79,20.54.234.174,20.54.235.123,20.54.236.6,20.54.236.152,20.54.237.131,20.54.238.23,20.54.238.26,20.54.238.42,51.137.12.245,20.54.238.69,20.54.238.78,20.54.238.100,20.54.238.135,20.54.239.43,20.54.239.111,20.56.184.116,20.56.184.198,20.56.184.212,20.56.185.12,20.56.185.75,20.56.186.5,20.56.186.59,20.56.186.180,20.56.186.209,51.137.13.199,51.137.13.216,51.137.14.36,20.50.2.22",
            "resource_group_name": "azrgpsoan0003",
            "site_config": [
              {
                "acr_use_managed_identity_credentials": false,
                "acr_user_managed_identity_client_id": "",
                "always_on": false,
                "app_command_line": "",
                "auto_swap_slot_name": "",
                "cors": [],
                "default_documents": [
                  "Default.htm",
                  "Default.html",
                  "Default.asp",
                  "index.htm",
                  "index.html",
                  "iisstart.htm",
                  "default.aspx",
                  "index.php",
                  "hostingstart.html"
                ],
                "dotnet_framework_version": "v4.0",
                "ftps_state": "AllAllowed",
                "health_check_path": "",
                "http2_enabled": false,
                "ip_restriction": [],
                "java_container": "",
                "java_container_version": "",
                "java_version": "",
                "linux_fx_version": "",
                "local_mysql_enabled": false,
                "managed_pipeline_mode": "Integrated",
                "min_tls_version": "1.2",
                "number_of_workers": 1,
                "php_version": "5.6",
                "python_version": "",
                "remote_debugging_enabled": false,
                "remote_debugging_version": "",
                "scm_ip_restriction": [],
                "scm_type": "None",
                "scm_use_main_ip_restriction": false,
                "use_32_bit_worker_process": true,
                "vnet_route_all_enabled": false,
                "websockets_enabled": false,
                "windows_fx_version": ""
              }
            ],
            "site_credential": [
              {
                "password": "kmo1DjCAvdBd8cGYNcgx94ta5pFdbgcg0w8fCKcHpLxuldqR1sMoBToYqxXT",
                "username": "$fitmspsitshared-web-app"
              }
            ],
            "source_control": [
              {
                "branch": "master",
                "manual_integration": false,
                "repo_url": "",
                "rollback_enabled": false,
                "use_mercurial": false
              }
            ],
            "storage_account": [],
            "tags": {
              "Application": "FIT",
              "Environment": "Dev",
              "Role": "APP",
              "costcenter": ""
            },
            "timeouts": null
          },
          "sensitive_attributes": [],
          "private": "eyJlMmJmYjczMC1lY2FhLTExZTYtOGY4OC0zNDM2M2JjN2M0YzAiOnsiY3JlYXRlIjoxODAwMDAwMDAwMDAwLCJkZWxldGUiOjE4MDAwMDAwMDAwMDAsInJlYWQiOjMwMDAwMDAwMDAwMCwidXBkYXRlIjoxODAwMDAwMDAwMDAwfX0=",
          "dependencies": [
            "azurerm_app_service_plan.fit_sit_asp",
            "azurerm_resource_group.rg-fit-dev"
          ]
        },
        {
          "index_key": "fitsoasit",
          "schema_version": 0,
          "attributes": {
            "app_service_plan_id": "/subscriptions/bc6eadfd-393d-4e9e-8140-4fe9bfd772fc/resourceGroups/azrgpsoan0003/providers/Microsoft.Web/serverfarms/fit_sit-asp",
            "app_settings": {
              "platform": "value"
            },
            "auth_settings": [
              {
                "active_directory": [],
                "additional_login_params": {},
                "allowed_external_redirect_urls": [],
                "default_provider": "",
                "enabled": false,
                "facebook": [],
                "google": [],
                "issuer": "",
                "microsoft": [],
                "runtime_version": "",
                "token_refresh_extension_hours": 0,
                "token_store_enabled": false,
                "twitter": [],
                "unauthenticated_client_action": ""
              }
            ],
            "backup": [],
            "client_affinity_enabled": false,
            "client_cert_enabled": false,
            "connection_string": [],
            "custom_domain_verification_id": "E0A30A4888649FB17207C99E2F878643A66175BB756A7E21D963818529CA90D8",
            "default_site_hostname": "fitsoasit-web-app.azurewebsites.net",
            "enabled": true,
            "https_only": false,
            "id": "/subscriptions/bc6eadfd-393d-4e9e-8140-4fe9bfd772fc/resourceGroups/azrgpsoan0003/providers/Microsoft.Web/sites/fitsoasit-web-app",
            "identity": [],
            "key_vault_reference_identity_id": "SystemAssigned",
            "location": "westeurope",
            "logs": [
              {
                "application_logs": [
                  {
                    "azure_blob_storage": [],
                    "file_system_level": "Off"
                  }
                ],
                "detailed_error_messages_enabled": false,
                "failed_request_tracing_enabled": false,
                "http_logs": [
                  {
                    "azure_blob_storage": [],
                    "file_system": []
                  }
                ]
              }
            ],
            "name": "fitsoasit-web-app",
            "outbound_ip_address_list": [
              "20.54.238.69",
              "20.54.238.78",
              "20.54.238.100",
              "20.54.238.135",
              "20.54.239.43",
              "20.54.239.111",
              "20.50.2.22"
            ],
            "outbound_ip_addresses": "20.54.238.69,20.54.238.78,20.54.238.100,20.54.238.135,20.54.239.43,20.54.239.111,20.50.2.22",
            "possible_outbound_ip_address_list": [
              "20.54.233.75",
              "51.138.94.65",
              "20.54.234.79",
              "20.54.234.174",
              "20.54.235.123",
              "20.54.236.6",
              "20.54.236.152",
              "20.54.237.131",
              "20.54.238.23",
              "20.54.238.26",
              "20.54.238.42",
              "51.137.12.245",
              "20.54.238.69",
              "20.54.238.78",
              "20.54.238.100",
              "20.54.238.135",
              "20.54.239.43",
              "20.54.239.111",
              "20.56.184.116",
              "20.56.184.198",
              "20.56.184.212",
              "20.56.185.12",
              "20.56.185.75",
              "20.56.186.5",
              "20.56.186.59",
              "20.56.186.180",
              "20.56.186.209",
              "51.137.13.199",
              "51.137.13.216",
              "51.137.14.36",
              "20.50.2.22"
            ],
            "possible_outbound_ip_addresses": "20.54.233.75,51.138.94.65,20.54.234.79,20.54.234.174,20.54.235.123,20.54.236.6,20.54.236.152,20.54.237.131,20.54.238.23,20.54.238.26,20.54.238.42,51.137.12.245,20.54.238.69,20.54.238.78,20.54.238.100,20.54.238.135,20.54.239.43,20.54.239.111,20.56.184.116,20.56.184.198,20.56.184.212,20.56.185.12,20.56.185.75,20.56.186.5,20.56.186.59,20.56.186.180,20.56.186.209,51.137.13.199,51.137.13.216,51.137.14.36,20.50.2.22",
            "resource_group_name": "azrgpsoan0003",
            "site_config": [
              {
                "acr_use_managed_identity_credentials": false,
                "acr_user_managed_identity_client_id": "",
                "always_on": false,
                "app_command_line": "",
                "auto_swap_slot_name": "",
                "cors": [],
                "default_documents": [
                  "Default.htm",
                  "Default.html",
                  "Default.asp",
                  "index.htm",
                  "index.html",
                  "iisstart.htm",
                  "default.aspx",
                  "index.php",
                  "hostingstart.html"
                ],
                "dotnet_framework_version": "v4.0",
                "ftps_state": "AllAllowed",
                "health_check_path": "",
                "http2_enabled": false,
                "ip_restriction": [],
                "java_container": "",
                "java_container_version": "",
                "java_version": "",
                "linux_fx_version": "",
                "local_mysql_enabled": false,
                "managed_pipeline_mode": "Integrated",
                "min_tls_version": "1.2",
                "number_of_workers": 1,
                "php_version": "5.6",
                "python_version": "",
                "remote_debugging_enabled": false,
                "remote_debugging_version": "",
                "scm_ip_restriction": [],
                "scm_type": "None",
                "scm_use_main_ip_restriction": false,
                "use_32_bit_worker_process": true,
                "vnet_route_all_enabled": false,
                "websockets_enabled": false,
                "windows_fx_version": ""
              }
            ],
            "site_credential": [
              {
                "password": "jlGEaa9lX1WX0avsDQTAkgCdTbcKnKl5aAWw9LprToW06NuaJ4t8mWeod0Bs",
                "username": "$fitsoasit-web-app"
              }
            ],
            "source_control": [
              {
                "branch": "master",
                "manual_integration": false,
                "repo_url": "",
                "rollback_enabled": false,
                "use_mercurial": false
              }
            ],
            "storage_account": [],
            "tags": {
              "Application": "FIT",
              "Environment": "Dev",
              "Role": "APP",
              "costcenter": ""
            },
            "timeouts": null
          },
          "sensitive_attributes": [],
          "private": "eyJlMmJmYjczMC1lY2FhLTExZTYtOGY4OC0zNDM2M2JjN2M0YzAiOnsiY3JlYXRlIjoxODAwMDAwMDAwMDAwLCJkZWxldGUiOjE4MDAwMDAwMDAwMDAsInJlYWQiOjMwMDAwMDAwMDAwMCwidXBkYXRlIjoxODAwMDAwMDAwMDAwfX0=",
          "dependencies": [
            "azurerm_app_service_plan.fit_sit_asp",
            "azurerm_resource_group.rg-fit-dev"
          ]
        }
      ]
    },
    {
      "mode": "managed",
      "type": "azurerm_app_service",
      "name": "ptc_dev",
      "provider": "provider[\"registry.terraform.io/hashicorp/azurerm\"]",
      "instances": [
        {
          "index_key": "ptcmspdev",
          "schema_version": 0,
          "attributes": {
            "app_service_plan_id": "/subscriptions/bc6eadfd-393d-4e9e-8140-4fe9bfd772fc/resourceGroups/azrgpsoan0005/providers/Microsoft.Web/serverfarms/ptc_dev-asp",
            "app_settings": {
              "platform": "value"
            },
            "auth_settings": [
              {
                "active_directory": [],
                "additional_login_params": {},
                "allowed_external_redirect_urls": [],
                "default_provider": "",
                "enabled": false,
                "facebook": [],
                "google": [],
                "issuer": "",
                "microsoft": [],
                "runtime_version": "",
                "token_refresh_extension_hours": 0,
                "token_store_enabled": false,
                "twitter": [],
                "unauthenticated_client_action": ""
              }
            ],
            "backup": [],
            "client_affinity_enabled": false,
            "client_cert_enabled": false,
            "connection_string": [],
            "custom_domain_verification_id": "E0A30A4888649FB17207C99E2F878643A66175BB756A7E21D963818529CA90D8",
            "default_site_hostname": "ptcmspdev-web-app.azurewebsites.net",
            "enabled": true,
            "https_only": false,
            "id": "/subscriptions/bc6eadfd-393d-4e9e-8140-4fe9bfd772fc/resourceGroups/azrgpsoan0005/providers/Microsoft.Web/sites/ptcmspdev-web-app",
            "identity": [],
            "key_vault_reference_identity_id": "SystemAssigned",
            "location": "westeurope",
            "logs": [
              {
                "application_logs": [
                  {
                    "azure_blob_storage": [],
                    "file_system_level": "Off"
                  }
                ],
                "detailed_error_messages_enabled": false,
                "failed_request_tracing_enabled": false,
                "http_logs": [
                  {
                    "azure_blob_storage": [],
                    "file_system": []
                  }
                ]
              }
            ],
            "name": "ptcmspdev-web-app",
            "outbound_ip_address_list": [
              "20.76.25.11",
              "20.71.11.19",
              "20.73.201.83",
              "20.73.133.91",
              "20.76.25.21",
              "20.76.25.48",
              "20.50.2.49"
            ],
            "outbound_ip_addresses": "20.76.25.11,20.71.11.19,20.73.201.83,20.73.133.91,20.76.25.21,20.76.25.48,20.50.2.49",
            "possible_outbound_ip_address_list": [
              "20.76.24.33",
              "20.76.24.48",
              "20.76.24.96",
              "20.76.24.117",
              "20.76.24.150",
              "20.76.24.194",
              "20.76.24.198",
              "20.76.24.230",
              "20.76.24.242",
              "20.76.24.245",
              "20.76.24.248",
              "20.76.25.7",
              "20.76.25.11",
              "20.71.11.19",
              "20.73.201.83",
              "20.73.133.91",
              "20.76.25.21",
              "20.76.25.48",
              "20.76.25.67",
              "20.76.25.167",
              "20.73.205.15",
              "20.73.132.199",
              "20.76.25.185",
              "20.76.25.215",
              "20.76.25.229",
              "20.76.25.238",
              "20.76.25.240",
              "20.76.26.11",
              "20.76.26.21",
              "20.76.26.31",
              "20.50.2.49"
            ],
            "possible_outbound_ip_addresses": "20.76.24.33,20.76.24.48,20.76.24.96,20.76.24.117,20.76.24.150,20.76.24.194,20.76.24.198,20.76.24.230,20.76.24.242,20.76.24.245,20.76.24.248,20.76.25.7,20.76.25.11,20.71.11.19,20.73.201.83,20.73.133.91,20.76.25.21,20.76.25.48,20.76.25.67,20.76.25.167,20.73.205.15,20.73.132.199,20.76.25.185,20.76.25.215,20.76.25.229,20.76.25.238,20.76.25.240,20.76.26.11,20.76.26.21,20.76.26.31,20.50.2.49",
            "resource_group_name": "azrgpsoan0005",
            "site_config": [
              {
                "acr_use_managed_identity_credentials": false,
                "acr_user_managed_identity_client_id": "",
                "always_on": false,
                "app_command_line": "",
                "auto_swap_slot_name": "",
                "cors": [],
                "default_documents": [
                  "Default.htm",
                  "Default.html",
                  "Default.asp",
                  "index.htm",
                  "index.html",
                  "iisstart.htm",
                  "default.aspx",
                  "index.php",
                  "hostingstart.html"
                ],
                "dotnet_framework_version": "v4.0",
                "ftps_state": "AllAllowed",
                "health_check_path": "",
                "http2_enabled": false,
                "ip_restriction": [],
                "java_container": "",
                "java_container_version": "",
                "java_version": "",
                "linux_fx_version": "",
                "local_mysql_enabled": false,
                "managed_pipeline_mode": "Integrated",
                "min_tls_version": "1.2",
                "number_of_workers": 1,
                "php_version": "5.6",
                "python_version": "",
                "remote_debugging_enabled": false,
                "remote_debugging_version": "",
                "scm_ip_restriction": [],
                "scm_type": "None",
                "scm_use_main_ip_restriction": false,
                "use_32_bit_worker_process": true,
                "vnet_route_all_enabled": false,
                "websockets_enabled": false,
                "windows_fx_version": ""
              }
            ],
            "site_credential": [
              {
                "password": "0z8vPexDzuXkqjWBgdot8f2g1Bdic6xTfqxgCNZpvKEx6lNzKzKgXk1gucqE",
                "username": "$ptcmspdev-web-app"
              }
            ],
            "source_control": [
              {
                "branch": "master",
                "manual_integration": false,
                "repo_url": "",
                "rollback_enabled": false,
                "use_mercurial": false
              }
            ],
            "storage_account": [],
            "tags": {
              "Application": "PTC",
              "Environment": "Dev",
              "Role": "APP",
              "costcenter": ""
            },
            "timeouts": null
          },
          "sensitive_attributes": [],
          "private": "eyJlMmJmYjczMC1lY2FhLTExZTYtOGY4OC0zNDM2M2JjN2M0YzAiOnsiY3JlYXRlIjoxODAwMDAwMDAwMDAwLCJkZWxldGUiOjE4MDAwMDAwMDAwMDAsInJlYWQiOjMwMDAwMDAwMDAwMCwidXBkYXRlIjoxODAwMDAwMDAwMDAwfX0=",
          "dependencies": [
            "azurerm_app_service_plan.ptc_dev_asp",
            "azurerm_resource_group.rg-ptc-dev"
          ]
        },
        {
          "index_key": "ptcmspdevptc",
          "schema_version": 0,
          "attributes": {
            "app_service_plan_id": "/subscriptions/bc6eadfd-393d-4e9e-8140-4fe9bfd772fc/resourceGroups/azrgpsoan0005/providers/Microsoft.Web/serverfarms/ptc_dev-asp",
            "app_settings": {
              "platform": "value"
            },
            "auth_settings": [
              {
                "active_directory": [],
                "additional_login_params": {},
                "allowed_external_redirect_urls": [],
                "default_provider": "",
                "enabled": false,
                "facebook": [],
                "google": [],
                "issuer": "",
                "microsoft": [],
                "runtime_version": "",
                "token_refresh_extension_hours": 0,
                "token_store_enabled": false,
                "twitter": [],
                "unauthenticated_client_action": ""
              }
            ],
            "backup": [],
            "client_affinity_enabled": false,
            "client_cert_enabled": false,
            "connection_string": [],
            "custom_domain_verification_id": "E0A30A4888649FB17207C99E2F878643A66175BB756A7E21D963818529CA90D8",
            "default_site_hostname": "ptcmspdevptc-web-app.azurewebsites.net",
            "enabled": true,
            "https_only": false,
            "id": "/subscriptions/bc6eadfd-393d-4e9e-8140-4fe9bfd772fc/resourceGroups/azrgpsoan0005/providers/Microsoft.Web/sites/ptcmspdevptc-web-app",
            "identity": [],
            "key_vault_reference_identity_id": "SystemAssigned",
            "location": "westeurope",
            "logs": [
              {
                "application_logs": [
                  {
                    "azure_blob_storage": [],
                    "file_system_level": "Off"
                  }
                ],
                "detailed_error_messages_enabled": false,
                "failed_request_tracing_enabled": false,
                "http_logs": [
                  {
                    "azure_blob_storage": [],
                    "file_system": []
                  }
                ]
              }
            ],
            "name": "ptcmspdevptc-web-app",
            "outbound_ip_address_list": [
              "20.76.25.11",
              "20.71.11.19",
              "20.73.201.83",
              "20.73.133.91",
              "20.76.25.21",
              "20.76.25.48",
              "20.50.2.49"
            ],
            "outbound_ip_addresses": "20.76.25.11,20.71.11.19,20.73.201.83,20.73.133.91,20.76.25.21,20.76.25.48,20.50.2.49",
            "possible_outbound_ip_address_list": [
              "20.76.24.33",
              "20.76.24.48",
              "20.76.24.96",
              "20.76.24.117",
              "20.76.24.150",
              "20.76.24.194",
              "20.76.24.198",
              "20.76.24.230",
              "20.76.24.242",
              "20.76.24.245",
              "20.76.24.248",
              "20.76.25.7",
              "20.76.25.11",
              "20.71.11.19",
              "20.73.201.83",
              "20.73.133.91",
              "20.76.25.21",
              "20.76.25.48",
              "20.76.25.67",
              "20.76.25.167",
              "20.73.205.15",
              "20.73.132.199",
              "20.76.25.185",
              "20.76.25.215",
              "20.76.25.229",
              "20.76.25.238",
              "20.76.25.240",
              "20.76.26.11",
              "20.76.26.21",
              "20.76.26.31",
              "20.50.2.49"
            ],
            "possible_outbound_ip_addresses": "20.76.24.33,20.76.24.48,20.76.24.96,20.76.24.117,20.76.24.150,20.76.24.194,20.76.24.198,20.76.24.230,20.76.24.242,20.76.24.245,20.76.24.248,20.76.25.7,20.76.25.11,20.71.11.19,20.73.201.83,20.73.133.91,20.76.25.21,20.76.25.48,20.76.25.67,20.76.25.167,20.73.205.15,20.73.132.199,20.76.25.185,20.76.25.215,20.76.25.229,20.76.25.238,20.76.25.240,20.76.26.11,20.76.26.21,20.76.26.31,20.50.2.49",
            "resource_group_name": "azrgpsoan0005",
            "site_config": [
              {
                "acr_use_managed_identity_credentials": false,
                "acr_user_managed_identity_client_id": "",
                "always_on": false,
                "app_command_line": "",
                "auto_swap_slot_name": "",
                "cors": [],
                "default_documents": [
                  "Default.htm",
                  "Default.html",
                  "Default.asp",
                  "index.htm",
                  "index.html",
                  "iisstart.htm",
                  "default.aspx",
                  "index.php",
                  "hostingstart.html"
                ],
                "dotnet_framework_version": "v4.0",
                "ftps_state": "AllAllowed",
                "health_check_path": "",
                "http2_enabled": false,
                "ip_restriction": [],
                "java_container": "",
                "java_container_version": "",
                "java_version": "",
                "linux_fx_version": "",
                "local_mysql_enabled": false,
                "managed_pipeline_mode": "Integrated",
                "min_tls_version": "1.2",
                "number_of_workers": 1,
                "php_version": "5.6",
                "python_version": "",
                "remote_debugging_enabled": false,
                "remote_debugging_version": "",
                "scm_ip_restriction": [],
                "scm_type": "None",
                "scm_use_main_ip_restriction": false,
                "use_32_bit_worker_process": true,
                "vnet_route_all_enabled": false,
                "websockets_enabled": false,
                "windows_fx_version": ""
              }
            ],
            "site_credential": [
              {
                "password": "crsHmrSLnaRdrbwzyiCNFtWarlsr1jbsa3uphx2tHZMKHbanSqaYrmxtauoX",
                "username": "$ptcmspdevptc-web-app"
              }
            ],
            "source_control": [
              {
                "branch": "master",
                "manual_integration": false,
                "repo_url": "",
                "rollback_enabled": false,
                "use_mercurial": false
              }
            ],
            "storage_account": [],
            "tags": {
              "Application": "PTC",
              "Environment": "Dev",
              "Role": "APP",
              "costcenter": ""
            },
            "timeouts": null
          },
          "sensitive_attributes": [],
          "private": "eyJlMmJmYjczMC1lY2FhLTExZTYtOGY4OC0zNDM2M2JjN2M0YzAiOnsiY3JlYXRlIjoxODAwMDAwMDAwMDAwLCJkZWxldGUiOjE4MDAwMDAwMDAwMDAsInJlYWQiOjMwMDAwMDAwMDAwMCwidXBkYXRlIjoxODAwMDAwMDAwMDAwfX0=",
          "dependencies": [
            "azurerm_app_service_plan.ptc_dev_asp",
            "azurerm_resource_group.rg-ptc-dev"
          ]
        },
        {
          "index_key": "ptcmspdevshared",
          "schema_version": 0,
          "attributes": {
            "app_service_plan_id": "/subscriptions/bc6eadfd-393d-4e9e-8140-4fe9bfd772fc/resourceGroups/azrgpsoan0005/providers/Microsoft.Web/serverfarms/ptc_dev-asp",
            "app_settings": {
              "platform": "value"
            },
            "auth_settings": [
              {
                "active_directory": [],
                "additional_login_params": {},
                "allowed_external_redirect_urls": [],
                "default_provider": "",
                "enabled": false,
                "facebook": [],
                "google": [],
                "issuer": "",
                "microsoft": [],
                "runtime_version": "",
                "token_refresh_extension_hours": 0,
                "token_store_enabled": false,
                "twitter": [],
                "unauthenticated_client_action": ""
              }
            ],
            "backup": [],
            "client_affinity_enabled": false,
            "client_cert_enabled": false,
            "connection_string": [],
            "custom_domain_verification_id": "E0A30A4888649FB17207C99E2F878643A66175BB756A7E21D963818529CA90D8",
            "default_site_hostname": "ptcmspdevshared-web-app.azurewebsites.net",
            "enabled": true,
            "https_only": false,
            "id": "/subscriptions/bc6eadfd-393d-4e9e-8140-4fe9bfd772fc/resourceGroups/azrgpsoan0005/providers/Microsoft.Web/sites/ptcmspdevshared-web-app",
            "identity": [],
            "key_vault_reference_identity_id": "SystemAssigned",
            "location": "westeurope",
            "logs": [
              {
                "application_logs": [
                  {
                    "azure_blob_storage": [],
                    "file_system_level": "Off"
                  }
                ],
                "detailed_error_messages_enabled": false,
                "failed_request_tracing_enabled": false,
                "http_logs": [
                  {
                    "azure_blob_storage": [],
                    "file_system": []
                  }
                ]
              }
            ],
            "name": "ptcmspdevshared-web-app",
            "outbound_ip_address_list": [
              "20.76.25.11",
              "20.71.11.19",
              "20.73.201.83",
              "20.73.133.91",
              "20.76.25.21",
              "20.76.25.48",
              "20.50.2.49"
            ],
            "outbound_ip_addresses": "20.76.25.11,20.71.11.19,20.73.201.83,20.73.133.91,20.76.25.21,20.76.25.48,20.50.2.49",
            "possible_outbound_ip_address_list": [
              "20.76.24.33",
              "20.76.24.48",
              "20.76.24.96",
              "20.76.24.117",
              "20.76.24.150",
              "20.76.24.194",
              "20.76.24.198",
              "20.76.24.230",
              "20.76.24.242",
              "20.76.24.245",
              "20.76.24.248",
              "20.76.25.7",
              "20.76.25.11",
              "20.71.11.19",
              "20.73.201.83",
              "20.73.133.91",
              "20.76.25.21",
              "20.76.25.48",
              "20.76.25.67",
              "20.76.25.167",
              "20.73.205.15",
              "20.73.132.199",
              "20.76.25.185",
              "20.76.25.215",
              "20.76.25.229",
              "20.76.25.238",
              "20.76.25.240",
              "20.76.26.11",
              "20.76.26.21",
              "20.76.26.31",
              "20.50.2.49"
            ],
            "possible_outbound_ip_addresses": "20.76.24.33,20.76.24.48,20.76.24.96,20.76.24.117,20.76.24.150,20.76.24.194,20.76.24.198,20.76.24.230,20.76.24.242,20.76.24.245,20.76.24.248,20.76.25.7,20.76.25.11,20.71.11.19,20.73.201.83,20.73.133.91,20.76.25.21,20.76.25.48,20.76.25.67,20.76.25.167,20.73.205.15,20.73.132.199,20.76.25.185,20.76.25.215,20.76.25.229,20.76.25.238,20.76.25.240,20.76.26.11,20.76.26.21,20.76.26.31,20.50.2.49",
            "resource_group_name": "azrgpsoan0005",
            "site_config": [
              {
                "acr_use_managed_identity_credentials": false,
                "acr_user_managed_identity_client_id": "",
                "always_on": false,
                "app_command_line": "",
                "auto_swap_slot_name": "",
                "cors": [],
                "default_documents": [
                  "Default.htm",
                  "Default.html",
                  "Default.asp",
                  "index.htm",
                  "index.html",
                  "iisstart.htm",
                  "default.aspx",
                  "index.php",
                  "hostingstart.html"
                ],
                "dotnet_framework_version": "v4.0",
                "ftps_state": "AllAllowed",
                "health_check_path": "",
                "http2_enabled": false,
                "ip_restriction": [],
                "java_container": "",
                "java_container_version": "",
                "java_version": "",
                "linux_fx_version": "",
                "local_mysql_enabled": false,
                "managed_pipeline_mode": "Integrated",
                "min_tls_version": "1.2",
                "number_of_workers": 1,
                "php_version": "5.6",
                "python_version": "",
                "remote_debugging_enabled": false,
                "remote_debugging_version": "",
                "scm_ip_restriction": [],
                "scm_type": "None",
                "scm_use_main_ip_restriction": false,
                "use_32_bit_worker_process": true,
                "vnet_route_all_enabled": false,
                "websockets_enabled": false,
                "windows_fx_version": ""
              }
            ],
            "site_credential": [
              {
                "password": "GGcvzjgXolZ6phYq3lh7aBPbAaYvqHwoikWqefg5yPPanSucFmhm8le8jrZr",
                "username": "$ptcmspdevshared-web-app"
              }
            ],
            "source_control": [
              {
                "branch": "master",
                "manual_integration": false,
                "repo_url": "",
                "rollback_enabled": false,
                "use_mercurial": false
              }
            ],
            "storage_account": [],
            "tags": {
              "Application": "PTC",
              "Environment": "Dev",
              "Role": "APP",
              "costcenter": ""
            },
            "timeouts": null
          },
          "sensitive_attributes": [],
          "private": "eyJlMmJmYjczMC1lY2FhLTExZTYtOGY4OC0zNDM2M2JjN2M0YzAiOnsiY3JlYXRlIjoxODAwMDAwMDAwMDAwLCJkZWxldGUiOjE4MDAwMDAwMDAwMDAsInJlYWQiOjMwMDAwMDAwMDAwMCwidXBkYXRlIjoxODAwMDAwMDAwMDAwfX0=",
          "dependencies": [
            "azurerm_resource_group.rg-ptc-dev",
            "azurerm_app_service_plan.ptc_dev_asp"
          ]
        },
        {
          "index_key": "ptcsoadev",
          "schema_version": 0,
          "attributes": {
            "app_service_plan_id": "/subscriptions/bc6eadfd-393d-4e9e-8140-4fe9bfd772fc/resourceGroups/azrgpsoan0005/providers/Microsoft.Web/serverfarms/ptc_dev-asp",
            "app_settings": {
              "platform": "value"
            },
            "auth_settings": [
              {
                "active_directory": [],
                "additional_login_params": {},
                "allowed_external_redirect_urls": [],
                "default_provider": "",
                "enabled": false,
                "facebook": [],
                "google": [],
                "issuer": "",
                "microsoft": [],
                "runtime_version": "",
                "token_refresh_extension_hours": 0,
                "token_store_enabled": false,
                "twitter": [],
                "unauthenticated_client_action": ""
              }
            ],
            "backup": [],
            "client_affinity_enabled": false,
            "client_cert_enabled": false,
            "connection_string": [],
            "custom_domain_verification_id": "E0A30A4888649FB17207C99E2F878643A66175BB756A7E21D963818529CA90D8",
            "default_site_hostname": "ptcsoadev-web-app.azurewebsites.net",
            "enabled": true,
            "https_only": false,
            "id": "/subscriptions/bc6eadfd-393d-4e9e-8140-4fe9bfd772fc/resourceGroups/azrgpsoan0005/providers/Microsoft.Web/sites/ptcsoadev-web-app",
            "identity": [],
            "key_vault_reference_identity_id": "SystemAssigned",
            "location": "westeurope",
            "logs": [
              {
                "application_logs": [
                  {
                    "azure_blob_storage": [],
                    "file_system_level": "Off"
                  }
                ],
                "detailed_error_messages_enabled": false,
                "failed_request_tracing_enabled": false,
                "http_logs": [
                  {
                    "azure_blob_storage": [],
                    "file_system": []
                  }
                ]
              }
            ],
            "name": "ptcsoadev-web-app",
            "outbound_ip_address_list": [
              "20.76.25.11",
              "20.71.11.19",
              "20.73.201.83",
              "20.73.133.91",
              "20.76.25.21",
              "20.76.25.48",
              "20.50.2.49"
            ],
            "outbound_ip_addresses": "20.76.25.11,20.71.11.19,20.73.201.83,20.73.133.91,20.76.25.21,20.76.25.48,20.50.2.49",
            "possible_outbound_ip_address_list": [
              "20.76.24.33",
              "20.76.24.48",
              "20.76.24.96",
              "20.76.24.117",
              "20.76.24.150",
              "20.76.24.194",
              "20.76.24.198",
              "20.76.24.230",
              "20.76.24.242",
              "20.76.24.245",
              "20.76.24.248",
              "20.76.25.7",
              "20.76.25.11",
              "20.71.11.19",
              "20.73.201.83",
              "20.73.133.91",
              "20.76.25.21",
              "20.76.25.48",
              "20.76.25.67",
              "20.76.25.167",
              "20.73.205.15",
              "20.73.132.199",
              "20.76.25.185",
              "20.76.25.215",
              "20.76.25.229",
              "20.76.25.238",
              "20.76.25.240",
              "20.76.26.11",
              "20.76.26.21",
              "20.76.26.31",
              "20.50.2.49"
            ],
            "possible_outbound_ip_addresses": "20.76.24.33,20.76.24.48,20.76.24.96,20.76.24.117,20.76.24.150,20.76.24.194,20.76.24.198,20.76.24.230,20.76.24.242,20.76.24.245,20.76.24.248,20.76.25.7,20.76.25.11,20.71.11.19,20.73.201.83,20.73.133.91,20.76.25.21,20.76.25.48,20.76.25.67,20.76.25.167,20.73.205.15,20.73.132.199,20.76.25.185,20.76.25.215,20.76.25.229,20.76.25.238,20.76.25.240,20.76.26.11,20.76.26.21,20.76.26.31,20.50.2.49",
            "resource_group_name": "azrgpsoan0005",
            "site_config": [
              {
                "acr_use_managed_identity_credentials": false,
                "acr_user_managed_identity_client_id": "",
                "always_on": false,
                "app_command_line": "",
                "auto_swap_slot_name": "",
                "cors": [],
                "default_documents": [
                  "Default.htm",
                  "Default.html",
                  "Default.asp",
                  "index.htm",
                  "index.html",
                  "iisstart.htm",
                  "default.aspx",
                  "index.php",
                  "hostingstart.html"
                ],
                "dotnet_framework_version": "v4.0",
                "ftps_state": "AllAllowed",
                "health_check_path": "",
                "http2_enabled": false,
                "ip_restriction": [],
                "java_container": "",
                "java_container_version": "",
                "java_version": "",
                "linux_fx_version": "",
                "local_mysql_enabled": false,
                "managed_pipeline_mode": "Integrated",
                "min_tls_version": "1.2",
                "number_of_workers": 1,
                "php_version": "5.6",
                "python_version": "",
                "remote_debugging_enabled": false,
                "remote_debugging_version": "",
                "scm_ip_restriction": [],
                "scm_type": "None",
                "scm_use_main_ip_restriction": false,
                "use_32_bit_worker_process": true,
                "vnet_route_all_enabled": false,
                "websockets_enabled": false,
                "windows_fx_version": ""
              }
            ],
            "site_credential": [
              {
                "password": "peR2gdnjEsQAbRYz9oRqW1az2TT3M49z2MpFgGzEqKXk2YjY8gntQva4opdS",
                "username": "$ptcsoadev-web-app"
              }
            ],
            "source_control": [
              {
                "branch": "master",
                "manual_integration": false,
                "repo_url": "",
                "rollback_enabled": false,
                "use_mercurial": false
              }
            ],
            "storage_account": [],
            "tags": {
              "Application": "PTC",
              "Environment": "Dev",
              "Role": "APP",
              "costcenter": ""
            },
            "timeouts": null
          },
          "sensitive_attributes": [],
          "private": "eyJlMmJmYjczMC1lY2FhLTExZTYtOGY4OC0zNDM2M2JjN2M0YzAiOnsiY3JlYXRlIjoxODAwMDAwMDAwMDAwLCJkZWxldGUiOjE4MDAwMDAwMDAwMDAsInJlYWQiOjMwMDAwMDAwMDAwMCwidXBkYXRlIjoxODAwMDAwMDAwMDAwfX0=",
          "dependencies": [
            "azurerm_app_service_plan.ptc_dev_asp",
            "azurerm_resource_group.rg-ptc-dev"
          ]
        }
      ]
    },
    {
      "mode": "managed",
      "type": "azurerm_app_service",
      "name": "ptc_ext",
      "provider": "provider[\"registry.terraform.io/hashicorp/azurerm\"]",
      "instances": [
        {
          "index_key": "ptcmspext",
          "schema_version": 0,
          "attributes": {
            "app_service_plan_id": "/subscriptions/bc6eadfd-393d-4e9e-8140-4fe9bfd772fc/resourceGroups/azrgpsoan0005/providers/Microsoft.Web/serverfarms/ptc_ext-asp",
            "app_settings": {
              "platform": "value"
            },
            "auth_settings": [
              {
                "active_directory": [],
                "additional_login_params": {},
                "allowed_external_redirect_urls": [],
                "default_provider": "",
                "enabled": false,
                "facebook": [],
                "google": [],
                "issuer": "",
                "microsoft": [],
                "runtime_version": "",
                "token_refresh_extension_hours": 0,
                "token_store_enabled": false,
                "twitter": [],
                "unauthenticated_client_action": ""
              }
            ],
            "backup": [],
            "client_affinity_enabled": false,
            "client_cert_enabled": false,
            "connection_string": [],
            "custom_domain_verification_id": "E0A30A4888649FB17207C99E2F878643A66175BB756A7E21D963818529CA90D8",
            "default_site_hostname": "ptcmspext-web-app.azurewebsites.net",
            "enabled": true,
            "https_only": false,
            "id": "/subscriptions/bc6eadfd-393d-4e9e-8140-4fe9bfd772fc/resourceGroups/azrgpsoan0005/providers/Microsoft.Web/sites/ptcmspext-web-app",
            "identity": [],
            "key_vault_reference_identity_id": "SystemAssigned",
            "location": "westeurope",
            "logs": [
              {
                "application_logs": [
                  {
                    "azure_blob_storage": [],
                    "file_system_level": "Off"
                  }
                ],
                "detailed_error_messages_enabled": false,
                "failed_request_tracing_enabled": false,
                "http_logs": [
                  {
                    "azure_blob_storage": [],
                    "file_system": []
                  }
                ]
              }
            ],
            "name": "ptcmspext-web-app",
            "outbound_ip_address_list": [
              "20.76.25.11",
              "20.71.11.19",
              "20.73.201.83",
              "20.73.133.91",
              "20.76.25.21",
              "20.76.25.48",
              "20.50.2.49"
            ],
            "outbound_ip_addresses": "20.76.25.11,20.71.11.19,20.73.201.83,20.73.133.91,20.76.25.21,20.76.25.48,20.50.2.49",
            "possible_outbound_ip_address_list": [
              "20.76.24.33",
              "20.76.24.48",
              "20.76.24.96",
              "20.76.24.117",
              "20.76.24.150",
              "20.76.24.194",
              "20.76.24.198",
              "20.76.24.230",
              "20.76.24.242",
              "20.76.24.245",
              "20.76.24.248",
              "20.76.25.7",
              "20.76.25.11",
              "20.71.11.19",
              "20.73.201.83",
              "20.73.133.91",
              "20.76.25.21",
              "20.76.25.48",
              "20.76.25.67",
              "20.76.25.167",
              "20.73.205.15",
              "20.73.132.199",
              "20.76.25.185",
              "20.76.25.215",
              "20.76.25.229",
              "20.76.25.238",
              "20.76.25.240",
              "20.76.26.11",
              "20.76.26.21",
              "20.76.26.31",
              "20.50.2.49"
            ],
            "possible_outbound_ip_addresses": "20.76.24.33,20.76.24.48,20.76.24.96,20.76.24.117,20.76.24.150,20.76.24.194,20.76.24.198,20.76.24.230,20.76.24.242,20.76.24.245,20.76.24.248,20.76.25.7,20.76.25.11,20.71.11.19,20.73.201.83,20.73.133.91,20.76.25.21,20.76.25.48,20.76.25.67,20.76.25.167,20.73.205.15,20.73.132.199,20.76.25.185,20.76.25.215,20.76.25.229,20.76.25.238,20.76.25.240,20.76.26.11,20.76.26.21,20.76.26.31,20.50.2.49",
            "resource_group_name": "azrgpsoan0005",
            "site_config": [
              {
                "acr_use_managed_identity_credentials": false,
                "acr_user_managed_identity_client_id": "",
                "always_on": false,
                "app_command_line": "",
                "auto_swap_slot_name": "",
                "cors": [],
                "default_documents": [
                  "Default.htm",
                  "Default.html",
                  "Default.asp",
                  "index.htm",
                  "index.html",
                  "iisstart.htm",
                  "default.aspx",
                  "index.php",
                  "hostingstart.html"
                ],
                "dotnet_framework_version": "v4.0",
                "ftps_state": "AllAllowed",
                "health_check_path": "",
                "http2_enabled": false,
                "ip_restriction": [],
                "java_container": "",
                "java_container_version": "",
                "java_version": "",
                "linux_fx_version": "",
                "local_mysql_enabled": false,
                "managed_pipeline_mode": "Integrated",
                "min_tls_version": "1.2",
                "number_of_workers": 1,
                "php_version": "5.6",
                "python_version": "",
                "remote_debugging_enabled": false,
                "remote_debugging_version": "",
                "scm_ip_restriction": [],
                "scm_type": "None",
                "scm_use_main_ip_restriction": false,
                "use_32_bit_worker_process": true,
                "vnet_route_all_enabled": false,
                "websockets_enabled": false,
                "windows_fx_version": ""
              }
            ],
            "site_credential": [
              {
                "password": "eLhN4cndyM42D3janzxEgQkFztBuYSkDCA8kQlzlcfTAauobP1Qy2DQSKwpb",
                "username": "$ptcmspext-web-app"
              }
            ],
            "source_control": [
              {
                "branch": "master",
                "manual_integration": false,
                "repo_url": "",
                "rollback_enabled": false,
                "use_mercurial": false
              }
            ],
            "storage_account": [],
            "tags": {
              "Application": "PTC",
              "Environment": "Dev",
              "Role": "APP",
              "costcenter": ""
            },
            "timeouts": null
          },
          "sensitive_attributes": [],
          "private": "eyJlMmJmYjczMC1lY2FhLTExZTYtOGY4OC0zNDM2M2JjN2M0YzAiOnsiY3JlYXRlIjoxODAwMDAwMDAwMDAwLCJkZWxldGUiOjE4MDAwMDAwMDAwMDAsInJlYWQiOjMwMDAwMDAwMDAwMCwidXBkYXRlIjoxODAwMDAwMDAwMDAwfX0=",
          "dependencies": [
            "azurerm_app_service_plan.ptc_ext_asp",
            "azurerm_resource_group.rg-ptc-dev"
          ]
        },
        {
          "index_key": "ptcmspextptc",
          "schema_version": 0,
          "attributes": {
            "app_service_plan_id": "/subscriptions/bc6eadfd-393d-4e9e-8140-4fe9bfd772fc/resourceGroups/azrgpsoan0005/providers/Microsoft.Web/serverfarms/ptc_ext-asp",
            "app_settings": {
              "platform": "value"
            },
            "auth_settings": [
              {
                "active_directory": [],
                "additional_login_params": {},
                "allowed_external_redirect_urls": [],
                "default_provider": "",
                "enabled": false,
                "facebook": [],
                "google": [],
                "issuer": "",
                "microsoft": [],
                "runtime_version": "",
                "token_refresh_extension_hours": 0,
                "token_store_enabled": false,
                "twitter": [],
                "unauthenticated_client_action": ""
              }
            ],
            "backup": [],
            "client_affinity_enabled": false,
            "client_cert_enabled": false,
            "connection_string": [],
            "custom_domain_verification_id": "E0A30A4888649FB17207C99E2F878643A66175BB756A7E21D963818529CA90D8",
            "default_site_hostname": "ptcmspextptc-web-app.azurewebsites.net",
            "enabled": true,
            "https_only": false,
            "id": "/subscriptions/bc6eadfd-393d-4e9e-8140-4fe9bfd772fc/resourceGroups/azrgpsoan0005/providers/Microsoft.Web/sites/ptcmspextptc-web-app",
            "identity": [],
            "key_vault_reference_identity_id": "SystemAssigned",
            "location": "westeurope",
            "logs": [
              {
                "application_logs": [
                  {
                    "azure_blob_storage": [],
                    "file_system_level": "Off"
                  }
                ],
                "detailed_error_messages_enabled": false,
                "failed_request_tracing_enabled": false,
                "http_logs": [
                  {
                    "azure_blob_storage": [],
                    "file_system": []
                  }
                ]
              }
            ],
            "name": "ptcmspextptc-web-app",
            "outbound_ip_address_list": [
              "20.76.25.11",
              "20.71.11.19",
              "20.73.201.83",
              "20.73.133.91",
              "20.76.25.21",
              "20.76.25.48",
              "20.50.2.49"
            ],
            "outbound_ip_addresses": "20.76.25.11,20.71.11.19,20.73.201.83,20.73.133.91,20.76.25.21,20.76.25.48,20.50.2.49",
            "possible_outbound_ip_address_list": [
              "20.76.24.33",
              "20.76.24.48",
              "20.76.24.96",
              "20.76.24.117",
              "20.76.24.150",
              "20.76.24.194",
              "20.76.24.198",
              "20.76.24.230",
              "20.76.24.242",
              "20.76.24.245",
              "20.76.24.248",
              "20.76.25.7",
              "20.76.25.11",
              "20.71.11.19",
              "20.73.201.83",
              "20.73.133.91",
              "20.76.25.21",
              "20.76.25.48",
              "20.76.25.67",
              "20.76.25.167",
              "20.73.205.15",
              "20.73.132.199",
              "20.76.25.185",
              "20.76.25.215",
              "20.76.25.229",
              "20.76.25.238",
              "20.76.25.240",
              "20.76.26.11",
              "20.76.26.21",
              "20.76.26.31",
              "20.50.2.49"
            ],
            "possible_outbound_ip_addresses": "20.76.24.33,20.76.24.48,20.76.24.96,20.76.24.117,20.76.24.150,20.76.24.194,20.76.24.198,20.76.24.230,20.76.24.242,20.76.24.245,20.76.24.248,20.76.25.7,20.76.25.11,20.71.11.19,20.73.201.83,20.73.133.91,20.76.25.21,20.76.25.48,20.76.25.67,20.76.25.167,20.73.205.15,20.73.132.199,20.76.25.185,20.76.25.215,20.76.25.229,20.76.25.238,20.76.25.240,20.76.26.11,20.76.26.21,20.76.26.31,20.50.2.49",
            "resource_group_name": "azrgpsoan0005",
            "site_config": [
              {
                "acr_use_managed_identity_credentials": false,
                "acr_user_managed_identity_client_id": "",
                "always_on": false,
                "app_command_line": "",
                "auto_swap_slot_name": "",
                "cors": [],
                "default_documents": [
                  "Default.htm",
                  "Default.html",
                  "Default.asp",
                  "index.htm",
                  "index.html",
                  "iisstart.htm",
                  "default.aspx",
                  "index.php",
                  "hostingstart.html"
                ],
                "dotnet_framework_version": "v4.0",
                "ftps_state": "AllAllowed",
                "health_check_path": "",
                "http2_enabled": false,
                "ip_restriction": [],
                "java_container": "",
                "java_container_version": "",
                "java_version": "",
                "linux_fx_version": "",
                "local_mysql_enabled": false,
                "managed_pipeline_mode": "Integrated",
                "min_tls_version": "1.2",
                "number_of_workers": 1,
                "php_version": "5.6",
                "python_version": "",
                "remote_debugging_enabled": false,
                "remote_debugging_version": "",
                "scm_ip_restriction": [],
                "scm_type": "None",
                "scm_use_main_ip_restriction": false,
                "use_32_bit_worker_process": true,
                "vnet_route_all_enabled": false,
                "websockets_enabled": false,
                "windows_fx_version": ""
              }
            ],
            "site_credential": [
              {
                "password": "AZYeSTEzgWxopfCMjQsnn5PjtwxgLxSkF9HYn8rdA3iQHezxYfoiNnoNBLFZ",
                "username": "$ptcmspextptc-web-app"
              }
            ],
            "source_control": [
              {
                "branch": "master",
                "manual_integration": false,
                "repo_url": "",
                "rollback_enabled": false,
                "use_mercurial": false
              }
            ],
            "storage_account": [],
            "tags": {
              "Application": "PTC",
              "Environment": "Dev",
              "Role": "APP",
              "costcenter": ""
            },
            "timeouts": null
          },
          "sensitive_attributes": [],
          "private": "eyJlMmJmYjczMC1lY2FhLTExZTYtOGY4OC0zNDM2M2JjN2M0YzAiOnsiY3JlYXRlIjoxODAwMDAwMDAwMDAwLCJkZWxldGUiOjE4MDAwMDAwMDAwMDAsInJlYWQiOjMwMDAwMDAwMDAwMCwidXBkYXRlIjoxODAwMDAwMDAwMDAwfX0=",
          "dependencies": [
            "azurerm_app_service_plan.ptc_ext_asp",
            "azurerm_resource_group.rg-ptc-dev"
          ]
        },
        {
          "index_key": "ptcmspextshared",
          "schema_version": 0,
          "attributes": {
            "app_service_plan_id": "/subscriptions/bc6eadfd-393d-4e9e-8140-4fe9bfd772fc/resourceGroups/azrgpsoan0005/providers/Microsoft.Web/serverfarms/ptc_ext-asp",
            "app_settings": {
              "platform": "value"
            },
            "auth_settings": [
              {
                "active_directory": [],
                "additional_login_params": {},
                "allowed_external_redirect_urls": [],
                "default_provider": "",
                "enabled": false,
                "facebook": [],
                "google": [],
                "issuer": "",
                "microsoft": [],
                "runtime_version": "",
                "token_refresh_extension_hours": 0,
                "token_store_enabled": false,
                "twitter": [],
                "unauthenticated_client_action": ""
              }
            ],
            "backup": [],
            "client_affinity_enabled": false,
            "client_cert_enabled": false,
            "connection_string": [],
            "custom_domain_verification_id": "E0A30A4888649FB17207C99E2F878643A66175BB756A7E21D963818529CA90D8",
            "default_site_hostname": "ptcmspextshared-web-app.azurewebsites.net",
            "enabled": true,
            "https_only": false,
            "id": "/subscriptions/bc6eadfd-393d-4e9e-8140-4fe9bfd772fc/resourceGroups/azrgpsoan0005/providers/Microsoft.Web/sites/ptcmspextshared-web-app",
            "identity": [],
            "key_vault_reference_identity_id": "SystemAssigned",
            "location": "westeurope",
            "logs": [
              {
                "application_logs": [
                  {
                    "azure_blob_storage": [],
                    "file_system_level": "Off"
                  }
                ],
                "detailed_error_messages_enabled": false,
                "failed_request_tracing_enabled": false,
                "http_logs": [
                  {
                    "azure_blob_storage": [],
                    "file_system": []
                  }
                ]
              }
            ],
            "name": "ptcmspextshared-web-app",
            "outbound_ip_address_list": [
              "20.76.25.11",
              "20.71.11.19",
              "20.73.201.83",
              "20.73.133.91",
              "20.76.25.21",
              "20.76.25.48",
              "20.50.2.49"
            ],
            "outbound_ip_addresses": "20.76.25.11,20.71.11.19,20.73.201.83,20.73.133.91,20.76.25.21,20.76.25.48,20.50.2.49",
            "possible_outbound_ip_address_list": [
              "20.76.24.33",
              "20.76.24.48",
              "20.76.24.96",
              "20.76.24.117",
              "20.76.24.150",
              "20.76.24.194",
              "20.76.24.198",
              "20.76.24.230",
              "20.76.24.242",
              "20.76.24.245",
              "20.76.24.248",
              "20.76.25.7",
              "20.76.25.11",
              "20.71.11.19",
              "20.73.201.83",
              "20.73.133.91",
              "20.76.25.21",
              "20.76.25.48",
              "20.76.25.67",
              "20.76.25.167",
              "20.73.205.15",
              "20.73.132.199",
              "20.76.25.185",
              "20.76.25.215",
              "20.76.25.229",
              "20.76.25.238",
              "20.76.25.240",
              "20.76.26.11",
              "20.76.26.21",
              "20.76.26.31",
              "20.50.2.49"
            ],
            "possible_outbound_ip_addresses": "20.76.24.33,20.76.24.48,20.76.24.96,20.76.24.117,20.76.24.150,20.76.24.194,20.76.24.198,20.76.24.230,20.76.24.242,20.76.24.245,20.76.24.248,20.76.25.7,20.76.25.11,20.71.11.19,20.73.201.83,20.73.133.91,20.76.25.21,20.76.25.48,20.76.25.67,20.76.25.167,20.73.205.15,20.73.132.199,20.76.25.185,20.76.25.215,20.76.25.229,20.76.25.238,20.76.25.240,20.76.26.11,20.76.26.21,20.76.26.31,20.50.2.49",
            "resource_group_name": "azrgpsoan0005",
            "site_config": [
              {
                "acr_use_managed_identity_credentials": false,
                "acr_user_managed_identity_client_id": "",
                "always_on": false,
                "app_command_line": "",
                "auto_swap_slot_name": "",
                "cors": [],
                "default_documents": [
                  "Default.htm",
                  "Default.html",
                  "Default.asp",
                  "index.htm",
                  "index.html",
                  "iisstart.htm",
                  "default.aspx",
                  "index.php",
                  "hostingstart.html"
                ],
                "dotnet_framework_version": "v4.0",
                "ftps_state": "AllAllowed",
                "health_check_path": "",
                "http2_enabled": false,
                "ip_restriction": [],
                "java_container": "",
                "java_container_version": "",
                "java_version": "",
                "linux_fx_version": "",
                "local_mysql_enabled": false,
                "managed_pipeline_mode": "Integrated",
                "min_tls_version": "1.2",
                "number_of_workers": 1,
                "php_version": "5.6",
                "python_version": "",
                "remote_debugging_enabled": false,
                "remote_debugging_version": "",
                "scm_ip_restriction": [],
                "scm_type": "None",
                "scm_use_main_ip_restriction": false,
                "use_32_bit_worker_process": true,
                "vnet_route_all_enabled": false,
                "websockets_enabled": false,
                "windows_fx_version": ""
              }
            ],
            "site_credential": [
              {
                "password": "W2qrrPs5qMzg6DxD1jyzc6kGazazpf4z6S3dJQwECuTwbphjDw4KMSontuEu",
                "username": "$ptcmspextshared-web-app"
              }
            ],
            "source_control": [
              {
                "branch": "master",
                "manual_integration": false,
                "repo_url": "",
                "rollback_enabled": false,
                "use_mercurial": false
              }
            ],
            "storage_account": [],
            "tags": {
              "Application": "PTC",
              "Environment": "Dev",
              "Role": "APP",
              "costcenter": ""
            },
            "timeouts": null
          },
          "sensitive_attributes": [],
          "private": "eyJlMmJmYjczMC1lY2FhLTExZTYtOGY4OC0zNDM2M2JjN2M0YzAiOnsiY3JlYXRlIjoxODAwMDAwMDAwMDAwLCJkZWxldGUiOjE4MDAwMDAwMDAwMDAsInJlYWQiOjMwMDAwMDAwMDAwMCwidXBkYXRlIjoxODAwMDAwMDAwMDAwfX0=",
          "dependencies": [
            "azurerm_app_service_plan.ptc_ext_asp",
            "azurerm_resource_group.rg-ptc-dev"
          ]
        },
        {
          "index_key": "ptcsoaext",
          "schema_version": 0,
          "attributes": {
            "app_service_plan_id": "/subscriptions/bc6eadfd-393d-4e9e-8140-4fe9bfd772fc/resourceGroups/azrgpsoan0005/providers/Microsoft.Web/serverfarms/ptc_ext-asp",
            "app_settings": {
              "platform": "value"
            },
            "auth_settings": [
              {
                "active_directory": [],
                "additional_login_params": {},
                "allowed_external_redirect_urls": [],
                "default_provider": "",
                "enabled": false,
                "facebook": [],
                "google": [],
                "issuer": "",
                "microsoft": [],
                "runtime_version": "",
                "token_refresh_extension_hours": 0,
                "token_store_enabled": false,
                "twitter": [],
                "unauthenticated_client_action": ""
              }
            ],
            "backup": [],
            "client_affinity_enabled": false,
            "client_cert_enabled": false,
            "connection_string": [],
            "custom_domain_verification_id": "E0A30A4888649FB17207C99E2F878643A66175BB756A7E21D963818529CA90D8",
            "default_site_hostname": "ptcsoaext-web-app.azurewebsites.net",
            "enabled": true,
            "https_only": false,
            "id": "/subscriptions/bc6eadfd-393d-4e9e-8140-4fe9bfd772fc/resourceGroups/azrgpsoan0005/providers/Microsoft.Web/sites/ptcsoaext-web-app",
            "identity": [],
            "key_vault_reference_identity_id": "SystemAssigned",
            "location": "westeurope",
            "logs": [
              {
                "application_logs": [
                  {
                    "azure_blob_storage": [],
                    "file_system_level": "Off"
                  }
                ],
                "detailed_error_messages_enabled": false,
                "failed_request_tracing_enabled": false,
                "http_logs": [
                  {
                    "azure_blob_storage": [],
                    "file_system": []
                  }
                ]
              }
            ],
            "name": "ptcsoaext-web-app",
            "outbound_ip_address_list": [
              "20.76.25.11",
              "20.71.11.19",
              "20.73.201.83",
              "20.73.133.91",
              "20.76.25.21",
              "20.76.25.48",
              "20.50.2.49"
            ],
            "outbound_ip_addresses": "20.76.25.11,20.71.11.19,20.73.201.83,20.73.133.91,20.76.25.21,20.76.25.48,20.50.2.49",
            "possible_outbound_ip_address_list": [
              "20.76.24.33",
              "20.76.24.48",
              "20.76.24.96",
              "20.76.24.117",
              "20.76.24.150",
              "20.76.24.194",
              "20.76.24.198",
              "20.76.24.230",
              "20.76.24.242",
              "20.76.24.245",
              "20.76.24.248",
              "20.76.25.7",
              "20.76.25.11",
              "20.71.11.19",
              "20.73.201.83",
              "20.73.133.91",
              "20.76.25.21",
              "20.76.25.48",
              "20.76.25.67",
              "20.76.25.167",
              "20.73.205.15",
              "20.73.132.199",
              "20.76.25.185",
              "20.76.25.215",
              "20.76.25.229",
              "20.76.25.238",
              "20.76.25.240",
              "20.76.26.11",
              "20.76.26.21",
              "20.76.26.31",
              "20.50.2.49"
            ],
            "possible_outbound_ip_addresses": "20.76.24.33,20.76.24.48,20.76.24.96,20.76.24.117,20.76.24.150,20.76.24.194,20.76.24.198,20.76.24.230,20.76.24.242,20.76.24.245,20.76.24.248,20.76.25.7,20.76.25.11,20.71.11.19,20.73.201.83,20.73.133.91,20.76.25.21,20.76.25.48,20.76.25.67,20.76.25.167,20.73.205.15,20.73.132.199,20.76.25.185,20.76.25.215,20.76.25.229,20.76.25.238,20.76.25.240,20.76.26.11,20.76.26.21,20.76.26.31,20.50.2.49",
            "resource_group_name": "azrgpsoan0005",
            "site_config": [
              {
                "acr_use_managed_identity_credentials": false,
                "acr_user_managed_identity_client_id": "",
                "always_on": false,
                "app_command_line": "",
                "auto_swap_slot_name": "",
                "cors": [],
                "default_documents": [
                  "Default.htm",
                  "Default.html",
                  "Default.asp",
                  "index.htm",
                  "index.html",
                  "iisstart.htm",
                  "default.aspx",
                  "index.php",
                  "hostingstart.html"
                ],
                "dotnet_framework_version": "v4.0",
                "ftps_state": "AllAllowed",
                "health_check_path": "",
                "http2_enabled": false,
                "ip_restriction": [],
                "java_container": "",
                "java_container_version": "",
                "java_version": "",
                "linux_fx_version": "",
                "local_mysql_enabled": false,
                "managed_pipeline_mode": "Integrated",
                "min_tls_version": "1.2",
                "number_of_workers": 1,
                "php_version": "5.6",
                "python_version": "",
                "remote_debugging_enabled": false,
                "remote_debugging_version": "",
                "scm_ip_restriction": [],
                "scm_type": "None",
                "scm_use_main_ip_restriction": false,
                "use_32_bit_worker_process": true,
                "vnet_route_all_enabled": false,
                "websockets_enabled": false,
                "windows_fx_version": ""
              }
            ],
            "site_credential": [
              {
                "password": "Y6NHyvWlfx5inlL4ybkoGPTFcJuHkYnJSJTPkEPycnPAQQEZksmlDnZoY493",
                "username": "$ptcsoaext-web-app"
              }
            ],
            "source_control": [
              {
                "branch": "master",
                "manual_integration": false,
                "repo_url": "",
                "rollback_enabled": false,
                "use_mercurial": false
              }
            ],
            "storage_account": [],
            "tags": {
              "Application": "PTC",
              "Environment": "Dev",
              "Role": "APP",
              "costcenter": ""
            },
            "timeouts": null
          },
          "sensitive_attributes": [],
          "private": "eyJlMmJmYjczMC1lY2FhLTExZTYtOGY4OC0zNDM2M2JjN2M0YzAiOnsiY3JlYXRlIjoxODAwMDAwMDAwMDAwLCJkZWxldGUiOjE4MDAwMDAwMDAwMDAsInJlYWQiOjMwMDAwMDAwMDAwMCwidXBkYXRlIjoxODAwMDAwMDAwMDAwfX0=",
          "dependencies": [
            "azurerm_app_service_plan.ptc_ext_asp",
            "azurerm_resource_group.rg-ptc-dev"
          ]
        }
      ]
    },
    {
      "mode": "managed",
      "type": "azurerm_app_service",
      "name": "ptc_sit",
      "provider": "provider[\"registry.terraform.io/hashicorp/azurerm\"]",
      "instances": [
        {
          "index_key": "ptcmspsit",
          "schema_version": 0,
          "attributes": {
            "app_service_plan_id": "/subscriptions/bc6eadfd-393d-4e9e-8140-4fe9bfd772fc/resourceGroups/azrgpsoan0005/providers/Microsoft.Web/serverfarms/ptc_sit-asp",
            "app_settings": {
              "platform": "value"
            },
            "auth_settings": [
              {
                "active_directory": [],
                "additional_login_params": {},
                "allowed_external_redirect_urls": [],
                "default_provider": "",
                "enabled": false,
                "facebook": [],
                "google": [],
                "issuer": "",
                "microsoft": [],
                "runtime_version": "",
                "token_refresh_extension_hours": 0,
                "token_store_enabled": false,
                "twitter": [],
                "unauthenticated_client_action": ""
              }
            ],
            "backup": [],
            "client_affinity_enabled": false,
            "client_cert_enabled": false,
            "connection_string": [],
            "custom_domain_verification_id": "E0A30A4888649FB17207C99E2F878643A66175BB756A7E21D963818529CA90D8",
            "default_site_hostname": "ptcmspsit-web-app.azurewebsites.net",
            "enabled": true,
            "https_only": false,
            "id": "/subscriptions/bc6eadfd-393d-4e9e-8140-4fe9bfd772fc/resourceGroups/azrgpsoan0005/providers/Microsoft.Web/sites/ptcmspsit-web-app",
            "identity": [],
            "key_vault_reference_identity_id": "SystemAssigned",
            "location": "westeurope",
            "logs": [
              {
                "application_logs": [
                  {
                    "azure_blob_storage": [],
                    "file_system_level": "Off"
                  }
                ],
                "detailed_error_messages_enabled": false,
                "failed_request_tracing_enabled": false,
                "http_logs": [
                  {
                    "azure_blob_storage": [],
                    "file_system": []
                  }
                ]
              }
            ],
            "name": "ptcmspsit-web-app",
            "outbound_ip_address_list": [
              "20.76.25.11",
              "20.71.11.19",
              "20.73.201.83",
              "20.73.133.91",
              "20.76.25.21",
              "20.76.25.48",
              "20.50.2.49"
            ],
            "outbound_ip_addresses": "20.76.25.11,20.71.11.19,20.73.201.83,20.73.133.91,20.76.25.21,20.76.25.48,20.50.2.49",
            "possible_outbound_ip_address_list": [
              "20.76.24.33",
              "20.76.24.48",
              "20.76.24.96",
              "20.76.24.117",
              "20.76.24.150",
              "20.76.24.194",
              "20.76.24.198",
              "20.76.24.230",
              "20.76.24.242",
              "20.76.24.245",
              "20.76.24.248",
              "20.76.25.7",
              "20.76.25.11",
              "20.71.11.19",
              "20.73.201.83",
              "20.73.133.91",
              "20.76.25.21",
              "20.76.25.48",
              "20.76.25.67",
              "20.76.25.167",
              "20.73.205.15",
              "20.73.132.199",
              "20.76.25.185",
              "20.76.25.215",
              "20.76.25.229",
              "20.76.25.238",
              "20.76.25.240",
              "20.76.26.11",
              "20.76.26.21",
              "20.76.26.31",
              "20.50.2.49"
            ],
            "possible_outbound_ip_addresses": "20.76.24.33,20.76.24.48,20.76.24.96,20.76.24.117,20.76.24.150,20.76.24.194,20.76.24.198,20.76.24.230,20.76.24.242,20.76.24.245,20.76.24.248,20.76.25.7,20.76.25.11,20.71.11.19,20.73.201.83,20.73.133.91,20.76.25.21,20.76.25.48,20.76.25.67,20.76.25.167,20.73.205.15,20.73.132.199,20.76.25.185,20.76.25.215,20.76.25.229,20.76.25.238,20.76.25.240,20.76.26.11,20.76.26.21,20.76.26.31,20.50.2.49",
            "resource_group_name": "azrgpsoan0005",
            "site_config": [
              {
                "acr_use_managed_identity_credentials": false,
                "acr_user_managed_identity_client_id": "",
                "always_on": false,
                "app_command_line": "",
                "auto_swap_slot_name": "",
                "cors": [],
                "default_documents": [
                  "Default.htm",
                  "Default.html",
                  "Default.asp",
                  "index.htm",
                  "index.html",
                  "iisstart.htm",
                  "default.aspx",
                  "index.php",
                  "hostingstart.html"
                ],
                "dotnet_framework_version": "v4.0",
                "ftps_state": "AllAllowed",
                "health_check_path": "",
                "http2_enabled": false,
                "ip_restriction": [],
                "java_container": "",
                "java_container_version": "",
                "java_version": "",
                "linux_fx_version": "",
                "local_mysql_enabled": false,
                "managed_pipeline_mode": "Integrated",
                "min_tls_version": "1.2",
                "number_of_workers": 1,
                "php_version": "5.6",
                "python_version": "",
                "remote_debugging_enabled": false,
                "remote_debugging_version": "",
                "scm_ip_restriction": [],
                "scm_type": "None",
                "scm_use_main_ip_restriction": false,
                "use_32_bit_worker_process": true,
                "vnet_route_all_enabled": false,
                "websockets_enabled": false,
                "windows_fx_version": ""
              }
            ],
            "site_credential": [
              {
                "password": "rsEfqNYZuZrnE5AZ1klyJgqQ3100J63p6bTX8LBP12capyB9iqX5icly0EGh",
                "username": "$ptcmspsit-web-app"
              }
            ],
            "source_control": [
              {
                "branch": "master",
                "manual_integration": false,
                "repo_url": "",
                "rollback_enabled": false,
                "use_mercurial": false
              }
            ],
            "storage_account": [],
            "tags": {
              "Application": "PTC",
              "Environment": "Dev",
              "Role": "APP",
              "costcenter": ""
            },
            "timeouts": null
          },
          "sensitive_attributes": [],
          "private": "eyJlMmJmYjczMC1lY2FhLTExZTYtOGY4OC0zNDM2M2JjN2M0YzAiOnsiY3JlYXRlIjoxODAwMDAwMDAwMDAwLCJkZWxldGUiOjE4MDAwMDAwMDAwMDAsInJlYWQiOjMwMDAwMDAwMDAwMCwidXBkYXRlIjoxODAwMDAwMDAwMDAwfX0=",
          "dependencies": [
            "azurerm_app_service_plan.ptc_sit_asp",
            "azurerm_resource_group.rg-ptc-dev"
          ]
        },
        {
          "index_key": "ptcmspsitptc",
          "schema_version": 0,
          "attributes": {
            "app_service_plan_id": "/subscriptions/bc6eadfd-393d-4e9e-8140-4fe9bfd772fc/resourceGroups/azrgpsoan0005/providers/Microsoft.Web/serverfarms/ptc_sit-asp",
            "app_settings": {
              "platform": "value"
            },
            "auth_settings": [
              {
                "active_directory": [],
                "additional_login_params": {},
                "allowed_external_redirect_urls": [],
                "default_provider": "",
                "enabled": false,
                "facebook": [],
                "google": [],
                "issuer": "",
                "microsoft": [],
                "runtime_version": "",
                "token_refresh_extension_hours": 0,
                "token_store_enabled": false,
                "twitter": [],
                "unauthenticated_client_action": ""
              }
            ],
            "backup": [],
            "client_affinity_enabled": false,
            "client_cert_enabled": false,
            "connection_string": [],
            "custom_domain_verification_id": "E0A30A4888649FB17207C99E2F878643A66175BB756A7E21D963818529CA90D8",
            "default_site_hostname": "ptcmspsitptc-web-app.azurewebsites.net",
            "enabled": true,
            "https_only": false,
            "id": "/subscriptions/bc6eadfd-393d-4e9e-8140-4fe9bfd772fc/resourceGroups/azrgpsoan0005/providers/Microsoft.Web/sites/ptcmspsitptc-web-app",
            "identity": [],
            "key_vault_reference_identity_id": "SystemAssigned",
            "location": "westeurope",
            "logs": [
              {
                "application_logs": [
                  {
                    "azure_blob_storage": [],
                    "file_system_level": "Off"
                  }
                ],
                "detailed_error_messages_enabled": false,
                "failed_request_tracing_enabled": false,
                "http_logs": [
                  {
                    "azure_blob_storage": [],
                    "file_system": []
                  }
                ]
              }
            ],
            "name": "ptcmspsitptc-web-app",
            "outbound_ip_address_list": [
              "20.76.25.11",
              "20.71.11.19",
              "20.73.201.83",
              "20.73.133.91",
              "20.76.25.21",
              "20.76.25.48",
              "20.50.2.49"
            ],
            "outbound_ip_addresses": "20.76.25.11,20.71.11.19,20.73.201.83,20.73.133.91,20.76.25.21,20.76.25.48,20.50.2.49",
            "possible_outbound_ip_address_list": [
              "20.76.24.33",
              "20.76.24.48",
              "20.76.24.96",
              "20.76.24.117",
              "20.76.24.150",
              "20.76.24.194",
              "20.76.24.198",
              "20.76.24.230",
              "20.76.24.242",
              "20.76.24.245",
              "20.76.24.248",
              "20.76.25.7",
              "20.76.25.11",
              "20.71.11.19",
              "20.73.201.83",
              "20.73.133.91",
              "20.76.25.21",
              "20.76.25.48",
              "20.76.25.67",
              "20.76.25.167",
              "20.73.205.15",
              "20.73.132.199",
              "20.76.25.185",
              "20.76.25.215",
              "20.76.25.229",
              "20.76.25.238",
              "20.76.25.240",
              "20.76.26.11",
              "20.76.26.21",
              "20.76.26.31",
              "20.50.2.49"
            ],
            "possible_outbound_ip_addresses": "20.76.24.33,20.76.24.48,20.76.24.96,20.76.24.117,20.76.24.150,20.76.24.194,20.76.24.198,20.76.24.230,20.76.24.242,20.76.24.245,20.76.24.248,20.76.25.7,20.76.25.11,20.71.11.19,20.73.201.83,20.73.133.91,20.76.25.21,20.76.25.48,20.76.25.67,20.76.25.167,20.73.205.15,20.73.132.199,20.76.25.185,20.76.25.215,20.76.25.229,20.76.25.238,20.76.25.240,20.76.26.11,20.76.26.21,20.76.26.31,20.50.2.49",
            "resource_group_name": "azrgpsoan0005",
            "site_config": [
              {
                "acr_use_managed_identity_credentials": false,
                "acr_user_managed_identity_client_id": "",
                "always_on": false,
                "app_command_line": "",
                "auto_swap_slot_name": "",
                "cors": [],
                "default_documents": [
                  "Default.htm",
                  "Default.html",
                  "Default.asp",
                  "index.htm",
                  "index.html",
                  "iisstart.htm",
                  "default.aspx",
                  "index.php",
                  "hostingstart.html"
                ],
                "dotnet_framework_version": "v4.0",
                "ftps_state": "AllAllowed",
                "health_check_path": "",
                "http2_enabled": false,
                "ip_restriction": [],
                "java_container": "",
                "java_container_version": "",
                "java_version": "",
                "linux_fx_version": "",
                "local_mysql_enabled": false,
                "managed_pipeline_mode": "Integrated",
                "min_tls_version": "1.2",
                "number_of_workers": 1,
                "php_version": "5.6",
                "python_version": "",
                "remote_debugging_enabled": false,
                "remote_debugging_version": "",
                "scm_ip_restriction": [],
                "scm_type": "None",
                "scm_use_main_ip_restriction": false,
                "use_32_bit_worker_process": true,
                "vnet_route_all_enabled": false,
                "websockets_enabled": false,
                "windows_fx_version": ""
              }
            ],
            "site_credential": [
              {
                "password": "lQXirP8qWJtNuPghjJDlmkJXWoGFHWs8xACac0xF9faworfER9NvD3Tx7v2G",
                "username": "$ptcmspsitptc-web-app"
              }
            ],
            "source_control": [
              {
                "branch": "master",
                "manual_integration": false,
                "repo_url": "",
                "rollback_enabled": false,
                "use_mercurial": false
              }
            ],
            "storage_account": [],
            "tags": {
              "Application": "PTC",
              "Environment": "Dev",
              "Role": "APP",
              "costcenter": ""
            },
            "timeouts": null
          },
          "sensitive_attributes": [],
          "private": "eyJlMmJmYjczMC1lY2FhLTExZTYtOGY4OC0zNDM2M2JjN2M0YzAiOnsiY3JlYXRlIjoxODAwMDAwMDAwMDAwLCJkZWxldGUiOjE4MDAwMDAwMDAwMDAsInJlYWQiOjMwMDAwMDAwMDAwMCwidXBkYXRlIjoxODAwMDAwMDAwMDAwfX0=",
          "dependencies": [
            "azurerm_app_service_plan.ptc_sit_asp",
            "azurerm_resource_group.rg-ptc-dev"
          ]
        },
        {
          "index_key": "ptcmspsitshared",
          "schema_version": 0,
          "attributes": {
            "app_service_plan_id": "/subscriptions/bc6eadfd-393d-4e9e-8140-4fe9bfd772fc/resourceGroups/azrgpsoan0005/providers/Microsoft.Web/serverfarms/ptc_sit-asp",
            "app_settings": {
              "platform": "value"
            },
            "auth_settings": [
              {
                "active_directory": [],
                "additional_login_params": {},
                "allowed_external_redirect_urls": [],
                "default_provider": "",
                "enabled": false,
                "facebook": [],
                "google": [],
                "issuer": "",
                "microsoft": [],
                "runtime_version": "",
                "token_refresh_extension_hours": 0,
                "token_store_enabled": false,
                "twitter": [],
                "unauthenticated_client_action": ""
              }
            ],
            "backup": [],
            "client_affinity_enabled": false,
            "client_cert_enabled": false,
            "connection_string": [],
            "custom_domain_verification_id": "E0A30A4888649FB17207C99E2F878643A66175BB756A7E21D963818529CA90D8",
            "default_site_hostname": "ptcmspsitshared-web-app.azurewebsites.net",
            "enabled": true,
            "https_only": false,
            "id": "/subscriptions/bc6eadfd-393d-4e9e-8140-4fe9bfd772fc/resourceGroups/azrgpsoan0005/providers/Microsoft.Web/sites/ptcmspsitshared-web-app",
            "identity": [],
            "key_vault_reference_identity_id": "SystemAssigned",
            "location": "westeurope",
            "logs": [
              {
                "application_logs": [
                  {
                    "azure_blob_storage": [],
                    "file_system_level": "Off"
                  }
                ],
                "detailed_error_messages_enabled": false,
                "failed_request_tracing_enabled": false,
                "http_logs": [
                  {
                    "azure_blob_storage": [],
                    "file_system": []
                  }
                ]
              }
            ],
            "name": "ptcmspsitshared-web-app",
            "outbound_ip_address_list": [
              "20.76.25.11",
              "20.71.11.19",
              "20.73.201.83",
              "20.73.133.91",
              "20.76.25.21",
              "20.76.25.48",
              "20.50.2.49"
            ],
            "outbound_ip_addresses": "20.76.25.11,20.71.11.19,20.73.201.83,20.73.133.91,20.76.25.21,20.76.25.48,20.50.2.49",
            "possible_outbound_ip_address_list": [
              "20.76.24.33",
              "20.76.24.48",
              "20.76.24.96",
              "20.76.24.117",
              "20.76.24.150",
              "20.76.24.194",
              "20.76.24.198",
              "20.76.24.230",
              "20.76.24.242",
              "20.76.24.245",
              "20.76.24.248",
              "20.76.25.7",
              "20.76.25.11",
              "20.71.11.19",
              "20.73.201.83",
              "20.73.133.91",
              "20.76.25.21",
              "20.76.25.48",
              "20.76.25.67",
              "20.76.25.167",
              "20.73.205.15",
              "20.73.132.199",
              "20.76.25.185",
              "20.76.25.215",
              "20.76.25.229",
              "20.76.25.238",
              "20.76.25.240",
              "20.76.26.11",
              "20.76.26.21",
              "20.76.26.31",
              "20.50.2.49"
            ],
            "possible_outbound_ip_addresses": "20.76.24.33,20.76.24.48,20.76.24.96,20.76.24.117,20.76.24.150,20.76.24.194,20.76.24.198,20.76.24.230,20.76.24.242,20.76.24.245,20.76.24.248,20.76.25.7,20.76.25.11,20.71.11.19,20.73.201.83,20.73.133.91,20.76.25.21,20.76.25.48,20.76.25.67,20.76.25.167,20.73.205.15,20.73.132.199,20.76.25.185,20.76.25.215,20.76.25.229,20.76.25.238,20.76.25.240,20.76.26.11,20.76.26.21,20.76.26.31,20.50.2.49",
            "resource_group_name": "azrgpsoan0005",
            "site_config": [
              {
                "acr_use_managed_identity_credentials": false,
                "acr_user_managed_identity_client_id": "",
                "always_on": false,
                "app_command_line": "",
                "auto_swap_slot_name": "",
                "cors": [],
                "default_documents": [
                  "Default.htm",
                  "Default.html",
                  "Default.asp",
                  "index.htm",
                  "index.html",
                  "iisstart.htm",
                  "default.aspx",
                  "index.php",
                  "hostingstart.html"
                ],
                "dotnet_framework_version": "v4.0",
                "ftps_state": "AllAllowed",
                "health_check_path": "",
                "http2_enabled": false,
                "ip_restriction": [],
                "java_container": "",
                "java_container_version": "",
                "java_version": "",
                "linux_fx_version": "",
                "local_mysql_enabled": false,
                "managed_pipeline_mode": "Integrated",
                "min_tls_version": "1.2",
                "number_of_workers": 1,
                "php_version": "5.6",
                "python_version": "",
                "remote_debugging_enabled": false,
                "remote_debugging_version": "",
                "scm_ip_restriction": [],
                "scm_type": "None",
                "scm_use_main_ip_restriction": false,
                "use_32_bit_worker_process": true,
                "vnet_route_all_enabled": false,
                "websockets_enabled": false,
                "windows_fx_version": ""
              }
            ],
            "site_credential": [
              {
                "password": "9i0W2zPpMvLqAigoM4JbFAvForxxgg7QkBGFepmdboxoXTjGzddQE0XavuE5",
                "username": "$ptcmspsitshared-web-app"
              }
            ],
            "source_control": [
              {
                "branch": "master",
                "manual_integration": false,
                "repo_url": "",
                "rollback_enabled": false,
                "use_mercurial": false
              }
            ],
            "storage_account": [],
            "tags": {
              "Application": "PTC",
              "Environment": "Dev",
              "Role": "APP",
              "costcenter": ""
            },
            "timeouts": null
          },
          "sensitive_attributes": [],
          "private": "eyJlMmJmYjczMC1lY2FhLTExZTYtOGY4OC0zNDM2M2JjN2M0YzAiOnsiY3JlYXRlIjoxODAwMDAwMDAwMDAwLCJkZWxldGUiOjE4MDAwMDAwMDAwMDAsInJlYWQiOjMwMDAwMDAwMDAwMCwidXBkYXRlIjoxODAwMDAwMDAwMDAwfX0=",
          "dependencies": [
            "azurerm_app_service_plan.ptc_sit_asp",
            "azurerm_resource_group.rg-ptc-dev"
          ]
        },
        {
          "index_key": "ptcsoasit",
          "schema_version": 0,
          "attributes": {
            "app_service_plan_id": "/subscriptions/bc6eadfd-393d-4e9e-8140-4fe9bfd772fc/resourceGroups/azrgpsoan0005/providers/Microsoft.Web/serverfarms/ptc_sit-asp",
            "app_settings": {
              "platform": "value"
            },
            "auth_settings": [
              {
                "active_directory": [],
                "additional_login_params": {},
                "allowed_external_redirect_urls": [],
                "default_provider": "",
                "enabled": false,
                "facebook": [],
                "google": [],
                "issuer": "",
                "microsoft": [],
                "runtime_version": "",
                "token_refresh_extension_hours": 0,
                "token_store_enabled": false,
                "twitter": [],
                "unauthenticated_client_action": ""
              }
            ],
            "backup": [],
            "client_affinity_enabled": false,
            "client_cert_enabled": false,
            "connection_string": [],
            "custom_domain_verification_id": "E0A30A4888649FB17207C99E2F878643A66175BB756A7E21D963818529CA90D8",
            "default_site_hostname": "ptcsoasit-web-app.azurewebsites.net",
            "enabled": true,
            "https_only": false,
            "id": "/subscriptions/bc6eadfd-393d-4e9e-8140-4fe9bfd772fc/resourceGroups/azrgpsoan0005/providers/Microsoft.Web/sites/ptcsoasit-web-app",
            "identity": [],
            "key_vault_reference_identity_id": "SystemAssigned",
            "location": "westeurope",
            "logs": [
              {
                "application_logs": [
                  {
                    "azure_blob_storage": [],
                    "file_system_level": "Off"
                  }
                ],
                "detailed_error_messages_enabled": false,
                "failed_request_tracing_enabled": false,
                "http_logs": [
                  {
                    "azure_blob_storage": [],
                    "file_system": []
                  }
                ]
              }
            ],
            "name": "ptcsoasit-web-app",
            "outbound_ip_address_list": [
              "20.76.25.11",
              "20.71.11.19",
              "20.73.201.83",
              "20.73.133.91",
              "20.76.25.21",
              "20.76.25.48",
              "20.50.2.49"
            ],
            "outbound_ip_addresses": "20.76.25.11,20.71.11.19,20.73.201.83,20.73.133.91,20.76.25.21,20.76.25.48,20.50.2.49",
            "possible_outbound_ip_address_list": [
              "20.76.24.33",
              "20.76.24.48",
              "20.76.24.96",
              "20.76.24.117",
              "20.76.24.150",
              "20.76.24.194",
              "20.76.24.198",
              "20.76.24.230",
              "20.76.24.242",
              "20.76.24.245",
              "20.76.24.248",
              "20.76.25.7",
              "20.76.25.11",
              "20.71.11.19",
              "20.73.201.83",
              "20.73.133.91",
              "20.76.25.21",
              "20.76.25.48",
              "20.76.25.67",
              "20.76.25.167",
              "20.73.205.15",
              "20.73.132.199",
              "20.76.25.185",
              "20.76.25.215",
              "20.76.25.229",
              "20.76.25.238",
              "20.76.25.240",
              "20.76.26.11",
              "20.76.26.21",
              "20.76.26.31",
              "20.50.2.49"
            ],
            "possible_outbound_ip_addresses": "20.76.24.33,20.76.24.48,20.76.24.96,20.76.24.117,20.76.24.150,20.76.24.194,20.76.24.198,20.76.24.230,20.76.24.242,20.76.24.245,20.76.24.248,20.76.25.7,20.76.25.11,20.71.11.19,20.73.201.83,20.73.133.91,20.76.25.21,20.76.25.48,20.76.25.67,20.76.25.167,20.73.205.15,20.73.132.199,20.76.25.185,20.76.25.215,20.76.25.229,20.76.25.238,20.76.25.240,20.76.26.11,20.76.26.21,20.76.26.31,20.50.2.49",
            "resource_group_name": "azrgpsoan0005",
            "site_config": [
              {
                "acr_use_managed_identity_credentials": false,
                "acr_user_managed_identity_client_id": "",
                "always_on": false,
                "app_command_line": "",
                "auto_swap_slot_name": "",
                "cors": [],
                "default_documents": [
                  "Default.htm",
                  "Default.html",
                  "Default.asp",
                  "index.htm",
                  "index.html",
                  "iisstart.htm",
                  "default.aspx",
                  "index.php",
                  "hostingstart.html"
                ],
                "dotnet_framework_version": "v4.0",
                "ftps_state": "AllAllowed",
                "health_check_path": "",
                "http2_enabled": false,
                "ip_restriction": [],
                "java_container": "",
                "java_container_version": "",
                "java_version": "",
                "linux_fx_version": "",
                "local_mysql_enabled": false,
                "managed_pipeline_mode": "Integrated",
                "min_tls_version": "1.2",
                "number_of_workers": 1,
                "php_version": "5.6",
                "python_version": "",
                "remote_debugging_enabled": false,
                "remote_debugging_version": "",
                "scm_ip_restriction": [],
                "scm_type": "None",
                "scm_use_main_ip_restriction": false,
                "use_32_bit_worker_process": true,
                "vnet_route_all_enabled": false,
                "websockets_enabled": false,
                "windows_fx_version": ""
              }
            ],
            "site_credential": [
              {
                "password": "twNmQ9NyZXkvAqFnZiPbbRLNFfTkz7TRyDZW9kiKZGSG95nniwx163Lhuu8r",
                "username": "$ptcsoasit-web-app"
              }
            ],
            "source_control": [
              {
                "branch": "master",
                "manual_integration": false,
                "repo_url": "",
                "rollback_enabled": false,
                "use_mercurial": false
              }
            ],
            "storage_account": [],
            "tags": {
              "Application": "PTC",
              "Environment": "Dev",
              "Role": "APP",
              "costcenter": ""
            },
            "timeouts": null
          },
          "sensitive_attributes": [],
          "private": "eyJlMmJmYjczMC1lY2FhLTExZTYtOGY4OC0zNDM2M2JjN2M0YzAiOnsiY3JlYXRlIjoxODAwMDAwMDAwMDAwLCJkZWxldGUiOjE4MDAwMDAwMDAwMDAsInJlYWQiOjMwMDAwMDAwMDAwMCwidXBkYXRlIjoxODAwMDAwMDAwMDAwfX0=",
          "dependencies": [
            "azurerm_app_service_plan.ptc_sit_asp",
            "azurerm_resource_group.rg-ptc-dev"
          ]
        }
      ]
    },
    {
      "mode": "managed",
      "type": "azurerm_app_service",
      "name": "sit_soa",
      "provider": "provider[\"registry.terraform.io/hashicorp/azurerm\"]",
      "instances": [
        {
          "index_key": "mspsit",
          "schema_version": 0,
          "attributes": {
            "app_service_plan_id": "/subscriptions/bc6eadfd-393d-4e9e-8140-4fe9bfd772fc/resourceGroups/azrgpsoan0002/providers/Microsoft.Web/serverfarms/soa-sit-asp",
            "app_settings": {
              "platform": "value"
            },
            "auth_settings": [
              {
                "active_directory": [],
                "additional_login_params": {},
                "allowed_external_redirect_urls": [],
                "default_provider": "",
                "enabled": false,
                "facebook": [],
                "google": [],
                "issuer": "",
                "microsoft": [],
                "runtime_version": "",
                "token_refresh_extension_hours": 0,
                "token_store_enabled": false,
                "twitter": [],
                "unauthenticated_client_action": ""
              }
            ],
            "backup": [],
            "client_affinity_enabled": false,
            "client_cert_enabled": false,
            "connection_string": [],
            "custom_domain_verification_id": "E0A30A4888649FB17207C99E2F878643A66175BB756A7E21D963818529CA90D8",
            "default_site_hostname": "mspsit-web-app.azurewebsites.net",
            "enabled": true,
            "https_only": false,
            "id": "/subscriptions/bc6eadfd-393d-4e9e-8140-4fe9bfd772fc/resourceGroups/azrgpsoan0002/providers/Microsoft.Web/sites/mspsit-web-app",
            "identity": [],
            "key_vault_reference_identity_id": "SystemAssigned",
            "location": "westeurope",
            "logs": [
              {
                "application_logs": [
                  {
                    "azure_blob_storage": [],
                    "file_system_level": "Off"
                  }
                ],
                "detailed_error_messages_enabled": false,
                "failed_request_tracing_enabled": false,
                "http_logs": [
                  {
                    "azure_blob_storage": [],
                    "file_system": []
                  }
                ]
              }
            ],
            "name": "mspsit-web-app",
            "outbound_ip_address_list": [
              "20.76.147.148",
              "20.76.147.163",
              "20.76.147.166",
              "20.76.147.175",
              "20.76.147.192",
              "20.76.148.14",
              "20.50.2.61"
            ],
            "outbound_ip_addresses": "20.76.147.148,20.76.147.163,20.76.147.166,20.76.147.175,20.76.147.192,20.76.148.14,20.50.2.61",
            "possible_outbound_ip_address_list": [
              "20.76.180.32",
              "20.82.72.63",
              "20.82.72.143",
              "20.82.82.2",
              "20.76.249.108",
              "20.76.249.172",
              "20.76.248.27",
              "20.76.147.27",
              "20.76.147.84",
              "20.76.145.13",
              "20.76.145.115",
              "20.76.147.123",
              "20.76.147.148",
              "20.76.147.163",
              "20.76.147.166",
              "20.76.147.175",
              "20.76.147.192",
              "20.76.148.14",
              "20.76.148.24",
              "20.76.148.35",
              "20.76.148.44",
              "20.76.148.48",
              "20.76.144.187",
              "20.76.144.77",
              "20.76.148.122",
              "20.76.148.151",
              "20.76.148.152",
              "20.76.148.162",
              "20.76.148.172",
              "20.76.148.209",
              "20.50.2.61"
            ],
            "possible_outbound_ip_addresses": "20.76.180.32,20.82.72.63,20.82.72.143,20.82.82.2,20.76.249.108,20.76.249.172,20.76.248.27,20.76.147.27,20.76.147.84,20.76.145.13,20.76.145.115,20.76.147.123,20.76.147.148,20.76.147.163,20.76.147.166,20.76.147.175,20.76.147.192,20.76.148.14,20.76.148.24,20.76.148.35,20.76.148.44,20.76.148.48,20.76.144.187,20.76.144.77,20.76.148.122,20.76.148.151,20.76.148.152,20.76.148.162,20.76.148.172,20.76.148.209,20.50.2.61",
            "resource_group_name": "azrgpsoan0002",
            "site_config": [
              {
                "acr_use_managed_identity_credentials": false,
                "acr_user_managed_identity_client_id": "",
                "always_on": false,
                "app_command_line": "",
                "auto_swap_slot_name": "",
                "cors": [],
                "default_documents": [
                  "Default.htm",
                  "Default.html",
                  "Default.asp",
                  "index.htm",
                  "index.html",
                  "iisstart.htm",
                  "default.aspx",
                  "index.php",
                  "hostingstart.html"
                ],
                "dotnet_framework_version": "v4.0",
                "ftps_state": "AllAllowed",
                "health_check_path": "",
                "http2_enabled": false,
                "ip_restriction": [],
                "java_container": "",
                "java_container_version": "",
                "java_version": "",
                "linux_fx_version": "",
                "local_mysql_enabled": false,
                "managed_pipeline_mode": "Integrated",
                "min_tls_version": "1.2",
                "number_of_workers": 1,
                "php_version": "5.6",
                "python_version": "",
                "remote_debugging_enabled": false,
                "remote_debugging_version": "",
                "scm_ip_restriction": [],
                "scm_type": "None",
                "scm_use_main_ip_restriction": false,
                "use_32_bit_worker_process": true,
                "vnet_route_all_enabled": false,
                "websockets_enabled": false,
                "windows_fx_version": ""
              }
            ],
            "site_credential": [
              {
                "password": "W16nQeGPB7DG3DdifEpgz3CS3ngpf1ZhDQTZEtjLfpz2LKiWa6jciQcekmpv",
                "username": "$mspsit-web-app"
              }
            ],
            "source_control": [
              {
                "branch": "master",
                "manual_integration": false,
                "repo_url": "",
                "rollback_enabled": false,
                "use_mercurial": false
              }
            ],
            "storage_account": [],
            "tags": {
              "Application": "SOA",
              "Environment": "Dev",
              "Role": "APP",
              "costcenter": ""
            },
            "timeouts": null
          },
          "sensitive_attributes": [],
          "private": "eyJlMmJmYjczMC1lY2FhLTExZTYtOGY4OC0zNDM2M2JjN2M0YzAiOnsiY3JlYXRlIjoxODAwMDAwMDAwMDAwLCJkZWxldGUiOjE4MDAwMDAwMDAwMDAsInJlYWQiOjMwMDAwMDAwMDAwMCwidXBkYXRlIjoxODAwMDAwMDAwMDAwfX0=",
          "dependencies": [
            "azurerm_app_service_plan.sit-soa-asp",
            "azurerm_resource_group.rg-dev-soa"
          ]
        },
        {
          "index_key": "mspsitaxon",
          "schema_version": 0,
          "attributes": {
            "app_service_plan_id": "/subscriptions/bc6eadfd-393d-4e9e-8140-4fe9bfd772fc/resourceGroups/azrgpsoan0002/providers/Microsoft.Web/serverfarms/soa-sit-asp",
            "app_settings": {
              "platform": "value"
            },
            "auth_settings": [
              {
                "active_directory": [],
                "additional_login_params": {},
                "allowed_external_redirect_urls": [],
                "default_provider": "",
                "enabled": false,
                "facebook": [],
                "google": [],
                "issuer": "",
                "microsoft": [],
                "runtime_version": "",
                "token_refresh_extension_hours": 0,
                "token_store_enabled": false,
                "twitter": [],
                "unauthenticated_client_action": ""
              }
            ],
            "backup": [],
            "client_affinity_enabled": false,
            "client_cert_enabled": false,
            "connection_string": [],
            "custom_domain_verification_id": "E0A30A4888649FB17207C99E2F878643A66175BB756A7E21D963818529CA90D8",
            "default_site_hostname": "mspsitaxon-web-app.azurewebsites.net",
            "enabled": true,
            "https_only": false,
            "id": "/subscriptions/bc6eadfd-393d-4e9e-8140-4fe9bfd772fc/resourceGroups/azrgpsoan0002/providers/Microsoft.Web/sites/mspsitaxon-web-app",
            "identity": [],
            "key_vault_reference_identity_id": "SystemAssigned",
            "location": "westeurope",
            "logs": [
              {
                "application_logs": [
                  {
                    "azure_blob_storage": [],
                    "file_system_level": "Off"
                  }
                ],
                "detailed_error_messages_enabled": false,
                "failed_request_tracing_enabled": false,
                "http_logs": [
                  {
                    "azure_blob_storage": [],
                    "file_system": []
                  }
                ]
              }
            ],
            "name": "mspsitaxon-web-app",
            "outbound_ip_address_list": [
              "20.76.147.148",
              "20.76.147.163",
              "20.76.147.166",
              "20.76.147.175",
              "20.76.147.192",
              "20.76.148.14",
              "20.50.2.61"
            ],
            "outbound_ip_addresses": "20.76.147.148,20.76.147.163,20.76.147.166,20.76.147.175,20.76.147.192,20.76.148.14,20.50.2.61",
            "possible_outbound_ip_address_list": [
              "20.76.180.32",
              "20.82.72.63",
              "20.82.72.143",
              "20.82.82.2",
              "20.76.249.108",
              "20.76.249.172",
              "20.76.248.27",
              "20.76.147.27",
              "20.76.147.84",
              "20.76.145.13",
              "20.76.145.115",
              "20.76.147.123",
              "20.76.147.148",
              "20.76.147.163",
              "20.76.147.166",
              "20.76.147.175",
              "20.76.147.192",
              "20.76.148.14",
              "20.76.148.24",
              "20.76.148.35",
              "20.76.148.44",
              "20.76.148.48",
              "20.76.144.187",
              "20.76.144.77",
              "20.76.148.122",
              "20.76.148.151",
              "20.76.148.152",
              "20.76.148.162",
              "20.76.148.172",
              "20.76.148.209",
              "20.50.2.61"
            ],
            "possible_outbound_ip_addresses": "20.76.180.32,20.82.72.63,20.82.72.143,20.82.82.2,20.76.249.108,20.76.249.172,20.76.248.27,20.76.147.27,20.76.147.84,20.76.145.13,20.76.145.115,20.76.147.123,20.76.147.148,20.76.147.163,20.76.147.166,20.76.147.175,20.76.147.192,20.76.148.14,20.76.148.24,20.76.148.35,20.76.148.44,20.76.148.48,20.76.144.187,20.76.144.77,20.76.148.122,20.76.148.151,20.76.148.152,20.76.148.162,20.76.148.172,20.76.148.209,20.50.2.61",
            "resource_group_name": "azrgpsoan0002",
            "site_config": [
              {
                "acr_use_managed_identity_credentials": false,
                "acr_user_managed_identity_client_id": "",
                "always_on": false,
                "app_command_line": "",
                "auto_swap_slot_name": "",
                "cors": [],
                "default_documents": [
                  "Default.htm",
                  "Default.html",
                  "Default.asp",
                  "index.htm",
                  "index.html",
                  "iisstart.htm",
                  "default.aspx",
                  "index.php",
                  "hostingstart.html"
                ],
                "dotnet_framework_version": "v4.0",
                "ftps_state": "AllAllowed",
                "health_check_path": "",
                "http2_enabled": false,
                "ip_restriction": [],
                "java_container": "",
                "java_container_version": "",
                "java_version": "",
                "linux_fx_version": "",
                "local_mysql_enabled": false,
                "managed_pipeline_mode": "Integrated",
                "min_tls_version": "1.2",
                "number_of_workers": 1,
                "php_version": "5.6",
                "python_version": "",
                "remote_debugging_enabled": false,
                "remote_debugging_version": "",
                "scm_ip_restriction": [],
                "scm_type": "None",
                "scm_use_main_ip_restriction": false,
                "use_32_bit_worker_process": true,
                "vnet_route_all_enabled": false,
                "websockets_enabled": false,
                "windows_fx_version": ""
              }
            ],
            "site_credential": [
              {
                "password": "b6v7nkSKo3wqb3hwAYsrHXtZ7AgpydgW6mYp6NAu3TiucqxeLgASNL8Fk9QE",
                "username": "$mspsitaxon-web-app"
              }
            ],
            "source_control": [
              {
                "branch": "master",
                "manual_integration": false,
                "repo_url": "",
                "rollback_enabled": false,
                "use_mercurial": false
              }
            ],
            "storage_account": [],
            "tags": {
              "Application": "SOA",
              "Environment": "Dev",
              "Role": "APP",
              "costcenter": ""
            },
            "timeouts": null
          },
          "sensitive_attributes": [],
          "private": "eyJlMmJmYjczMC1lY2FhLTExZTYtOGY4OC0zNDM2M2JjN2M0YzAiOnsiY3JlYXRlIjoxODAwMDAwMDAwMDAwLCJkZWxldGUiOjE4MDAwMDAwMDAwMDAsInJlYWQiOjMwMDAwMDAwMDAwMCwidXBkYXRlIjoxODAwMDAwMDAwMDAwfX0=",
          "dependencies": [
            "azurerm_app_service_plan.sit-soa-asp",
            "azurerm_resource_group.rg-dev-soa"
          ]
        }
      ]
    },
    {
      "mode": "managed",
      "type": "azurerm_app_service",
      "name": "trio_dev",
      "provider": "provider[\"registry.terraform.io/hashicorp/azurerm\"]",
      "instances": [
        {
          "index_key": "triomspdev",
          "schema_version": 0,
          "attributes": {
            "app_service_plan_id": "/subscriptions/bc6eadfd-393d-4e9e-8140-4fe9bfd772fc/resourceGroups/azrgpsoan0004/providers/Microsoft.Web/serverfarms/trio_dev-asp",
            "app_settings": {
              "platform": "value"
            },
            "auth_settings": [
              {
                "active_directory": [],
                "additional_login_params": {},
                "allowed_external_redirect_urls": [],
                "default_provider": "",
                "enabled": false,
                "facebook": [],
                "google": [],
                "issuer": "",
                "microsoft": [],
                "runtime_version": "",
                "token_refresh_extension_hours": 0,
                "token_store_enabled": false,
                "twitter": [],
                "unauthenticated_client_action": ""
              }
            ],
            "backup": [],
            "client_affinity_enabled": false,
            "client_cert_enabled": false,
            "connection_string": [],
            "custom_domain_verification_id": "E0A30A4888649FB17207C99E2F878643A66175BB756A7E21D963818529CA90D8",
            "default_site_hostname": "triomspdev-web-app.azurewebsites.net",
            "enabled": true,
            "https_only": false,
            "id": "/subscriptions/bc6eadfd-393d-4e9e-8140-4fe9bfd772fc/resourceGroups/azrgpsoan0004/providers/Microsoft.Web/sites/triomspdev-web-app",
            "identity": [],
            "key_vault_reference_identity_id": "SystemAssigned",
            "location": "westeurope",
            "logs": [
              {
                "application_logs": [
                  {
                    "azure_blob_storage": [],
                    "file_system_level": "Off"
                  }
                ],
                "detailed_error_messages_enabled": false,
                "failed_request_tracing_enabled": false,
                "http_logs": [
                  {
                    "azure_blob_storage": [],
                    "file_system": []
                  }
                ]
              }
            ],
            "name": "triomspdev-web-app",
            "outbound_ip_address_list": [
              "51.105.119.166",
              "51.105.119.253",
              "51.136.120.44",
              "51.136.120.122",
              "51.136.120.171",
              "51.136.120.207",
              "20.50.2.38"
            ],
            "outbound_ip_addresses": "51.105.119.166,51.105.119.253,51.136.120.44,51.136.120.122,51.136.120.171,51.136.120.207,20.50.2.38",
            "possible_outbound_ip_address_list": [
              "51.105.113.43",
              "51.105.114.159",
              "51.105.115.138",
              "51.105.116.102",
              "51.105.116.185",
              "51.105.117.54",
              "51.105.117.96",
              "51.105.117.184",
              "51.105.118.155",
              "51.105.118.220",
              "51.105.118.236",
              "51.105.119.89",
              "51.105.119.166",
              "51.105.119.253",
              "51.136.120.44",
              "51.136.120.122",
              "51.136.120.171",
              "51.136.120.207",
              "104.45.66.64",
              "104.45.66.228",
              "51.124.133.64",
              "20.71.65.21",
              "20.71.65.60",
              "20.71.65.210",
              "20.71.66.22",
              "20.71.66.26",
              "20.71.66.33",
              "20.71.68.222",
              "20.71.69.46",
              "20.71.69.112",
              "20.50.2.38"
            ],
            "possible_outbound_ip_addresses": "51.105.113.43,51.105.114.159,51.105.115.138,51.105.116.102,51.105.116.185,51.105.117.54,51.105.117.96,51.105.117.184,51.105.118.155,51.105.118.220,51.105.118.236,51.105.119.89,51.105.119.166,51.105.119.253,51.136.120.44,51.136.120.122,51.136.120.171,51.136.120.207,104.45.66.64,104.45.66.228,51.124.133.64,20.71.65.21,20.71.65.60,20.71.65.210,20.71.66.22,20.71.66.26,20.71.66.33,20.71.68.222,20.71.69.46,20.71.69.112,20.50.2.38",
            "resource_group_name": "azrgpsoan0004",
            "site_config": [
              {
                "acr_use_managed_identity_credentials": false,
                "acr_user_managed_identity_client_id": "",
                "always_on": false,
                "app_command_line": "",
                "auto_swap_slot_name": "",
                "cors": [],
                "default_documents": [
                  "Default.htm",
                  "Default.html",
                  "Default.asp",
                  "index.htm",
                  "index.html",
                  "iisstart.htm",
                  "default.aspx",
                  "index.php",
                  "hostingstart.html"
                ],
                "dotnet_framework_version": "v4.0",
                "ftps_state": "AllAllowed",
                "health_check_path": "",
                "http2_enabled": false,
                "ip_restriction": [],
                "java_container": "",
                "java_container_version": "",
                "java_version": "",
                "linux_fx_version": "",
                "local_mysql_enabled": false,
                "managed_pipeline_mode": "Integrated",
                "min_tls_version": "1.2",
                "number_of_workers": 1,
                "php_version": "5.6",
                "python_version": "",
                "remote_debugging_enabled": false,
                "remote_debugging_version": "",
                "scm_ip_restriction": [],
                "scm_type": "None",
                "scm_use_main_ip_restriction": false,
                "use_32_bit_worker_process": true,
                "vnet_route_all_enabled": false,
                "websockets_enabled": false,
                "windows_fx_version": ""
              }
            ],
            "site_credential": [
              {
                "password": "YiES2FuTohHzb6p73e3721hRfgmxoZ0DcJskAv8hsraaHNEr6rBbXlWMRiTK",
                "username": "$triomspdev-web-app"
              }
            ],
            "source_control": [
              {
                "branch": "master",
                "manual_integration": false,
                "repo_url": "",
                "rollback_enabled": false,
                "use_mercurial": false
              }
            ],
            "storage_account": [],
            "tags": {
              "Application": "TRIO",
              "Environment": "Dev",
              "Role": "APP",
              "costcenter": ""
            },
            "timeouts": null
          },
          "sensitive_attributes": [],
          "private": "eyJlMmJmYjczMC1lY2FhLTExZTYtOGY4OC0zNDM2M2JjN2M0YzAiOnsiY3JlYXRlIjoxODAwMDAwMDAwMDAwLCJkZWxldGUiOjE4MDAwMDAwMDAwMDAsInJlYWQiOjMwMDAwMDAwMDAwMCwidXBkYXRlIjoxODAwMDAwMDAwMDAwfX0=",
          "dependencies": [
            "azurerm_app_service_plan.trio_dev_asp",
            "azurerm_resource_group.rg-trio-dev"
          ]
        },
        {
          "index_key": "triomspdevfit",
          "schema_version": 0,
          "attributes": {
            "app_service_plan_id": "/subscriptions/bc6eadfd-393d-4e9e-8140-4fe9bfd772fc/resourceGroups/azrgpsoan0004/providers/Microsoft.Web/serverfarms/trio_dev-asp",
            "app_settings": {
              "platform": "value"
            },
            "auth_settings": [
              {
                "active_directory": [],
                "additional_login_params": {},
                "allowed_external_redirect_urls": [],
                "default_provider": "",
                "enabled": false,
                "facebook": [],
                "google": [],
                "issuer": "",
                "microsoft": [],
                "runtime_version": "",
                "token_refresh_extension_hours": 0,
                "token_store_enabled": false,
                "twitter": [],
                "unauthenticated_client_action": ""
              }
            ],
            "backup": [],
            "client_affinity_enabled": false,
            "client_cert_enabled": false,
            "connection_string": [],
            "custom_domain_verification_id": "E0A30A4888649FB17207C99E2F878643A66175BB756A7E21D963818529CA90D8",
            "default_site_hostname": "triomspdevfit-web-app.azurewebsites.net",
            "enabled": true,
            "https_only": false,
            "id": "/subscriptions/bc6eadfd-393d-4e9e-8140-4fe9bfd772fc/resourceGroups/azrgpsoan0004/providers/Microsoft.Web/sites/triomspdevfit-web-app",
            "identity": [],
            "key_vault_reference_identity_id": "SystemAssigned",
            "location": "westeurope",
            "logs": [
              {
                "application_logs": [
                  {
                    "azure_blob_storage": [],
                    "file_system_level": "Off"
                  }
                ],
                "detailed_error_messages_enabled": false,
                "failed_request_tracing_enabled": false,
                "http_logs": [
                  {
                    "azure_blob_storage": [],
                    "file_system": []
                  }
                ]
              }
            ],
            "name": "triomspdevfit-web-app",
            "outbound_ip_address_list": [
              "51.105.119.166",
              "51.105.119.253",
              "51.136.120.44",
              "51.136.120.122",
              "51.136.120.171",
              "51.136.120.207",
              "20.50.2.38"
            ],
            "outbound_ip_addresses": "51.105.119.166,51.105.119.253,51.136.120.44,51.136.120.122,51.136.120.171,51.136.120.207,20.50.2.38",
            "possible_outbound_ip_address_list": [
              "51.105.113.43",
              "51.105.114.159",
              "51.105.115.138",
              "51.105.116.102",
              "51.105.116.185",
              "51.105.117.54",
              "51.105.117.96",
              "51.105.117.184",
              "51.105.118.155",
              "51.105.118.220",
              "51.105.118.236",
              "51.105.119.89",
              "51.105.119.166",
              "51.105.119.253",
              "51.136.120.44",
              "51.136.120.122",
              "51.136.120.171",
              "51.136.120.207",
              "104.45.66.64",
              "104.45.66.228",
              "51.124.133.64",
              "20.71.65.21",
              "20.71.65.60",
              "20.71.65.210",
              "20.71.66.22",
              "20.71.66.26",
              "20.71.66.33",
              "20.71.68.222",
              "20.71.69.46",
              "20.71.69.112",
              "20.50.2.38"
            ],
            "possible_outbound_ip_addresses": "51.105.113.43,51.105.114.159,51.105.115.138,51.105.116.102,51.105.116.185,51.105.117.54,51.105.117.96,51.105.117.184,51.105.118.155,51.105.118.220,51.105.118.236,51.105.119.89,51.105.119.166,51.105.119.253,51.136.120.44,51.136.120.122,51.136.120.171,51.136.120.207,104.45.66.64,104.45.66.228,51.124.133.64,20.71.65.21,20.71.65.60,20.71.65.210,20.71.66.22,20.71.66.26,20.71.66.33,20.71.68.222,20.71.69.46,20.71.69.112,20.50.2.38",
            "resource_group_name": "azrgpsoan0004",
            "site_config": [
              {
                "acr_use_managed_identity_credentials": false,
                "acr_user_managed_identity_client_id": "",
                "always_on": false,
                "app_command_line": "",
                "auto_swap_slot_name": "",
                "cors": [],
                "default_documents": [
                  "Default.htm",
                  "Default.html",
                  "Default.asp",
                  "index.htm",
                  "index.html",
                  "iisstart.htm",
                  "default.aspx",
                  "index.php",
                  "hostingstart.html"
                ],
                "dotnet_framework_version": "v4.0",
                "ftps_state": "AllAllowed",
                "health_check_path": "",
                "http2_enabled": false,
                "ip_restriction": [],
                "java_container": "",
                "java_container_version": "",
                "java_version": "",
                "linux_fx_version": "",
                "local_mysql_enabled": false,
                "managed_pipeline_mode": "Integrated",
                "min_tls_version": "1.2",
                "number_of_workers": 1,
                "php_version": "5.6",
                "python_version": "",
                "remote_debugging_enabled": false,
                "remote_debugging_version": "",
                "scm_ip_restriction": [],
                "scm_type": "None",
                "scm_use_main_ip_restriction": false,
                "use_32_bit_worker_process": true,
                "vnet_route_all_enabled": false,
                "websockets_enabled": false,
                "windows_fx_version": ""
              }
            ],
            "site_credential": [
              {
                "password": "56jaajGz4EC6mscn0irA6zQrJmjpnhJm7aTcWduTDZWg67glxoP8DFe1Lagf",
                "username": "$triomspdevfit-web-app"
              }
            ],
            "source_control": [
              {
                "branch": "master",
                "manual_integration": false,
                "repo_url": "",
                "rollback_enabled": false,
                "use_mercurial": false
              }
            ],
            "storage_account": [],
            "tags": {
              "Application": "TRIO",
              "Environment": "Dev",
              "Role": "APP",
              "costcenter": ""
            },
            "timeouts": null
          },
          "sensitive_attributes": [],
          "private": "eyJlMmJmYjczMC1lY2FhLTExZTYtOGY4OC0zNDM2M2JjN2M0YzAiOnsiY3JlYXRlIjoxODAwMDAwMDAwMDAwLCJkZWxldGUiOjE4MDAwMDAwMDAwMDAsInJlYWQiOjMwMDAwMDAwMDAwMCwidXBkYXRlIjoxODAwMDAwMDAwMDAwfX0=",
          "dependencies": [
            "azurerm_app_service_plan.trio_dev_asp",
            "azurerm_resource_group.rg-trio-dev"
          ]
        },
        {
          "index_key": "triomspdevshared",
          "schema_version": 0,
          "attributes": {
            "app_service_plan_id": "/subscriptions/bc6eadfd-393d-4e9e-8140-4fe9bfd772fc/resourceGroups/azrgpsoan0004/providers/Microsoft.Web/serverfarms/trio_dev-asp",
            "app_settings": {
              "platform": "value"
            },
            "auth_settings": [
              {
                "active_directory": [],
                "additional_login_params": {},
                "allowed_external_redirect_urls": [],
                "default_provider": "",
                "enabled": false,
                "facebook": [],
                "google": [],
                "issuer": "",
                "microsoft": [],
                "runtime_version": "",
                "token_refresh_extension_hours": 0,
                "token_store_enabled": false,
                "twitter": [],
                "unauthenticated_client_action": ""
              }
            ],
            "backup": [],
            "client_affinity_enabled": false,
            "client_cert_enabled": false,
            "connection_string": [],
            "custom_domain_verification_id": "E0A30A4888649FB17207C99E2F878643A66175BB756A7E21D963818529CA90D8",
            "default_site_hostname": "triomspdevshared-web-app.azurewebsites.net",
            "enabled": true,
            "https_only": false,
            "id": "/subscriptions/bc6eadfd-393d-4e9e-8140-4fe9bfd772fc/resourceGroups/azrgpsoan0004/providers/Microsoft.Web/sites/triomspdevshared-web-app",
            "identity": [],
            "key_vault_reference_identity_id": "SystemAssigned",
            "location": "westeurope",
            "logs": [
              {
                "application_logs": [
                  {
                    "azure_blob_storage": [],
                    "file_system_level": "Off"
                  }
                ],
                "detailed_error_messages_enabled": false,
                "failed_request_tracing_enabled": false,
                "http_logs": [
                  {
                    "azure_blob_storage": [],
                    "file_system": []
                  }
                ]
              }
            ],
            "name": "triomspdevshared-web-app",
            "outbound_ip_address_list": [
              "51.105.119.166",
              "51.105.119.253",
              "51.136.120.44",
              "51.136.120.122",
              "51.136.120.171",
              "51.136.120.207",
              "20.50.2.38"
            ],
            "outbound_ip_addresses": "51.105.119.166,51.105.119.253,51.136.120.44,51.136.120.122,51.136.120.171,51.136.120.207,20.50.2.38",
            "possible_outbound_ip_address_list": [
              "51.105.113.43",
              "51.105.114.159",
              "51.105.115.138",
              "51.105.116.102",
              "51.105.116.185",
              "51.105.117.54",
              "51.105.117.96",
              "51.105.117.184",
              "51.105.118.155",
              "51.105.118.220",
              "51.105.118.236",
              "51.105.119.89",
              "51.105.119.166",
              "51.105.119.253",
              "51.136.120.44",
              "51.136.120.122",
              "51.136.120.171",
              "51.136.120.207",
              "104.45.66.64",
              "104.45.66.228",
              "51.124.133.64",
              "20.71.65.21",
              "20.71.65.60",
              "20.71.65.210",
              "20.71.66.22",
              "20.71.66.26",
              "20.71.66.33",
              "20.71.68.222",
              "20.71.69.46",
              "20.71.69.112",
              "20.50.2.38"
            ],
            "possible_outbound_ip_addresses": "51.105.113.43,51.105.114.159,51.105.115.138,51.105.116.102,51.105.116.185,51.105.117.54,51.105.117.96,51.105.117.184,51.105.118.155,51.105.118.220,51.105.118.236,51.105.119.89,51.105.119.166,51.105.119.253,51.136.120.44,51.136.120.122,51.136.120.171,51.136.120.207,104.45.66.64,104.45.66.228,51.124.133.64,20.71.65.21,20.71.65.60,20.71.65.210,20.71.66.22,20.71.66.26,20.71.66.33,20.71.68.222,20.71.69.46,20.71.69.112,20.50.2.38",
            "resource_group_name": "azrgpsoan0004",
            "site_config": [
              {
                "acr_use_managed_identity_credentials": false,
                "acr_user_managed_identity_client_id": "",
                "always_on": false,
                "app_command_line": "",
                "auto_swap_slot_name": "",
                "cors": [],
                "default_documents": [
                  "Default.htm",
                  "Default.html",
                  "Default.asp",
                  "index.htm",
                  "index.html",
                  "iisstart.htm",
                  "default.aspx",
                  "index.php",
                  "hostingstart.html"
                ],
                "dotnet_framework_version": "v4.0",
                "ftps_state": "AllAllowed",
                "health_check_path": "",
                "http2_enabled": false,
                "ip_restriction": [],
                "java_container": "",
                "java_container_version": "",
                "java_version": "",
                "linux_fx_version": "",
                "local_mysql_enabled": false,
                "managed_pipeline_mode": "Integrated",
                "min_tls_version": "1.2",
                "number_of_workers": 1,
                "php_version": "5.6",
                "python_version": "",
                "remote_debugging_enabled": false,
                "remote_debugging_version": "",
                "scm_ip_restriction": [],
                "scm_type": "None",
                "scm_use_main_ip_restriction": false,
                "use_32_bit_worker_process": true,
                "vnet_route_all_enabled": false,
                "websockets_enabled": false,
                "windows_fx_version": ""
              }
            ],
            "site_credential": [
              {
                "password": "ev6mvW2ZwoMtvQ2xfccRmqiHgxP5Tn928kcMxKcry2ca4eiavWepkjf5Z6pa",
                "username": "$triomspdevshared-web-app"
              }
            ],
            "source_control": [
              {
                "branch": "master",
                "manual_integration": false,
                "repo_url": "",
                "rollback_enabled": false,
                "use_mercurial": false
              }
            ],
            "storage_account": [],
            "tags": {
              "Application": "TRIO",
              "Environment": "Dev",
              "Role": "APP",
              "costcenter": ""
            },
            "timeouts": null
          },
          "sensitive_attributes": [],
          "private": "eyJlMmJmYjczMC1lY2FhLTExZTYtOGY4OC0zNDM2M2JjN2M0YzAiOnsiY3JlYXRlIjoxODAwMDAwMDAwMDAwLCJkZWxldGUiOjE4MDAwMDAwMDAwMDAsInJlYWQiOjMwMDAwMDAwMDAwMCwidXBkYXRlIjoxODAwMDAwMDAwMDAwfX0=",
          "dependencies": [
            "azurerm_app_service_plan.trio_dev_asp",
            "azurerm_resource_group.rg-trio-dev"
          ]
        },
        {
          "index_key": "triomspdevtrio",
          "schema_version": 0,
          "attributes": {
            "app_service_plan_id": "/subscriptions/bc6eadfd-393d-4e9e-8140-4fe9bfd772fc/resourceGroups/azrgpsoan0004/providers/Microsoft.Web/serverfarms/trio_dev-asp",
            "app_settings": {
              "platform": "value"
            },
            "auth_settings": [
              {
                "active_directory": [],
                "additional_login_params": {},
                "allowed_external_redirect_urls": [],
                "default_provider": "",
                "enabled": false,
                "facebook": [],
                "google": [],
                "issuer": "",
                "microsoft": [],
                "runtime_version": "",
                "token_refresh_extension_hours": 0,
                "token_store_enabled": false,
                "twitter": [],
                "unauthenticated_client_action": ""
              }
            ],
            "backup": [],
            "client_affinity_enabled": false,
            "client_cert_enabled": false,
            "connection_string": [],
            "custom_domain_verification_id": "E0A30A4888649FB17207C99E2F878643A66175BB756A7E21D963818529CA90D8",
            "default_site_hostname": "triomspdevtrio-web-app.azurewebsites.net",
            "enabled": true,
            "https_only": false,
            "id": "/subscriptions/bc6eadfd-393d-4e9e-8140-4fe9bfd772fc/resourceGroups/azrgpsoan0004/providers/Microsoft.Web/sites/triomspdevtrio-web-app",
            "identity": [],
            "key_vault_reference_identity_id": "SystemAssigned",
            "location": "westeurope",
            "logs": [
              {
                "application_logs": [
                  {
                    "azure_blob_storage": [],
                    "file_system_level": "Off"
                  }
                ],
                "detailed_error_messages_enabled": false,
                "failed_request_tracing_enabled": false,
                "http_logs": [
                  {
                    "azure_blob_storage": [],
                    "file_system": []
                  }
                ]
              }
            ],
            "name": "triomspdevtrio-web-app",
            "outbound_ip_address_list": [
              "51.105.119.166",
              "51.105.119.253",
              "51.136.120.44",
              "51.136.120.122",
              "51.136.120.171",
              "51.136.120.207",
              "20.50.2.38"
            ],
            "outbound_ip_addresses": "51.105.119.166,51.105.119.253,51.136.120.44,51.136.120.122,51.136.120.171,51.136.120.207,20.50.2.38",
            "possible_outbound_ip_address_list": [
              "51.105.113.43",
              "51.105.114.159",
              "51.105.115.138",
              "51.105.116.102",
              "51.105.116.185",
              "51.105.117.54",
              "51.105.117.96",
              "51.105.117.184",
              "51.105.118.155",
              "51.105.118.220",
              "51.105.118.236",
              "51.105.119.89",
              "51.105.119.166",
              "51.105.119.253",
              "51.136.120.44",
              "51.136.120.122",
              "51.136.120.171",
              "51.136.120.207",
              "104.45.66.64",
              "104.45.66.228",
              "51.124.133.64",
              "20.71.65.21",
              "20.71.65.60",
              "20.71.65.210",
              "20.71.66.22",
              "20.71.66.26",
              "20.71.66.33",
              "20.71.68.222",
              "20.71.69.46",
              "20.71.69.112",
              "20.50.2.38"
            ],
            "possible_outbound_ip_addresses": "51.105.113.43,51.105.114.159,51.105.115.138,51.105.116.102,51.105.116.185,51.105.117.54,51.105.117.96,51.105.117.184,51.105.118.155,51.105.118.220,51.105.118.236,51.105.119.89,51.105.119.166,51.105.119.253,51.136.120.44,51.136.120.122,51.136.120.171,51.136.120.207,104.45.66.64,104.45.66.228,51.124.133.64,20.71.65.21,20.71.65.60,20.71.65.210,20.71.66.22,20.71.66.26,20.71.66.33,20.71.68.222,20.71.69.46,20.71.69.112,20.50.2.38",
            "resource_group_name": "azrgpsoan0004",
            "site_config": [
              {
                "acr_use_managed_identity_credentials": false,
                "acr_user_managed_identity_client_id": "",
                "always_on": false,
                "app_command_line": "",
                "auto_swap_slot_name": "",
                "cors": [],
                "default_documents": [
                  "Default.htm",
                  "Default.html",
                  "Default.asp",
                  "index.htm",
                  "index.html",
                  "iisstart.htm",
                  "default.aspx",
                  "index.php",
                  "hostingstart.html"
                ],
                "dotnet_framework_version": "v4.0",
                "ftps_state": "AllAllowed",
                "health_check_path": "",
                "http2_enabled": false,
                "ip_restriction": [],
                "java_container": "",
                "java_container_version": "",
                "java_version": "",
                "linux_fx_version": "",
                "local_mysql_enabled": false,
                "managed_pipeline_mode": "Integrated",
                "min_tls_version": "1.2",
                "number_of_workers": 1,
                "php_version": "5.6",
                "python_version": "",
                "remote_debugging_enabled": false,
                "remote_debugging_version": "",
                "scm_ip_restriction": [],
                "scm_type": "None",
                "scm_use_main_ip_restriction": false,
                "use_32_bit_worker_process": true,
                "vnet_route_all_enabled": false,
                "websockets_enabled": false,
                "windows_fx_version": ""
              }
            ],
            "site_credential": [
              {
                "password": "aWiMNr88vbkkuSm7lzJvoE3fKlg1CxBcYmEWJn9KNSxcyGpR9j9AnvEBzNZq",
                "username": "$triomspdevtrio-web-app"
              }
            ],
            "source_control": [
              {
                "branch": "master",
                "manual_integration": false,
                "repo_url": "",
                "rollback_enabled": false,
                "use_mercurial": false
              }
            ],
            "storage_account": [],
            "tags": {
              "Application": "TRIO",
              "Environment": "Dev",
              "Role": "APP",
              "costcenter": ""
            },
            "timeouts": null
          },
          "sensitive_attributes": [],
          "private": "eyJlMmJmYjczMC1lY2FhLTExZTYtOGY4OC0zNDM2M2JjN2M0YzAiOnsiY3JlYXRlIjoxODAwMDAwMDAwMDAwLCJkZWxldGUiOjE4MDAwMDAwMDAwMDAsInJlYWQiOjMwMDAwMDAwMDAwMCwidXBkYXRlIjoxODAwMDAwMDAwMDAwfX0=",
          "dependencies": [
            "azurerm_resource_group.rg-trio-dev",
            "azurerm_app_service_plan.trio_dev_asp"
          ]
        },
        {
          "index_key": "triosoadev",
          "schema_version": 0,
          "attributes": {
            "app_service_plan_id": "/subscriptions/bc6eadfd-393d-4e9e-8140-4fe9bfd772fc/resourceGroups/azrgpsoan0004/providers/Microsoft.Web/serverfarms/trio_dev-asp",
            "app_settings": {
              "platform": "value"
            },
            "auth_settings": [
              {
                "active_directory": [],
                "additional_login_params": {},
                "allowed_external_redirect_urls": [],
                "default_provider": "",
                "enabled": false,
                "facebook": [],
                "google": [],
                "issuer": "",
                "microsoft": [],
                "runtime_version": "",
                "token_refresh_extension_hours": 0,
                "token_store_enabled": false,
                "twitter": [],
                "unauthenticated_client_action": ""
              }
            ],
            "backup": [],
            "client_affinity_enabled": false,
            "client_cert_enabled": false,
            "connection_string": [],
            "custom_domain_verification_id": "E0A30A4888649FB17207C99E2F878643A66175BB756A7E21D963818529CA90D8",
            "default_site_hostname": "triosoadev-web-app.azurewebsites.net",
            "enabled": true,
            "https_only": false,
            "id": "/subscriptions/bc6eadfd-393d-4e9e-8140-4fe9bfd772fc/resourceGroups/azrgpsoan0004/providers/Microsoft.Web/sites/triosoadev-web-app",
            "identity": [],
            "key_vault_reference_identity_id": "SystemAssigned",
            "location": "westeurope",
            "logs": [
              {
                "application_logs": [
                  {
                    "azure_blob_storage": [],
                    "file_system_level": "Off"
                  }
                ],
                "detailed_error_messages_enabled": false,
                "failed_request_tracing_enabled": false,
                "http_logs": [
                  {
                    "azure_blob_storage": [],
                    "file_system": []
                  }
                ]
              }
            ],
            "name": "triosoadev-web-app",
            "outbound_ip_address_list": [
              "51.105.119.166",
              "51.105.119.253",
              "51.136.120.44",
              "51.136.120.122",
              "51.136.120.171",
              "51.136.120.207",
              "20.50.2.38"
            ],
            "outbound_ip_addresses": "51.105.119.166,51.105.119.253,51.136.120.44,51.136.120.122,51.136.120.171,51.136.120.207,20.50.2.38",
            "possible_outbound_ip_address_list": [
              "51.105.113.43",
              "51.105.114.159",
              "51.105.115.138",
              "51.105.116.102",
              "51.105.116.185",
              "51.105.117.54",
              "51.105.117.96",
              "51.105.117.184",
              "51.105.118.155",
              "51.105.118.220",
              "51.105.118.236",
              "51.105.119.89",
              "51.105.119.166",
              "51.105.119.253",
              "51.136.120.44",
              "51.136.120.122",
              "51.136.120.171",
              "51.136.120.207",
              "104.45.66.64",
              "104.45.66.228",
              "51.124.133.64",
              "20.71.65.21",
              "20.71.65.60",
              "20.71.65.210",
              "20.71.66.22",
              "20.71.66.26",
              "20.71.66.33",
              "20.71.68.222",
              "20.71.69.46",
              "20.71.69.112",
              "20.50.2.38"
            ],
            "possible_outbound_ip_addresses": "51.105.113.43,51.105.114.159,51.105.115.138,51.105.116.102,51.105.116.185,51.105.117.54,51.105.117.96,51.105.117.184,51.105.118.155,51.105.118.220,51.105.118.236,51.105.119.89,51.105.119.166,51.105.119.253,51.136.120.44,51.136.120.122,51.136.120.171,51.136.120.207,104.45.66.64,104.45.66.228,51.124.133.64,20.71.65.21,20.71.65.60,20.71.65.210,20.71.66.22,20.71.66.26,20.71.66.33,20.71.68.222,20.71.69.46,20.71.69.112,20.50.2.38",
            "resource_group_name": "azrgpsoan0004",
            "site_config": [
              {
                "acr_use_managed_identity_credentials": false,
                "acr_user_managed_identity_client_id": "",
                "always_on": false,
                "app_command_line": "",
                "auto_swap_slot_name": "",
                "cors": [],
                "default_documents": [
                  "Default.htm",
                  "Default.html",
                  "Default.asp",
                  "index.htm",
                  "index.html",
                  "iisstart.htm",
                  "default.aspx",
                  "index.php",
                  "hostingstart.html"
                ],
                "dotnet_framework_version": "v4.0",
                "ftps_state": "AllAllowed",
                "health_check_path": "",
                "http2_enabled": false,
                "ip_restriction": [],
                "java_container": "",
                "java_container_version": "",
                "java_version": "",
                "linux_fx_version": "",
                "local_mysql_enabled": false,
                "managed_pipeline_mode": "Integrated",
                "min_tls_version": "1.2",
                "number_of_workers": 1,
                "php_version": "5.6",
                "python_version": "",
                "remote_debugging_enabled": false,
                "remote_debugging_version": "",
                "scm_ip_restriction": [],
                "scm_type": "None",
                "scm_use_main_ip_restriction": false,
                "use_32_bit_worker_process": true,
                "vnet_route_all_enabled": false,
                "websockets_enabled": false,
                "windows_fx_version": ""
              }
            ],
            "site_credential": [
              {
                "password": "6yrfv4hfB9MltRBWTGedyT8wsa8THlXfkMbxSWjF5Fle63ZuhNPlDTlggHht",
                "username": "$triosoadev-web-app"
              }
            ],
            "source_control": [
              {
                "branch": "master",
                "manual_integration": false,
                "repo_url": "",
                "rollback_enabled": false,
                "use_mercurial": false
              }
            ],
            "storage_account": [],
            "tags": {
              "Application": "TRIO",
              "Environment": "Dev",
              "Role": "APP",
              "costcenter": ""
            },
            "timeouts": null
          },
          "sensitive_attributes": [],
          "private": "eyJlMmJmYjczMC1lY2FhLTExZTYtOGY4OC0zNDM2M2JjN2M0YzAiOnsiY3JlYXRlIjoxODAwMDAwMDAwMDAwLCJkZWxldGUiOjE4MDAwMDAwMDAwMDAsInJlYWQiOjMwMDAwMDAwMDAwMCwidXBkYXRlIjoxODAwMDAwMDAwMDAwfX0=",
          "dependencies": [
            "azurerm_app_service_plan.trio_dev_asp",
            "azurerm_resource_group.rg-trio-dev"
          ]
        }
      ]
    },
    {
      "mode": "managed",
      "type": "azurerm_app_service",
      "name": "trio_sit",
      "provider": "provider[\"registry.terraform.io/hashicorp/azurerm\"]",
      "instances": [
        {
          "index_key": "triomspsit",
          "schema_version": 0,
          "attributes": {
            "app_service_plan_id": "/subscriptions/bc6eadfd-393d-4e9e-8140-4fe9bfd772fc/resourceGroups/azrgpsoan0004/providers/Microsoft.Web/serverfarms/trio_sit-asp",
            "app_settings": {
              "platform": "value"
            },
            "auth_settings": [
              {
                "active_directory": [],
                "additional_login_params": {},
                "allowed_external_redirect_urls": [],
                "default_provider": "",
                "enabled": false,
                "facebook": [],
                "google": [],
                "issuer": "",
                "microsoft": [],
                "runtime_version": "",
                "token_refresh_extension_hours": 0,
                "token_store_enabled": false,
                "twitter": [],
                "unauthenticated_client_action": ""
              }
            ],
            "backup": [],
            "client_affinity_enabled": false,
            "client_cert_enabled": false,
            "connection_string": [],
            "custom_domain_verification_id": "E0A30A4888649FB17207C99E2F878643A66175BB756A7E21D963818529CA90D8",
            "default_site_hostname": "triomspsit-web-app.azurewebsites.net",
            "enabled": true,
            "https_only": false,
            "id": "/subscriptions/bc6eadfd-393d-4e9e-8140-4fe9bfd772fc/resourceGroups/azrgpsoan0004/providers/Microsoft.Web/sites/triomspsit-web-app",
            "identity": [],
            "key_vault_reference_identity_id": "SystemAssigned",
            "location": "westeurope",
            "logs": [
              {
                "application_logs": [
                  {
                    "azure_blob_storage": [],
                    "file_system_level": "Off"
                  }
                ],
                "detailed_error_messages_enabled": false,
                "failed_request_tracing_enabled": false,
                "http_logs": [
                  {
                    "azure_blob_storage": [],
                    "file_system": []
                  }
                ]
              }
            ],
            "name": "triomspsit-web-app",
            "outbound_ip_address_list": [
              "51.105.119.166",
              "51.105.119.253",
              "51.136.120.44",
              "51.136.120.122",
              "51.136.120.171",
              "51.136.120.207",
              "20.50.2.38"
            ],
            "outbound_ip_addresses": "51.105.119.166,51.105.119.253,51.136.120.44,51.136.120.122,51.136.120.171,51.136.120.207,20.50.2.38",
            "possible_outbound_ip_address_list": [
              "51.105.113.43",
              "51.105.114.159",
              "51.105.115.138",
              "51.105.116.102",
              "51.105.116.185",
              "51.105.117.54",
              "51.105.117.96",
              "51.105.117.184",
              "51.105.118.155",
              "51.105.118.220",
              "51.105.118.236",
              "51.105.119.89",
              "51.105.119.166",
              "51.105.119.253",
              "51.136.120.44",
              "51.136.120.122",
              "51.136.120.171",
              "51.136.120.207",
              "104.45.66.64",
              "104.45.66.228",
              "51.124.133.64",
              "20.71.65.21",
              "20.71.65.60",
              "20.71.65.210",
              "20.71.66.22",
              "20.71.66.26",
              "20.71.66.33",
              "20.71.68.222",
              "20.71.69.46",
              "20.71.69.112",
              "20.50.2.38"
            ],
            "possible_outbound_ip_addresses": "51.105.113.43,51.105.114.159,51.105.115.138,51.105.116.102,51.105.116.185,51.105.117.54,51.105.117.96,51.105.117.184,51.105.118.155,51.105.118.220,51.105.118.236,51.105.119.89,51.105.119.166,51.105.119.253,51.136.120.44,51.136.120.122,51.136.120.171,51.136.120.207,104.45.66.64,104.45.66.228,51.124.133.64,20.71.65.21,20.71.65.60,20.71.65.210,20.71.66.22,20.71.66.26,20.71.66.33,20.71.68.222,20.71.69.46,20.71.69.112,20.50.2.38",
            "resource_group_name": "azrgpsoan0004",
            "site_config": [
              {
                "acr_use_managed_identity_credentials": false,
                "acr_user_managed_identity_client_id": "",
                "always_on": false,
                "app_command_line": "",
                "auto_swap_slot_name": "",
                "cors": [],
                "default_documents": [
                  "Default.htm",
                  "Default.html",
                  "Default.asp",
                  "index.htm",
                  "index.html",
                  "iisstart.htm",
                  "default.aspx",
                  "index.php",
                  "hostingstart.html"
                ],
                "dotnet_framework_version": "v4.0",
                "ftps_state": "AllAllowed",
                "health_check_path": "",
                "http2_enabled": false,
                "ip_restriction": [],
                "java_container": "",
                "java_container_version": "",
                "java_version": "",
                "linux_fx_version": "",
                "local_mysql_enabled": false,
                "managed_pipeline_mode": "Integrated",
                "min_tls_version": "1.2",
                "number_of_workers": 1,
                "php_version": "5.6",
                "python_version": "",
                "remote_debugging_enabled": false,
                "remote_debugging_version": "",
                "scm_ip_restriction": [],
                "scm_type": "None",
                "scm_use_main_ip_restriction": false,
                "use_32_bit_worker_process": true,
                "vnet_route_all_enabled": false,
                "websockets_enabled": false,
                "windows_fx_version": ""
              }
            ],
            "site_credential": [
              {
                "password": "1HDB0sprZM9kvabtHjej20XMQ2sp5bosEWLtoEjTj5ga3Lg1K7vgokqbfcl4",
                "username": "$triomspsit-web-app"
              }
            ],
            "source_control": [
              {
                "branch": "master",
                "manual_integration": false,
                "repo_url": "",
                "rollback_enabled": false,
                "use_mercurial": false
              }
            ],
            "storage_account": [],
            "tags": {
              "Application": "TRIO",
              "Environment": "Dev",
              "Role": "APP",
              "costcenter": ""
            },
            "timeouts": null
          },
          "sensitive_attributes": [],
          "private": "eyJlMmJmYjczMC1lY2FhLTExZTYtOGY4OC0zNDM2M2JjN2M0YzAiOnsiY3JlYXRlIjoxODAwMDAwMDAwMDAwLCJkZWxldGUiOjE4MDAwMDAwMDAwMDAsInJlYWQiOjMwMDAwMDAwMDAwMCwidXBkYXRlIjoxODAwMDAwMDAwMDAwfX0=",
          "dependencies": [
            "azurerm_app_service_plan.trio_sit_asp",
            "azurerm_resource_group.rg-trio-dev"
          ]
        },
        {
          "index_key": "triomspsitfit",
          "schema_version": 0,
          "attributes": {
            "app_service_plan_id": "/subscriptions/bc6eadfd-393d-4e9e-8140-4fe9bfd772fc/resourceGroups/azrgpsoan0004/providers/Microsoft.Web/serverfarms/trio_sit-asp",
            "app_settings": {
              "platform": "value"
            },
            "auth_settings": [
              {
                "active_directory": [],
                "additional_login_params": {},
                "allowed_external_redirect_urls": [],
                "default_provider": "",
                "enabled": false,
                "facebook": [],
                "google": [],
                "issuer": "",
                "microsoft": [],
                "runtime_version": "",
                "token_refresh_extension_hours": 0,
                "token_store_enabled": false,
                "twitter": [],
                "unauthenticated_client_action": ""
              }
            ],
            "backup": [],
            "client_affinity_enabled": false,
            "client_cert_enabled": false,
            "connection_string": [],
            "custom_domain_verification_id": "E0A30A4888649FB17207C99E2F878643A66175BB756A7E21D963818529CA90D8",
            "default_site_hostname": "triomspsitfit-web-app.azurewebsites.net",
            "enabled": true,
            "https_only": false,
            "id": "/subscriptions/bc6eadfd-393d-4e9e-8140-4fe9bfd772fc/resourceGroups/azrgpsoan0004/providers/Microsoft.Web/sites/triomspsitfit-web-app",
            "identity": [],
            "key_vault_reference_identity_id": "SystemAssigned",
            "location": "westeurope",
            "logs": [
              {
                "application_logs": [
                  {
                    "azure_blob_storage": [],
                    "file_system_level": "Off"
                  }
                ],
                "detailed_error_messages_enabled": false,
                "failed_request_tracing_enabled": false,
                "http_logs": [
                  {
                    "azure_blob_storage": [],
                    "file_system": []
                  }
                ]
              }
            ],
            "name": "triomspsitfit-web-app",
            "outbound_ip_address_list": [
              "51.105.119.166",
              "51.105.119.253",
              "51.136.120.44",
              "51.136.120.122",
              "51.136.120.171",
              "51.136.120.207",
              "20.50.2.38"
            ],
            "outbound_ip_addresses": "51.105.119.166,51.105.119.253,51.136.120.44,51.136.120.122,51.136.120.171,51.136.120.207,20.50.2.38",
            "possible_outbound_ip_address_list": [
              "51.105.113.43",
              "51.105.114.159",
              "51.105.115.138",
              "51.105.116.102",
              "51.105.116.185",
              "51.105.117.54",
              "51.105.117.96",
              "51.105.117.184",
              "51.105.118.155",
              "51.105.118.220",
              "51.105.118.236",
              "51.105.119.89",
              "51.105.119.166",
              "51.105.119.253",
              "51.136.120.44",
              "51.136.120.122",
              "51.136.120.171",
              "51.136.120.207",
              "104.45.66.64",
              "104.45.66.228",
              "51.124.133.64",
              "20.71.65.21",
              "20.71.65.60",
              "20.71.65.210",
              "20.71.66.22",
              "20.71.66.26",
              "20.71.66.33",
              "20.71.68.222",
              "20.71.69.46",
              "20.71.69.112",
              "20.50.2.38"
            ],
            "possible_outbound_ip_addresses": "51.105.113.43,51.105.114.159,51.105.115.138,51.105.116.102,51.105.116.185,51.105.117.54,51.105.117.96,51.105.117.184,51.105.118.155,51.105.118.220,51.105.118.236,51.105.119.89,51.105.119.166,51.105.119.253,51.136.120.44,51.136.120.122,51.136.120.171,51.136.120.207,104.45.66.64,104.45.66.228,51.124.133.64,20.71.65.21,20.71.65.60,20.71.65.210,20.71.66.22,20.71.66.26,20.71.66.33,20.71.68.222,20.71.69.46,20.71.69.112,20.50.2.38",
            "resource_group_name": "azrgpsoan0004",
            "site_config": [
              {
                "acr_use_managed_identity_credentials": false,
                "acr_user_managed_identity_client_id": "",
                "always_on": false,
                "app_command_line": "",
                "auto_swap_slot_name": "",
                "cors": [],
                "default_documents": [
                  "Default.htm",
                  "Default.html",
                  "Default.asp",
                  "index.htm",
                  "index.html",
                  "iisstart.htm",
                  "default.aspx",
                  "index.php",
                  "hostingstart.html"
                ],
                "dotnet_framework_version": "v4.0",
                "ftps_state": "AllAllowed",
                "health_check_path": "",
                "http2_enabled": false,
                "ip_restriction": [],
                "java_container": "",
                "java_container_version": "",
                "java_version": "",
                "linux_fx_version": "",
                "local_mysql_enabled": false,
                "managed_pipeline_mode": "Integrated",
                "min_tls_version": "1.2",
                "number_of_workers": 1,
                "php_version": "5.6",
                "python_version": "",
                "remote_debugging_enabled": false,
                "remote_debugging_version": "",
                "scm_ip_restriction": [],
                "scm_type": "None",
                "scm_use_main_ip_restriction": false,
                "use_32_bit_worker_process": true,
                "vnet_route_all_enabled": false,
                "websockets_enabled": false,
                "windows_fx_version": ""
              }
            ],
            "site_credential": [
              {
                "password": "x5jgCZ7Rilohed6Dezd4laPBlkKnG6uBMAFnhurL7fqCLo0GS7tXK2ulLkdS",
                "username": "$triomspsitfit-web-app"
              }
            ],
            "source_control": [
              {
                "branch": "master",
                "manual_integration": false,
                "repo_url": "",
                "rollback_enabled": false,
                "use_mercurial": false
              }
            ],
            "storage_account": [],
            "tags": {
              "Application": "TRIO",
              "Environment": "Dev",
              "Role": "APP",
              "costcenter": ""
            },
            "timeouts": null
          },
          "sensitive_attributes": [],
          "private": "eyJlMmJmYjczMC1lY2FhLTExZTYtOGY4OC0zNDM2M2JjN2M0YzAiOnsiY3JlYXRlIjoxODAwMDAwMDAwMDAwLCJkZWxldGUiOjE4MDAwMDAwMDAwMDAsInJlYWQiOjMwMDAwMDAwMDAwMCwidXBkYXRlIjoxODAwMDAwMDAwMDAwfX0=",
          "dependencies": [
            "azurerm_app_service_plan.trio_sit_asp",
            "azurerm_resource_group.rg-trio-dev"
          ]
        },
        {
          "index_key": "triomspsitshared",
          "schema_version": 0,
          "attributes": {
            "app_service_plan_id": "/subscriptions/bc6eadfd-393d-4e9e-8140-4fe9bfd772fc/resourceGroups/azrgpsoan0004/providers/Microsoft.Web/serverfarms/trio_sit-asp",
            "app_settings": {
              "platform": "value"
            },
            "auth_settings": [
              {
                "active_directory": [],
                "additional_login_params": {},
                "allowed_external_redirect_urls": [],
                "default_provider": "",
                "enabled": false,
                "facebook": [],
                "google": [],
                "issuer": "",
                "microsoft": [],
                "runtime_version": "",
                "token_refresh_extension_hours": 0,
                "token_store_enabled": false,
                "twitter": [],
                "unauthenticated_client_action": ""
              }
            ],
            "backup": [],
            "client_affinity_enabled": false,
            "client_cert_enabled": false,
            "connection_string": [],
            "custom_domain_verification_id": "E0A30A4888649FB17207C99E2F878643A66175BB756A7E21D963818529CA90D8",
            "default_site_hostname": "triomspsitshared-web-app.azurewebsites.net",
            "enabled": true,
            "https_only": false,
            "id": "/subscriptions/bc6eadfd-393d-4e9e-8140-4fe9bfd772fc/resourceGroups/azrgpsoan0004/providers/Microsoft.Web/sites/triomspsitshared-web-app",
            "identity": [],
            "key_vault_reference_identity_id": "SystemAssigned",
            "location": "westeurope",
            "logs": [
              {
                "application_logs": [
                  {
                    "azure_blob_storage": [],
                    "file_system_level": "Off"
                  }
                ],
                "detailed_error_messages_enabled": false,
                "failed_request_tracing_enabled": false,
                "http_logs": [
                  {
                    "azure_blob_storage": [],
                    "file_system": []
                  }
                ]
              }
            ],
            "name": "triomspsitshared-web-app",
            "outbound_ip_address_list": [
              "51.105.119.166",
              "51.105.119.253",
              "51.136.120.44",
              "51.136.120.122",
              "51.136.120.171",
              "51.136.120.207",
              "20.50.2.38"
            ],
            "outbound_ip_addresses": "51.105.119.166,51.105.119.253,51.136.120.44,51.136.120.122,51.136.120.171,51.136.120.207,20.50.2.38",
            "possible_outbound_ip_address_list": [
              "51.105.113.43",
              "51.105.114.159",
              "51.105.115.138",
              "51.105.116.102",
              "51.105.116.185",
              "51.105.117.54",
              "51.105.117.96",
              "51.105.117.184",
              "51.105.118.155",
              "51.105.118.220",
              "51.105.118.236",
              "51.105.119.89",
              "51.105.119.166",
              "51.105.119.253",
              "51.136.120.44",
              "51.136.120.122",
              "51.136.120.171",
              "51.136.120.207",
              "104.45.66.64",
              "104.45.66.228",
              "51.124.133.64",
              "20.71.65.21",
              "20.71.65.60",
              "20.71.65.210",
              "20.71.66.22",
              "20.71.66.26",
              "20.71.66.33",
              "20.71.68.222",
              "20.71.69.46",
              "20.71.69.112",
              "20.50.2.38"
            ],
            "possible_outbound_ip_addresses": "51.105.113.43,51.105.114.159,51.105.115.138,51.105.116.102,51.105.116.185,51.105.117.54,51.105.117.96,51.105.117.184,51.105.118.155,51.105.118.220,51.105.118.236,51.105.119.89,51.105.119.166,51.105.119.253,51.136.120.44,51.136.120.122,51.136.120.171,51.136.120.207,104.45.66.64,104.45.66.228,51.124.133.64,20.71.65.21,20.71.65.60,20.71.65.210,20.71.66.22,20.71.66.26,20.71.66.33,20.71.68.222,20.71.69.46,20.71.69.112,20.50.2.38",
            "resource_group_name": "azrgpsoan0004",
            "site_config": [
              {
                "acr_use_managed_identity_credentials": false,
                "acr_user_managed_identity_client_id": "",
                "always_on": false,
                "app_command_line": "",
                "auto_swap_slot_name": "",
                "cors": [],
                "default_documents": [
                  "Default.htm",
                  "Default.html",
                  "Default.asp",
                  "index.htm",
                  "index.html",
                  "iisstart.htm",
                  "default.aspx",
                  "index.php",
                  "hostingstart.html"
                ],
                "dotnet_framework_version": "v4.0",
                "ftps_state": "AllAllowed",
                "health_check_path": "",
                "http2_enabled": false,
                "ip_restriction": [],
                "java_container": "",
                "java_container_version": "",
                "java_version": "",
                "linux_fx_version": "",
                "local_mysql_enabled": false,
                "managed_pipeline_mode": "Integrated",
                "min_tls_version": "1.2",
                "number_of_workers": 1,
                "php_version": "5.6",
                "python_version": "",
                "remote_debugging_enabled": false,
                "remote_debugging_version": "",
                "scm_ip_restriction": [],
                "scm_type": "None",
                "scm_use_main_ip_restriction": false,
                "use_32_bit_worker_process": true,
                "vnet_route_all_enabled": false,
                "websockets_enabled": false,
                "windows_fx_version": ""
              }
            ],
            "site_credential": [
              {
                "password": "9x7zPfJcT1ox03XLqQjGulPw60WnaMXE71dfbGLtSYLFrCg1czFrRWeDtsmd",
                "username": "$triomspsitshared-web-app"
              }
            ],
            "source_control": [
              {
                "branch": "master",
                "manual_integration": false,
                "repo_url": "",
                "rollback_enabled": false,
                "use_mercurial": false
              }
            ],
            "storage_account": [],
            "tags": {
              "Application": "TRIO",
              "Environment": "Dev",
              "Role": "APP",
              "costcenter": ""
            },
            "timeouts": null
          },
          "sensitive_attributes": [],
          "private": "eyJlMmJmYjczMC1lY2FhLTExZTYtOGY4OC0zNDM2M2JjN2M0YzAiOnsiY3JlYXRlIjoxODAwMDAwMDAwMDAwLCJkZWxldGUiOjE4MDAwMDAwMDAwMDAsInJlYWQiOjMwMDAwMDAwMDAwMCwidXBkYXRlIjoxODAwMDAwMDAwMDAwfX0=",
          "dependencies": [
            "azurerm_app_service_plan.trio_sit_asp",
            "azurerm_resource_group.rg-trio-dev"
          ]
        },
        {
          "index_key": "triomspsittrio",
          "schema_version": 0,
          "attributes": {
            "app_service_plan_id": "/subscriptions/bc6eadfd-393d-4e9e-8140-4fe9bfd772fc/resourceGroups/azrgpsoan0004/providers/Microsoft.Web/serverfarms/trio_sit-asp",
            "app_settings": {
              "platform": "value"
            },
            "auth_settings": [
              {
                "active_directory": [],
                "additional_login_params": {},
                "allowed_external_redirect_urls": [],
                "default_provider": "",
                "enabled": false,
                "facebook": [],
                "google": [],
                "issuer": "",
                "microsoft": [],
                "runtime_version": "",
                "token_refresh_extension_hours": 0,
                "token_store_enabled": false,
                "twitter": [],
                "unauthenticated_client_action": ""
              }
            ],
            "backup": [],
            "client_affinity_enabled": false,
            "client_cert_enabled": false,
            "connection_string": [],
            "custom_domain_verification_id": "E0A30A4888649FB17207C99E2F878643A66175BB756A7E21D963818529CA90D8",
            "default_site_hostname": "triomspsittrio-web-app.azurewebsites.net",
            "enabled": true,
            "https_only": false,
            "id": "/subscriptions/bc6eadfd-393d-4e9e-8140-4fe9bfd772fc/resourceGroups/azrgpsoan0004/providers/Microsoft.Web/sites/triomspsittrio-web-app",
            "identity": [],
            "key_vault_reference_identity_id": "SystemAssigned",
            "location": "westeurope",
            "logs": [
              {
                "application_logs": [
                  {
                    "azure_blob_storage": [],
                    "file_system_level": "Off"
                  }
                ],
                "detailed_error_messages_enabled": false,
                "failed_request_tracing_enabled": false,
                "http_logs": [
                  {
                    "azure_blob_storage": [],
                    "file_system": []
                  }
                ]
              }
            ],
            "name": "triomspsittrio-web-app",
            "outbound_ip_address_list": [
              "51.105.119.166",
              "51.105.119.253",
              "51.136.120.44",
              "51.136.120.122",
              "51.136.120.171",
              "51.136.120.207",
              "20.50.2.38"
            ],
            "outbound_ip_addresses": "51.105.119.166,51.105.119.253,51.136.120.44,51.136.120.122,51.136.120.171,51.136.120.207,20.50.2.38",
            "possible_outbound_ip_address_list": [
              "51.105.113.43",
              "51.105.114.159",
              "51.105.115.138",
              "51.105.116.102",
              "51.105.116.185",
              "51.105.117.54",
              "51.105.117.96",
              "51.105.117.184",
              "51.105.118.155",
              "51.105.118.220",
              "51.105.118.236",
              "51.105.119.89",
              "51.105.119.166",
              "51.105.119.253",
              "51.136.120.44",
              "51.136.120.122",
              "51.136.120.171",
              "51.136.120.207",
              "104.45.66.64",
              "104.45.66.228",
              "51.124.133.64",
              "20.71.65.21",
              "20.71.65.60",
              "20.71.65.210",
              "20.71.66.22",
              "20.71.66.26",
              "20.71.66.33",
              "20.71.68.222",
              "20.71.69.46",
              "20.71.69.112",
              "20.50.2.38"
            ],
            "possible_outbound_ip_addresses": "51.105.113.43,51.105.114.159,51.105.115.138,51.105.116.102,51.105.116.185,51.105.117.54,51.105.117.96,51.105.117.184,51.105.118.155,51.105.118.220,51.105.118.236,51.105.119.89,51.105.119.166,51.105.119.253,51.136.120.44,51.136.120.122,51.136.120.171,51.136.120.207,104.45.66.64,104.45.66.228,51.124.133.64,20.71.65.21,20.71.65.60,20.71.65.210,20.71.66.22,20.71.66.26,20.71.66.33,20.71.68.222,20.71.69.46,20.71.69.112,20.50.2.38",
            "resource_group_name": "azrgpsoan0004",
            "site_config": [
              {
                "acr_use_managed_identity_credentials": false,
                "acr_user_managed_identity_client_id": "",
                "always_on": false,
                "app_command_line": "",
                "auto_swap_slot_name": "",
                "cors": [],
                "default_documents": [
                  "Default.htm",
                  "Default.html",
                  "Default.asp",
                  "index.htm",
                  "index.html",
                  "iisstart.htm",
                  "default.aspx",
                  "index.php",
                  "hostingstart.html"
                ],
                "dotnet_framework_version": "v4.0",
                "ftps_state": "AllAllowed",
                "health_check_path": "",
                "http2_enabled": false,
                "ip_restriction": [],
                "java_container": "",
                "java_container_version": "",
                "java_version": "",
                "linux_fx_version": "",
                "local_mysql_enabled": false,
                "managed_pipeline_mode": "Integrated",
                "min_tls_version": "1.2",
                "number_of_workers": 1,
                "php_version": "5.6",
                "python_version": "",
                "remote_debugging_enabled": false,
                "remote_debugging_version": "",
                "scm_ip_restriction": [],
                "scm_type": "None",
                "scm_use_main_ip_restriction": false,
                "use_32_bit_worker_process": true,
                "vnet_route_all_enabled": false,
                "websockets_enabled": false,
                "windows_fx_version": ""
              }
            ],
            "site_credential": [
              {
                "password": "k2v5narTwarFkqWBnsKjhCuwlGlkPSGm3HYsM27QLrxQLWPrJcvgcT0Jcs3H",
                "username": "$triomspsittrio-web-app"
              }
            ],
            "source_control": [
              {
                "branch": "master",
                "manual_integration": false,
                "repo_url": "",
                "rollback_enabled": false,
                "use_mercurial": false
              }
            ],
            "storage_account": [],
            "tags": {
              "Application": "TRIO",
              "Environment": "Dev",
              "Role": "APP",
              "costcenter": ""
            },
            "timeouts": null
          },
          "sensitive_attributes": [],
          "private": "eyJlMmJmYjczMC1lY2FhLTExZTYtOGY4OC0zNDM2M2JjN2M0YzAiOnsiY3JlYXRlIjoxODAwMDAwMDAwMDAwLCJkZWxldGUiOjE4MDAwMDAwMDAwMDAsInJlYWQiOjMwMDAwMDAwMDAwMCwidXBkYXRlIjoxODAwMDAwMDAwMDAwfX0=",
          "dependencies": [
            "azurerm_app_service_plan.trio_sit_asp",
            "azurerm_resource_group.rg-trio-dev"
          ]
        },
        {
          "index_key": "triositpositions",
          "schema_version": 0,
          "attributes": {
            "app_service_plan_id": "/subscriptions/bc6eadfd-393d-4e9e-8140-4fe9bfd772fc/resourceGroups/azrgpsoan0004/providers/Microsoft.Web/serverfarms/trio_sit-asp",
            "app_settings": {
              "platform": "value"
            },
            "auth_settings": [
              {
                "active_directory": [],
                "additional_login_params": {},
                "allowed_external_redirect_urls": [],
                "default_provider": "",
                "enabled": false,
                "facebook": [],
                "google": [],
                "issuer": "",
                "microsoft": [],
                "runtime_version": "",
                "token_refresh_extension_hours": 0,
                "token_store_enabled": false,
                "twitter": [],
                "unauthenticated_client_action": ""
              }
            ],
            "backup": [],
            "client_affinity_enabled": false,
            "client_cert_enabled": false,
            "connection_string": [],
            "custom_domain_verification_id": "E0A30A4888649FB17207C99E2F878643A66175BB756A7E21D963818529CA90D8",
            "default_site_hostname": "triositpositions-web-app.azurewebsites.net",
            "enabled": true,
            "https_only": false,
            "id": "/subscriptions/bc6eadfd-393d-4e9e-8140-4fe9bfd772fc/resourceGroups/azrgpsoan0004/providers/Microsoft.Web/sites/triositpositions-web-app",
            "identity": [],
            "key_vault_reference_identity_id": "SystemAssigned",
            "location": "westeurope",
            "logs": [
              {
                "application_logs": [
                  {
                    "azure_blob_storage": [],
                    "file_system_level": "Off"
                  }
                ],
                "detailed_error_messages_enabled": false,
                "failed_request_tracing_enabled": false,
                "http_logs": [
                  {
                    "azure_blob_storage": [],
                    "file_system": []
                  }
                ]
              }
            ],
            "name": "triositpositions-web-app",
            "outbound_ip_address_list": [
              "51.105.119.166",
              "51.105.119.253",
              "51.136.120.44",
              "51.136.120.122",
              "51.136.120.171",
              "51.136.120.207",
              "20.50.2.38"
            ],
            "outbound_ip_addresses": "51.105.119.166,51.105.119.253,51.136.120.44,51.136.120.122,51.136.120.171,51.136.120.207,20.50.2.38",
            "possible_outbound_ip_address_list": [
              "51.105.113.43",
              "51.105.114.159",
              "51.105.115.138",
              "51.105.116.102",
              "51.105.116.185",
              "51.105.117.54",
              "51.105.117.96",
              "51.105.117.184",
              "51.105.118.155",
              "51.105.118.220",
              "51.105.118.236",
              "51.105.119.89",
              "51.105.119.166",
              "51.105.119.253",
              "51.136.120.44",
              "51.136.120.122",
              "51.136.120.171",
              "51.136.120.207",
              "104.45.66.64",
              "104.45.66.228",
              "51.124.133.64",
              "20.71.65.21",
              "20.71.65.60",
              "20.71.65.210",
              "20.71.66.22",
              "20.71.66.26",
              "20.71.66.33",
              "20.71.68.222",
              "20.71.69.46",
              "20.71.69.112",
              "20.50.2.38"
            ],
            "possible_outbound_ip_addresses": "51.105.113.43,51.105.114.159,51.105.115.138,51.105.116.102,51.105.116.185,51.105.117.54,51.105.117.96,51.105.117.184,51.105.118.155,51.105.118.220,51.105.118.236,51.105.119.89,51.105.119.166,51.105.119.253,51.136.120.44,51.136.120.122,51.136.120.171,51.136.120.207,104.45.66.64,104.45.66.228,51.124.133.64,20.71.65.21,20.71.65.60,20.71.65.210,20.71.66.22,20.71.66.26,20.71.66.33,20.71.68.222,20.71.69.46,20.71.69.112,20.50.2.38",
            "resource_group_name": "azrgpsoan0004",
            "site_config": [
              {
                "acr_use_managed_identity_credentials": false,
                "acr_user_managed_identity_client_id": "",
                "always_on": false,
                "app_command_line": "",
                "auto_swap_slot_name": "",
                "cors": [],
                "default_documents": [
                  "Default.htm",
                  "Default.html",
                  "Default.asp",
                  "index.htm",
                  "index.html",
                  "iisstart.htm",
                  "default.aspx",
                  "index.php",
                  "hostingstart.html"
                ],
                "dotnet_framework_version": "v4.0",
                "ftps_state": "AllAllowed",
                "health_check_path": "",
                "http2_enabled": false,
                "ip_restriction": [],
                "java_container": "",
                "java_container_version": "",
                "java_version": "",
                "linux_fx_version": "",
                "local_mysql_enabled": false,
                "managed_pipeline_mode": "Integrated",
                "min_tls_version": "1.2",
                "number_of_workers": 1,
                "php_version": "5.6",
                "python_version": "",
                "remote_debugging_enabled": false,
                "remote_debugging_version": "",
                "scm_ip_restriction": [],
                "scm_type": "None",
                "scm_use_main_ip_restriction": false,
                "use_32_bit_worker_process": true,
                "vnet_route_all_enabled": false,
                "websockets_enabled": false,
                "windows_fx_version": ""
              }
            ],
            "site_credential": [
              {
                "password": "npr02eQLZnwhSTQWmDYMT7nraAjcNzc3AEKJE13j4lRBnmwnxoXJ0oKnuniW",
                "username": "$triositpositions-web-app"
              }
            ],
            "source_control": [
              {
                "branch": "master",
                "manual_integration": false,
                "repo_url": "",
                "rollback_enabled": false,
                "use_mercurial": false
              }
            ],
            "storage_account": [],
            "tags": {
              "Application": "TRIO",
              "Environment": "Dev",
              "Role": "APP",
              "costcenter": ""
            },
            "timeouts": null
          },
          "sensitive_attributes": [],
          "private": "eyJlMmJmYjczMC1lY2FhLTExZTYtOGY4OC0zNDM2M2JjN2M0YzAiOnsiY3JlYXRlIjoxODAwMDAwMDAwMDAwLCJkZWxldGUiOjE4MDAwMDAwMDAwMDAsInJlYWQiOjMwMDAwMDAwMDAwMCwidXBkYXRlIjoxODAwMDAwMDAwMDAwfX0=",
          "dependencies": [
            "azurerm_app_service_plan.trio_sit_asp",
            "azurerm_resource_group.rg-trio-dev"
          ]
        },
        {
          "index_key": "triosoasit",
          "schema_version": 0,
          "attributes": {
            "app_service_plan_id": "/subscriptions/bc6eadfd-393d-4e9e-8140-4fe9bfd772fc/resourceGroups/azrgpsoan0004/providers/Microsoft.Web/serverfarms/trio_sit-asp",
            "app_settings": {
              "platform": "value"
            },
            "auth_settings": [
              {
                "active_directory": [],
                "additional_login_params": {},
                "allowed_external_redirect_urls": [],
                "default_provider": "",
                "enabled": false,
                "facebook": [],
                "google": [],
                "issuer": "",
                "microsoft": [],
                "runtime_version": "",
                "token_refresh_extension_hours": 0,
                "token_store_enabled": false,
                "twitter": [],
                "unauthenticated_client_action": ""
              }
            ],
            "backup": [],
            "client_affinity_enabled": false,
            "client_cert_enabled": false,
            "connection_string": [],
            "custom_domain_verification_id": "E0A30A4888649FB17207C99E2F878643A66175BB756A7E21D963818529CA90D8",
            "default_site_hostname": "triosoasit-web-app.azurewebsites.net",
            "enabled": true,
            "https_only": false,
            "id": "/subscriptions/bc6eadfd-393d-4e9e-8140-4fe9bfd772fc/resourceGroups/azrgpsoan0004/providers/Microsoft.Web/sites/triosoasit-web-app",
            "identity": [],
            "key_vault_reference_identity_id": "SystemAssigned",
            "location": "westeurope",
            "logs": [
              {
                "application_logs": [
                  {
                    "azure_blob_storage": [],
                    "file_system_level": "Off"
                  }
                ],
                "detailed_error_messages_enabled": false,
                "failed_request_tracing_enabled": false,
                "http_logs": [
                  {
                    "azure_blob_storage": [],
                    "file_system": []
                  }
                ]
              }
            ],
            "name": "triosoasit-web-app",
            "outbound_ip_address_list": [
              "51.105.119.166",
              "51.105.119.253",
              "51.136.120.44",
              "51.136.120.122",
              "51.136.120.171",
              "51.136.120.207",
              "20.50.2.38"
            ],
            "outbound_ip_addresses": "51.105.119.166,51.105.119.253,51.136.120.44,51.136.120.122,51.136.120.171,51.136.120.207,20.50.2.38",
            "possible_outbound_ip_address_list": [
              "51.105.113.43",
              "51.105.114.159",
              "51.105.115.138",
              "51.105.116.102",
              "51.105.116.185",
              "51.105.117.54",
              "51.105.117.96",
              "51.105.117.184",
              "51.105.118.155",
              "51.105.118.220",
              "51.105.118.236",
              "51.105.119.89",
              "51.105.119.166",
              "51.105.119.253",
              "51.136.120.44",
              "51.136.120.122",
              "51.136.120.171",
              "51.136.120.207",
              "104.45.66.64",
              "104.45.66.228",
              "51.124.133.64",
              "20.71.65.21",
              "20.71.65.60",
              "20.71.65.210",
              "20.71.66.22",
              "20.71.66.26",
              "20.71.66.33",
              "20.71.68.222",
              "20.71.69.46",
              "20.71.69.112",
              "20.50.2.38"
            ],
            "possible_outbound_ip_addresses": "51.105.113.43,51.105.114.159,51.105.115.138,51.105.116.102,51.105.116.185,51.105.117.54,51.105.117.96,51.105.117.184,51.105.118.155,51.105.118.220,51.105.118.236,51.105.119.89,51.105.119.166,51.105.119.253,51.136.120.44,51.136.120.122,51.136.120.171,51.136.120.207,104.45.66.64,104.45.66.228,51.124.133.64,20.71.65.21,20.71.65.60,20.71.65.210,20.71.66.22,20.71.66.26,20.71.66.33,20.71.68.222,20.71.69.46,20.71.69.112,20.50.2.38",
            "resource_group_name": "azrgpsoan0004",
            "site_config": [
              {
                "acr_use_managed_identity_credentials": false,
                "acr_user_managed_identity_client_id": "",
                "always_on": false,
                "app_command_line": "",
                "auto_swap_slot_name": "",
                "cors": [],
                "default_documents": [
                  "Default.htm",
                  "Default.html",
                  "Default.asp",
                  "index.htm",
                  "index.html",
                  "iisstart.htm",
                  "default.aspx",
                  "index.php",
                  "hostingstart.html"
                ],
                "dotnet_framework_version": "v4.0",
                "ftps_state": "AllAllowed",
                "health_check_path": "",
                "http2_enabled": false,
                "ip_restriction": [],
                "java_container": "",
                "java_container_version": "",
                "java_version": "",
                "linux_fx_version": "",
                "local_mysql_enabled": false,
                "managed_pipeline_mode": "Integrated",
                "min_tls_version": "1.2",
                "number_of_workers": 1,
                "php_version": "5.6",
                "python_version": "",
                "remote_debugging_enabled": false,
                "remote_debugging_version": "",
                "scm_ip_restriction": [],
                "scm_type": "None",
                "scm_use_main_ip_restriction": false,
                "use_32_bit_worker_process": true,
                "vnet_route_all_enabled": false,
                "websockets_enabled": false,
                "windows_fx_version": ""
              }
            ],
            "site_credential": [
              {
                "password": "2tJoNRyFAMRAYyRP95Jn4B8BTqlmiuD9J43Fv8LxfpEMQtdyrtaRYLuJtzdF",
                "username": "$triosoasit-web-app"
              }
            ],
            "source_control": [
              {
                "branch": "master",
                "manual_integration": false,
                "repo_url": "",
                "rollback_enabled": false,
                "use_mercurial": false
              }
            ],
            "storage_account": [],
            "tags": {
              "Application": "TRIO",
              "Environment": "Dev",
              "Role": "APP",
              "costcenter": ""
            },
            "timeouts": null
          },
          "sensitive_attributes": [],
          "private": "eyJlMmJmYjczMC1lY2FhLTExZTYtOGY4OC0zNDM2M2JjN2M0YzAiOnsiY3JlYXRlIjoxODAwMDAwMDAwMDAwLCJkZWxldGUiOjE4MDAwMDAwMDAwMDAsInJlYWQiOjMwMDAwMDAwMDAwMCwidXBkYXRlIjoxODAwMDAwMDAwMDAwfX0=",
          "dependencies": [
            "azurerm_app_service_plan.trio_sit_asp",
            "azurerm_resource_group.rg-trio-dev"
          ]
        }
      ]
    },
    {
      "mode": "managed",
      "type": "azurerm_app_service_plan",
      "name": "dev-soa-asp",
      "provider": "provider[\"registry.terraform.io/hashicorp/azurerm\"]",
      "instances": [
        {
          "schema_version": 0,
          "attributes": {
            "app_service_environment_id": "",
            "id": "/subscriptions/bc6eadfd-393d-4e9e-8140-4fe9bfd772fc/resourceGroups/azrgpsoan0002/providers/Microsoft.Web/serverfarms/soa-dev-asp",
            "is_xenon": false,
            "kind": "windows",
            "location": "westeurope",
            "maximum_elastic_worker_count": 1,
            "maximum_number_of_workers": 30,
            "name": "soa-dev-asp",
            "per_site_scaling": false,
            "reserved": false,
            "resource_group_name": "azrgpsoan0002",
            "sku": [
              {
                "capacity": 1,
                "size": "P2v3",
                "tier": "PremiumV3"
              }
            ],
            "tags": {
              "Application": "SOA",
              "Environment": "Dev",
              "Role": "APP",
              "costcenter": ""
            },
            "timeouts": null,
            "zone_redundant": false
          },
          "sensitive_attributes": [],
          "private": "eyJlMmJmYjczMC1lY2FhLTExZTYtOGY4OC0zNDM2M2JjN2M0YzAiOnsiY3JlYXRlIjozNjAwMDAwMDAwMDAwLCJkZWxldGUiOjM2MDAwMDAwMDAwMDAsInJlYWQiOjMwMDAwMDAwMDAwMCwidXBkYXRlIjozNjAwMDAwMDAwMDAwfX0=",
          "dependencies": [
            "azurerm_resource_group.rg-dev-soa"
          ]
        }
      ]
    },
    {
      "mode": "managed",
      "type": "azurerm_app_service_plan",
      "name": "fit_dev_asp",
      "provider": "provider[\"registry.terraform.io/hashicorp/azurerm\"]",
      "instances": [
        {
          "schema_version": 0,
          "attributes": {
            "app_service_environment_id": "",
            "id": "/subscriptions/bc6eadfd-393d-4e9e-8140-4fe9bfd772fc/resourceGroups/azrgpsoan0003/providers/Microsoft.Web/serverfarms/fit_dev-asp",
            "is_xenon": false,
            "kind": "windows",
            "location": "westeurope",
            "maximum_elastic_worker_count": 1,
            "maximum_number_of_workers": 30,
            "name": "fit_dev-asp",
            "per_site_scaling": false,
            "reserved": false,
            "resource_group_name": "azrgpsoan0003",
            "sku": [
              {
                "capacity": 1,
                "size": "P2v3",
                "tier": "PremiumV3"
              }
            ],
            "tags": {
              "Application": "FIT",
              "Environment": "Dev",
              "Role": "APP",
              "costcenter": ""
            },
            "timeouts": null,
            "zone_redundant": false
          },
          "sensitive_attributes": [],
          "private": "eyJlMmJmYjczMC1lY2FhLTExZTYtOGY4OC0zNDM2M2JjN2M0YzAiOnsiY3JlYXRlIjozNjAwMDAwMDAwMDAwLCJkZWxldGUiOjM2MDAwMDAwMDAwMDAsInJlYWQiOjMwMDAwMDAwMDAwMCwidXBkYXRlIjozNjAwMDAwMDAwMDAwfX0=",
          "dependencies": [
            "azurerm_resource_group.rg-fit-dev"
          ]
        }
      ]
    },
    {
      "mode": "managed",
      "type": "azurerm_app_service_plan",
      "name": "fit_sit_asp",
      "provider": "provider[\"registry.terraform.io/hashicorp/azurerm\"]",
      "instances": [
        {
          "schema_version": 0,
          "attributes": {
            "app_service_environment_id": "",
            "id": "/subscriptions/bc6eadfd-393d-4e9e-8140-4fe9bfd772fc/resourceGroups/azrgpsoan0003/providers/Microsoft.Web/serverfarms/fit_sit-asp",
            "is_xenon": false,
            "kind": "windows",
            "location": "westeurope",
            "maximum_elastic_worker_count": 1,
            "maximum_number_of_workers": 30,
            "name": "fit_sit-asp",
            "per_site_scaling": false,
            "reserved": false,
            "resource_group_name": "azrgpsoan0003",
            "sku": [
              {
                "capacity": 1,
                "size": "P2v3",
                "tier": "PremiumV3"
              }
            ],
            "tags": {
              "Application": "FIT",
              "Environment": "Dev",
              "Role": "APP",
              "costcenter": ""
            },
            "timeouts": null,
            "zone_redundant": false
          },
          "sensitive_attributes": [],
          "private": "eyJlMmJmYjczMC1lY2FhLTExZTYtOGY4OC0zNDM2M2JjN2M0YzAiOnsiY3JlYXRlIjozNjAwMDAwMDAwMDAwLCJkZWxldGUiOjM2MDAwMDAwMDAwMDAsInJlYWQiOjMwMDAwMDAwMDAwMCwidXBkYXRlIjozNjAwMDAwMDAwMDAwfX0=",
          "dependencies": [
            "azurerm_resource_group.rg-fit-dev"
          ]
        }
      ]
    },
    {
      "mode": "managed",
      "type": "azurerm_app_service_plan",
      "name": "ptc_dev_asp",
      "provider": "provider[\"registry.terraform.io/hashicorp/azurerm\"]",
      "instances": [
        {
          "schema_version": 0,
          "attributes": {
            "app_service_environment_id": "",
            "id": "/subscriptions/bc6eadfd-393d-4e9e-8140-4fe9bfd772fc/resourceGroups/azrgpsoan0005/providers/Microsoft.Web/serverfarms/ptc_dev-asp",
            "is_xenon": false,
            "kind": "windows",
            "location": "westeurope",
            "maximum_elastic_worker_count": 1,
            "maximum_number_of_workers": 30,
            "name": "ptc_dev-asp",
            "per_site_scaling": false,
            "reserved": false,
            "resource_group_name": "azrgpsoan0005",
            "sku": [
              {
                "capacity": 1,
                "size": "P2v3",
                "tier": "PremiumV3"
              }
            ],
            "tags": {
              "Application": "PTC",
              "Environment": "Dev",
              "Role": "APP",
              "costcenter": ""
            },
            "timeouts": null,
            "zone_redundant": false
          },
          "sensitive_attributes": [],
          "private": "eyJlMmJmYjczMC1lY2FhLTExZTYtOGY4OC0zNDM2M2JjN2M0YzAiOnsiY3JlYXRlIjozNjAwMDAwMDAwMDAwLCJkZWxldGUiOjM2MDAwMDAwMDAwMDAsInJlYWQiOjMwMDAwMDAwMDAwMCwidXBkYXRlIjozNjAwMDAwMDAwMDAwfX0=",
          "dependencies": [
            "azurerm_resource_group.rg-ptc-dev"
          ]
        }
      ]
    },
    {
      "mode": "managed",
      "type": "azurerm_app_service_plan",
      "name": "ptc_ext_asp",
      "provider": "provider[\"registry.terraform.io/hashicorp/azurerm\"]",
      "instances": [
        {
          "schema_version": 0,
          "attributes": {
            "app_service_environment_id": "",
            "id": "/subscriptions/bc6eadfd-393d-4e9e-8140-4fe9bfd772fc/resourceGroups/azrgpsoan0005/providers/Microsoft.Web/serverfarms/ptc_ext-asp",
            "is_xenon": false,
            "kind": "windows",
            "location": "westeurope",
            "maximum_elastic_worker_count": 1,
            "maximum_number_of_workers": 30,
            "name": "ptc_ext-asp",
            "per_site_scaling": false,
            "reserved": false,
            "resource_group_name": "azrgpsoan0005",
            "sku": [
              {
                "capacity": 1,
                "size": "P2v3",
                "tier": "PremiumV3"
              }
            ],
            "tags": {
              "Application": "PTC",
              "Environment": "Dev",
              "Role": "APP",
              "costcenter": ""
            },
            "timeouts": null,
            "zone_redundant": false
          },
          "sensitive_attributes": [],
          "private": "eyJlMmJmYjczMC1lY2FhLTExZTYtOGY4OC0zNDM2M2JjN2M0YzAiOnsiY3JlYXRlIjozNjAwMDAwMDAwMDAwLCJkZWxldGUiOjM2MDAwMDAwMDAwMDAsInJlYWQiOjMwMDAwMDAwMDAwMCwidXBkYXRlIjozNjAwMDAwMDAwMDAwfX0=",
          "dependencies": [
            "azurerm_resource_group.rg-ptc-dev"
          ]
        }
      ]
    },
    {
      "mode": "managed",
      "type": "azurerm_app_service_plan",
      "name": "ptc_sit_asp",
      "provider": "provider[\"registry.terraform.io/hashicorp/azurerm\"]",
      "instances": [
        {
          "schema_version": 0,
          "attributes": {
            "app_service_environment_id": "",
            "id": "/subscriptions/bc6eadfd-393d-4e9e-8140-4fe9bfd772fc/resourceGroups/azrgpsoan0005/providers/Microsoft.Web/serverfarms/ptc_sit-asp",
            "is_xenon": false,
            "kind": "windows",
            "location": "westeurope",
            "maximum_elastic_worker_count": 1,
            "maximum_number_of_workers": 30,
            "name": "ptc_sit-asp",
            "per_site_scaling": false,
            "reserved": false,
            "resource_group_name": "azrgpsoan0005",
            "sku": [
              {
                "capacity": 1,
                "size": "P2v3",
                "tier": "PremiumV3"
              }
            ],
            "tags": {
              "Application": "PTC",
              "Environment": "Dev",
              "Role": "APP",
              "costcenter": ""
            },
            "timeouts": null,
            "zone_redundant": false
          },
          "sensitive_attributes": [],
          "private": "eyJlMmJmYjczMC1lY2FhLTExZTYtOGY4OC0zNDM2M2JjN2M0YzAiOnsiY3JlYXRlIjozNjAwMDAwMDAwMDAwLCJkZWxldGUiOjM2MDAwMDAwMDAwMDAsInJlYWQiOjMwMDAwMDAwMDAwMCwidXBkYXRlIjozNjAwMDAwMDAwMDAwfX0=",
          "dependencies": [
            "azurerm_resource_group.rg-ptc-dev"
          ]
        }
      ]
    },
    {
      "mode": "managed",
      "type": "azurerm_app_service_plan",
      "name": "sit-soa-asp",
      "provider": "provider[\"registry.terraform.io/hashicorp/azurerm\"]",
      "instances": [
        {
          "schema_version": 0,
          "attributes": {
            "app_service_environment_id": "",
            "id": "/subscriptions/bc6eadfd-393d-4e9e-8140-4fe9bfd772fc/resourceGroups/azrgpsoan0002/providers/Microsoft.Web/serverfarms/soa-sit-asp",
            "is_xenon": false,
            "kind": "windows",
            "location": "westeurope",
            "maximum_elastic_worker_count": 1,
            "maximum_number_of_workers": 30,
            "name": "soa-sit-asp",
            "per_site_scaling": false,
            "reserved": false,
            "resource_group_name": "azrgpsoan0002",
            "sku": [
              {
                "capacity": 1,
                "size": "P2v3",
                "tier": "PremiumV3"
              }
            ],
            "tags": {
              "Application": "SOA",
              "Environment": "Dev",
              "Role": "APP",
              "costcenter": ""
            },
            "timeouts": null,
            "zone_redundant": false
          },
          "sensitive_attributes": [],
          "private": "eyJlMmJmYjczMC1lY2FhLTExZTYtOGY4OC0zNDM2M2JjN2M0YzAiOnsiY3JlYXRlIjozNjAwMDAwMDAwMDAwLCJkZWxldGUiOjM2MDAwMDAwMDAwMDAsInJlYWQiOjMwMDAwMDAwMDAwMCwidXBkYXRlIjozNjAwMDAwMDAwMDAwfX0=",
          "dependencies": [
            "azurerm_resource_group.rg-dev-soa"
          ]
        }
      ]
    },
    {
      "mode": "managed",
      "type": "azurerm_app_service_plan",
      "name": "trio_dev_asp",
      "provider": "provider[\"registry.terraform.io/hashicorp/azurerm\"]",
      "instances": [
        {
          "schema_version": 0,
          "attributes": {
            "app_service_environment_id": "",
            "id": "/subscriptions/bc6eadfd-393d-4e9e-8140-4fe9bfd772fc/resourceGroups/azrgpsoan0004/providers/Microsoft.Web/serverfarms/trio_dev-asp",
            "is_xenon": false,
            "kind": "windows",
            "location": "westeurope",
            "maximum_elastic_worker_count": 1,
            "maximum_number_of_workers": 30,
            "name": "trio_dev-asp",
            "per_site_scaling": false,
            "reserved": false,
            "resource_group_name": "azrgpsoan0004",
            "sku": [
              {
                "capacity": 1,
                "size": "P2v3",
                "tier": "PremiumV3"
              }
            ],
            "tags": {
              "Application": "TRIO",
              "Environment": "Dev",
              "Role": "APP",
              "costcenter": ""
            },
            "timeouts": null,
            "zone_redundant": false
          },
          "sensitive_attributes": [],
          "private": "eyJlMmJmYjczMC1lY2FhLTExZTYtOGY4OC0zNDM2M2JjN2M0YzAiOnsiY3JlYXRlIjozNjAwMDAwMDAwMDAwLCJkZWxldGUiOjM2MDAwMDAwMDAwMDAsInJlYWQiOjMwMDAwMDAwMDAwMCwidXBkYXRlIjozNjAwMDAwMDAwMDAwfX0=",
          "dependencies": [
            "azurerm_resource_group.rg-trio-dev"
          ]
        }
      ]
    },
    {
      "mode": "managed",
      "type": "azurerm_app_service_plan",
      "name": "trio_sit_asp",
      "provider": "provider[\"registry.terraform.io/hashicorp/azurerm\"]",
      "instances": [
        {
          "schema_version": 0,
          "attributes": {
            "app_service_environment_id": "",
            "id": "/subscriptions/bc6eadfd-393d-4e9e-8140-4fe9bfd772fc/resourceGroups/azrgpsoan0004/providers/Microsoft.Web/serverfarms/trio_sit-asp",
            "is_xenon": false,
            "kind": "windows",
            "location": "westeurope",
            "maximum_elastic_worker_count": 1,
            "maximum_number_of_workers": 30,
            "name": "trio_sit-asp",
            "per_site_scaling": false,
            "reserved": false,
            "resource_group_name": "azrgpsoan0004",
            "sku": [
              {
                "capacity": 1,
                "size": "P2v3",
                "tier": "PremiumV3"
              }
            ],
            "tags": {
              "Application": "TRIO",
              "Environment": "Dev",
              "Role": "APP",
              "costcenter": ""
            },
            "timeouts": null,
            "zone_redundant": false
          },
          "sensitive_attributes": [],
          "private": "eyJlMmJmYjczMC1lY2FhLTExZTYtOGY4OC0zNDM2M2JjN2M0YzAiOnsiY3JlYXRlIjozNjAwMDAwMDAwMDAwLCJkZWxldGUiOjM2MDAwMDAwMDAwMDAsInJlYWQiOjMwMDAwMDAwMDAwMCwidXBkYXRlIjozNjAwMDAwMDAwMDAwfX0=",
          "dependencies": [
            "azurerm_resource_group.rg-trio-dev"
          ]
        }
      ]
    },
    {
      "mode": "managed",
      "type": "azurerm_network_security_group",
      "name": "nsg-dev-soa",
      "provider": "provider[\"registry.terraform.io/hashicorp/azurerm\"]",
      "instances": [
        {
          "schema_version": 0,
          "attributes": {
            "id": "/subscriptions/bc6eadfd-393d-4e9e-8140-4fe9bfd772fc/resourceGroups/azrgpsoan0001/providers/Microsoft.Network/networkSecurityGroups/nonprod_dev_db_nsg",
            "location": "westeurope",
            "name": "nonprod_dev_db_nsg",
            "resource_group_name": "azrgpsoan0001",
            "security_rule": [
              {
                "access": "Allow",
                "description": "",
                "destination_address_prefix": "*",
                "destination_address_prefixes": [],
                "destination_application_security_group_ids": [],
                "destination_port_range": "",
                "destination_port_ranges": [
                  "12000",
                  "443",
                  "80"
                ],
                "direction": "Outbound",
                "name": "allow_management_outbound",
                "priority": 102,
                "protocol": "Tcp",
                "source_address_prefix": "*",
                "source_address_prefixes": [],
                "source_application_security_group_ids": [],
                "source_port_range": "*",
                "source_port_ranges": []
              },
              {
                "access": "Allow",
                "description": "",
                "destination_address_prefix": "*",
                "destination_address_prefixes": [],
                "destination_application_security_group_ids": [],
                "destination_port_range": "",
                "destination_port_ranges": [
                  "1438",
                  "1440",
                  "1452",
                  "9000",
                  "9003"
                ],
                "direction": "Inbound",
                "name": "allow_management_inbound",
                "priority": 106,
                "protocol": "Tcp",
                "source_address_prefix": "*",
                "source_address_prefixes": [],
                "source_application_security_group_ids": [],
                "source_port_range": "*",
                "source_port_ranges": []
              },
              {
                "access": "Allow",
                "description": "",
                "destination_address_prefix": "*",
                "destination_address_prefixes": [],
                "destination_application_security_group_ids": [],
                "destination_port_range": "*",
                "destination_port_ranges": [],
                "direction": "Inbound",
                "name": "allow_misubnet_inbound",
                "priority": 200,
                "protocol": "*",
                "source_address_prefix": "172.16.0.0/16",
                "source_address_prefixes": [],
                "source_application_security_group_ids": [],
                "source_port_range": "*",
                "source_port_ranges": []
              },
              {
                "access": "Allow",
                "description": "",
                "destination_address_prefix": "*",
                "destination_address_prefixes": [],
                "destination_application_security_group_ids": [],
                "destination_port_range": "1433",
                "destination_port_ranges": [],
                "direction": "Inbound",
                "name": "allow_tds_inbound",
                "priority": 1000,
                "protocol": "Tcp",
                "source_address_prefix": "VirtualNetwork",
                "source_address_prefixes": [],
                "source_application_security_group_ids": [],
                "source_port_range": "*",
                "source_port_ranges": []
              },
              {
                "access": "Allow",
                "description": "",
                "destination_address_prefix": "*",
                "destination_address_prefixes": [],
                "destination_application_security_group_ids": [],
                "destination_port_range": "3389",
                "destination_port_ranges": [],
                "direction": "Inbound",
                "name": "allow RDP",
                "priority": 100,
                "protocol": "Tcp",
                "source_address_prefix": "*",
                "source_address_prefixes": [],
                "source_application_security_group_ids": [],
                "source_port_range": "*",
                "source_port_ranges": []
              }
            ],
            "tags": {},
            "timeouts": null
          },
          "sensitive_attributes": [],
          "private": "eyJlMmJmYjczMC1lY2FhLTExZTYtOGY4OC0zNDM2M2JjN2M0YzAiOnsiY3JlYXRlIjoxODAwMDAwMDAwMDAwLCJkZWxldGUiOjE4MDAwMDAwMDAwMDAsInJlYWQiOjMwMDAwMDAwMDAwMCwidXBkYXRlIjoxODAwMDAwMDAwMDAwfX0=",
          "dependencies": [
            "azurerm_resource_group.rg-dev-nonprod"
          ]
        }
      ]
    },
    {
      "mode": "managed",
      "type": "azurerm_private_endpoint",
      "name": "dev_soa_pe",
      "provider": "provider[\"registry.terraform.io/hashicorp/azurerm\"]",
      "instances": [
        {
          "index_key": "123",
          "schema_version": 0,
          "attributes": {
            "custom_dns_configs": [
              {
                "fqdn": "123-web-app.azurewebsites.net",
                "ip_addresses": [
                  "172.19.100.32"
                ]
              },
              {
                "fqdn": "123-web-app.scm.azurewebsites.net",
                "ip_addresses": [
                  "172.19.100.32"
                ]
              }
            ],
            "id": "/subscriptions/bc6eadfd-393d-4e9e-8140-4fe9bfd772fc/resourceGroups/azrgpsoan0002/providers/Microsoft.Network/privateEndpoints/123-pe",
            "location": "westeurope",
            "name": "123-pe",
            "network_interface": [
              {
                "id": "/subscriptions/bc6eadfd-393d-4e9e-8140-4fe9bfd772fc/resourceGroups/azrgpsoan0002/providers/Microsoft.Network/networkInterfaces/123-pe.nic.bec00bb9-ce63-42a4-ae76-cd2bd3696108",
                "name": "123-pe.nic.bec00bb9-ce63-42a4-ae76-cd2bd3696108"
              }
            ],
            "private_dns_zone_configs": [],
            "private_dns_zone_group": [],
            "private_service_connection": [
              {
                "is_manual_connection": false,
                "name": "privateendpointconnection_dev_soa",
                "private_connection_resource_alias": "",
                "private_connection_resource_id": "/subscriptions/bc6eadfd-393d-4e9e-8140-4fe9bfd772fc/resourceGroups/azrgpsoan0002/providers/Microsoft.Web/sites/123-web-app",
                "private_ip_address": "172.19.100.32",
                "request_message": "",
                "subresource_names": [
                  "sites"
                ]
              }
            ],
            "resource_group_name": "azrgpsoan0002",
            "subnet_id": "/subscriptions/bc6eadfd-393d-4e9e-8140-4fe9bfd772fc/resourceGroups/azrgpsoan0001/providers/Microsoft.Network/virtualNetworks/azvntsoan0001/subnets/dev_pe_subnet",
            "tags": {},
            "timeouts": null
          },
          "sensitive_attributes": [],
          "private": "eyJlMmJmYjczMC1lY2FhLTExZTYtOGY4OC0zNDM2M2JjN2M0YzAiOnsiY3JlYXRlIjozNjAwMDAwMDAwMDAwLCJkZWxldGUiOjM2MDAwMDAwMDAwMDAsInJlYWQiOjMwMDAwMDAwMDAwMCwidXBkYXRlIjozNjAwMDAwMDAwMDAwfX0=",
          "dependencies": [
            "azurerm_app_service.dev_soa",
            "azurerm_app_service_plan.dev-soa-asp",
            "azurerm_resource_group.rg-dev-nonprod",
            "azurerm_resource_group.rg-dev-soa",
            "azurerm_subnet.subnet-dev-pe",
            "azurerm_virtual_network.vnt-dev1"
          ]
        },
        {
          "index_key": "mspdevaxon",
          "schema_version": 0,
          "attributes": {
            "custom_dns_configs": [
              {
                "fqdn": "mspdevaxon-web-app.azurewebsites.net",
                "ip_addresses": [
                  "172.19.100.31"
                ]
              },
              {
                "fqdn": "mspdevaxon-web-app.scm.azurewebsites.net",
                "ip_addresses": [
                  "172.19.100.31"
                ]
              }
            ],
            "id": "/subscriptions/bc6eadfd-393d-4e9e-8140-4fe9bfd772fc/resourceGroups/azrgpsoan0002/providers/Microsoft.Network/privateEndpoints/mspdevaxon-pe",
            "location": "westeurope",
            "name": "mspdevaxon-pe",
            "network_interface": [
              {
                "id": "/subscriptions/bc6eadfd-393d-4e9e-8140-4fe9bfd772fc/resourceGroups/azrgpsoan0002/providers/Microsoft.Network/networkInterfaces/mspdevaxon-pe.nic.52f77f8d-e616-42d3-a3c7-2a2d04d90ffa",
                "name": "mspdevaxon-pe.nic.52f77f8d-e616-42d3-a3c7-2a2d04d90ffa"
              }
            ],
            "private_dns_zone_configs": [],
            "private_dns_zone_group": [],
            "private_service_connection": [
              {
                "is_manual_connection": false,
                "name": "privateendpointconnection_dev_soa",
                "private_connection_resource_alias": "",
                "private_connection_resource_id": "/subscriptions/bc6eadfd-393d-4e9e-8140-4fe9bfd772fc/resourceGroups/azrgpsoan0002/providers/Microsoft.Web/sites/mspdevaxon-web-app",
                "private_ip_address": "172.19.100.31",
                "request_message": "",
                "subresource_names": [
                  "sites"
                ]
              }
            ],
            "resource_group_name": "azrgpsoan0002",
            "subnet_id": "/subscriptions/bc6eadfd-393d-4e9e-8140-4fe9bfd772fc/resourceGroups/azrgpsoan0001/providers/Microsoft.Network/virtualNetworks/azvntsoan0001/subnets/dev_pe_subnet",
            "tags": {},
            "timeouts": null
          },
          "sensitive_attributes": [],
          "private": "eyJlMmJmYjczMC1lY2FhLTExZTYtOGY4OC0zNDM2M2JjN2M0YzAiOnsiY3JlYXRlIjozNjAwMDAwMDAwMDAwLCJkZWxldGUiOjM2MDAwMDAwMDAwMDAsInJlYWQiOjMwMDAwMDAwMDAwMCwidXBkYXRlIjozNjAwMDAwMDAwMDAwfX0=",
          "dependencies": [
            "azurerm_app_service.dev_soa",
            "azurerm_app_service_plan.dev-soa-asp",
            "azurerm_resource_group.rg-dev-nonprod",
            "azurerm_resource_group.rg-dev-soa",
            "azurerm_subnet.subnet-dev-pe",
            "azurerm_virtual_network.vnt-dev1"
          ]
        }
      ]
    },
    {
      "mode": "managed",
      "type": "azurerm_private_endpoint",
      "name": "fit_dev_pe",
      "provider": "provider[\"registry.terraform.io/hashicorp/azurerm\"]",
      "instances": [
        {
          "index_key": "fitmspdev",
          "schema_version": 0,
          "attributes": {
            "custom_dns_configs": [
              {
                "fqdn": "fitmspdev-web-app.azurewebsites.net",
                "ip_addresses": [
                  "172.19.100.25"
                ]
              },
              {
                "fqdn": "fitmspdev-web-app.scm.azurewebsites.net",
                "ip_addresses": [
                  "172.19.100.25"
                ]
              }
            ],
            "id": "/subscriptions/bc6eadfd-393d-4e9e-8140-4fe9bfd772fc/resourceGroups/azrgpsoan0003/providers/Microsoft.Network/privateEndpoints/fitmspdev-pe",
            "location": "westeurope",
            "name": "fitmspdev-pe",
            "network_interface": [
              {
                "id": "/subscriptions/bc6eadfd-393d-4e9e-8140-4fe9bfd772fc/resourceGroups/azrgpsoan0003/providers/Microsoft.Network/networkInterfaces/fitmspdev-pe.nic.6f6a80b6-2403-4164-965b-bf7b28fee7be",
                "name": "fitmspdev-pe.nic.6f6a80b6-2403-4164-965b-bf7b28fee7be"
              }
            ],
            "private_dns_zone_configs": [],
            "private_dns_zone_group": [],
            "private_service_connection": [
              {
                "is_manual_connection": false,
                "name": "privateendpointconnection",
                "private_connection_resource_alias": "",
                "private_connection_resource_id": "/subscriptions/bc6eadfd-393d-4e9e-8140-4fe9bfd772fc/resourceGroups/azrgpsoan0003/providers/Microsoft.Web/sites/fitmspdev-web-app",
                "private_ip_address": "172.19.100.25",
                "request_message": "",
                "subresource_names": [
                  "sites"
                ]
              }
            ],
            "resource_group_name": "azrgpsoan0003",
            "subnet_id": "/subscriptions/bc6eadfd-393d-4e9e-8140-4fe9bfd772fc/resourceGroups/azrgpsoan0001/providers/Microsoft.Network/virtualNetworks/azvntsoan0001/subnets/dev_pe_subnet",
            "tags": {},
            "timeouts": null
          },
          "sensitive_attributes": [],
          "private": "eyJlMmJmYjczMC1lY2FhLTExZTYtOGY4OC0zNDM2M2JjN2M0YzAiOnsiY3JlYXRlIjozNjAwMDAwMDAwMDAwLCJkZWxldGUiOjM2MDAwMDAwMDAwMDAsInJlYWQiOjMwMDAwMDAwMDAwMCwidXBkYXRlIjozNjAwMDAwMDAwMDAwfX0=",
          "dependencies": [
            "azurerm_app_service.fit_dev",
            "azurerm_app_service_plan.fit_dev_asp",
            "azurerm_resource_group.rg-dev-nonprod",
            "azurerm_resource_group.rg-fit-dev",
            "azurerm_subnet.subnet-dev-pe",
            "azurerm_virtual_network.vnt-dev1"
          ]
        },
        {
          "index_key": "fitmspdevfit",
          "schema_version": 0,
          "attributes": {
            "custom_dns_configs": [
              {
                "fqdn": "fitmspdevfit-web-app.azurewebsites.net",
                "ip_addresses": [
                  "172.19.100.28"
                ]
              },
              {
                "fqdn": "fitmspdevfit-web-app.scm.azurewebsites.net",
                "ip_addresses": [
                  "172.19.100.28"
                ]
              }
            ],
            "id": "/subscriptions/bc6eadfd-393d-4e9e-8140-4fe9bfd772fc/resourceGroups/azrgpsoan0003/providers/Microsoft.Network/privateEndpoints/fitmspdevfit-pe",
            "location": "westeurope",
            "name": "fitmspdevfit-pe",
            "network_interface": [
              {
                "id": "/subscriptions/bc6eadfd-393d-4e9e-8140-4fe9bfd772fc/resourceGroups/azrgpsoan0003/providers/Microsoft.Network/networkInterfaces/fitmspdevfit-pe.nic.c2e9716e-a6a3-4028-bdde-1b1ae2ddc7fa",
                "name": "fitmspdevfit-pe.nic.c2e9716e-a6a3-4028-bdde-1b1ae2ddc7fa"
              }
            ],
            "private_dns_zone_configs": [],
            "private_dns_zone_group": [],
            "private_service_connection": [
              {
                "is_manual_connection": false,
                "name": "privateendpointconnection",
                "private_connection_resource_alias": "",
                "private_connection_resource_id": "/subscriptions/bc6eadfd-393d-4e9e-8140-4fe9bfd772fc/resourceGroups/azrgpsoan0003/providers/Microsoft.Web/sites/fitmspdevfit-web-app",
                "private_ip_address": "172.19.100.28",
                "request_message": "",
                "subresource_names": [
                  "sites"
                ]
              }
            ],
            "resource_group_name": "azrgpsoan0003",
            "subnet_id": "/subscriptions/bc6eadfd-393d-4e9e-8140-4fe9bfd772fc/resourceGroups/azrgpsoan0001/providers/Microsoft.Network/virtualNetworks/azvntsoan0001/subnets/dev_pe_subnet",
            "tags": {},
            "timeouts": null
          },
          "sensitive_attributes": [],
          "private": "eyJlMmJmYjczMC1lY2FhLTExZTYtOGY4OC0zNDM2M2JjN2M0YzAiOnsiY3JlYXRlIjozNjAwMDAwMDAwMDAwLCJkZWxldGUiOjM2MDAwMDAwMDAwMDAsInJlYWQiOjMwMDAwMDAwMDAwMCwidXBkYXRlIjozNjAwMDAwMDAwMDAwfX0=",
          "dependencies": [
            "azurerm_resource_group.rg-dev-nonprod",
            "azurerm_resource_group.rg-fit-dev",
            "azurerm_subnet.subnet-dev-pe",
            "azurerm_virtual_network.vnt-dev1",
            "azurerm_app_service.fit_dev",
            "azurerm_app_service_plan.fit_dev_asp"
          ]
        },
        {
          "index_key": "fitmspdevshared",
          "schema_version": 0,
          "attributes": {
            "custom_dns_configs": [
              {
                "fqdn": "fitmspdevshared-web-app.azurewebsites.net",
                "ip_addresses": [
                  "172.19.100.27"
                ]
              },
              {
                "fqdn": "fitmspdevshared-web-app.scm.azurewebsites.net",
                "ip_addresses": [
                  "172.19.100.27"
                ]
              }
            ],
            "id": "/subscriptions/bc6eadfd-393d-4e9e-8140-4fe9bfd772fc/resourceGroups/azrgpsoan0003/providers/Microsoft.Network/privateEndpoints/fitmspdevshared-pe",
            "location": "westeurope",
            "name": "fitmspdevshared-pe",
            "network_interface": [
              {
                "id": "/subscriptions/bc6eadfd-393d-4e9e-8140-4fe9bfd772fc/resourceGroups/azrgpsoan0003/providers/Microsoft.Network/networkInterfaces/fitmspdevshared-pe.nic.6a75c640-da28-4c6c-b2b0-bf62fa2fd352",
                "name": "fitmspdevshared-pe.nic.6a75c640-da28-4c6c-b2b0-bf62fa2fd352"
              }
            ],
            "private_dns_zone_configs": [],
            "private_dns_zone_group": [],
            "private_service_connection": [
              {
                "is_manual_connection": false,
                "name": "privateendpointconnection",
                "private_connection_resource_alias": "",
                "private_connection_resource_id": "/subscriptions/bc6eadfd-393d-4e9e-8140-4fe9bfd772fc/resourceGroups/azrgpsoan0003/providers/Microsoft.Web/sites/fitmspdevshared-web-app",
                "private_ip_address": "172.19.100.27",
                "request_message": "",
                "subresource_names": [
                  "sites"
                ]
              }
            ],
            "resource_group_name": "azrgpsoan0003",
            "subnet_id": "/subscriptions/bc6eadfd-393d-4e9e-8140-4fe9bfd772fc/resourceGroups/azrgpsoan0001/providers/Microsoft.Network/virtualNetworks/azvntsoan0001/subnets/dev_pe_subnet",
            "tags": {},
            "timeouts": null
          },
          "sensitive_attributes": [],
          "private": "eyJlMmJmYjczMC1lY2FhLTExZTYtOGY4OC0zNDM2M2JjN2M0YzAiOnsiY3JlYXRlIjozNjAwMDAwMDAwMDAwLCJkZWxldGUiOjM2MDAwMDAwMDAwMDAsInJlYWQiOjMwMDAwMDAwMDAwMCwidXBkYXRlIjozNjAwMDAwMDAwMDAwfX0=",
          "dependencies": [
            "azurerm_app_service_plan.fit_dev_asp",
            "azurerm_resource_group.rg-dev-nonprod",
            "azurerm_resource_group.rg-fit-dev",
            "azurerm_subnet.subnet-dev-pe",
            "azurerm_virtual_network.vnt-dev1",
            "azurerm_app_service.fit_dev"
          ]
        }
      ]
    },
    {
      "mode": "managed",
      "type": "azurerm_private_endpoint",
      "name": "fit_sit_pe",
      "provider": "provider[\"registry.terraform.io/hashicorp/azurerm\"]",
      "instances": [
        {
          "index_key": "fitmspsit",
          "schema_version": 0,
          "attributes": {
            "custom_dns_configs": [
              {
                "fqdn": "fitmspsit-web-app.azurewebsites.net",
                "ip_addresses": [
                  "172.19.100.14"
                ]
              },
              {
                "fqdn": "fitmspsit-web-app.scm.azurewebsites.net",
                "ip_addresses": [
                  "172.19.100.14"
                ]
              }
            ],
            "id": "/subscriptions/bc6eadfd-393d-4e9e-8140-4fe9bfd772fc/resourceGroups/azrgpsoan0003/providers/Microsoft.Network/privateEndpoints/fitmspsit-pe",
            "location": "westeurope",
            "name": "fitmspsit-pe",
            "network_interface": [
              {
                "id": "/subscriptions/bc6eadfd-393d-4e9e-8140-4fe9bfd772fc/resourceGroups/azrgpsoan0003/providers/Microsoft.Network/networkInterfaces/fitmspsit-pe.nic.4e177782-2e11-4ed6-a006-7f7184432383",
                "name": "fitmspsit-pe.nic.4e177782-2e11-4ed6-a006-7f7184432383"
              }
            ],
            "private_dns_zone_configs": [],
            "private_dns_zone_group": [],
            "private_service_connection": [
              {
                "is_manual_connection": false,
                "name": "privateendpointconnection",
                "private_connection_resource_alias": "",
                "private_connection_resource_id": "/subscriptions/bc6eadfd-393d-4e9e-8140-4fe9bfd772fc/resourceGroups/azrgpsoan0003/providers/Microsoft.Web/sites/fitmspsit-web-app",
                "private_ip_address": "172.19.100.14",
                "request_message": "",
                "subresource_names": [
                  "sites"
                ]
              }
            ],
            "resource_group_name": "azrgpsoan0003",
            "subnet_id": "/subscriptions/bc6eadfd-393d-4e9e-8140-4fe9bfd772fc/resourceGroups/azrgpsoan0001/providers/Microsoft.Network/virtualNetworks/azvntsoan0001/subnets/dev_pe_subnet",
            "tags": {},
            "timeouts": null
          },
          "sensitive_attributes": [],
          "private": "eyJlMmJmYjczMC1lY2FhLTExZTYtOGY4OC0zNDM2M2JjN2M0YzAiOnsiY3JlYXRlIjozNjAwMDAwMDAwMDAwLCJkZWxldGUiOjM2MDAwMDAwMDAwMDAsInJlYWQiOjMwMDAwMDAwMDAwMCwidXBkYXRlIjozNjAwMDAwMDAwMDAwfX0=",
          "dependencies": [
            "azurerm_resource_group.rg-dev-nonprod",
            "azurerm_resource_group.rg-fit-dev",
            "azurerm_subnet.subnet-dev-pe",
            "azurerm_virtual_network.vnt-dev1",
            "azurerm_app_service.fit_sit",
            "azurerm_app_service_plan.fit_sit_asp"
          ]
        },
        {
          "index_key": "fitmspsitfit",
          "schema_version": 0,
          "attributes": {
            "custom_dns_configs": [
              {
                "fqdn": "fitmspsitfit-web-app.azurewebsites.net",
                "ip_addresses": [
                  "172.19.100.17"
                ]
              },
              {
                "fqdn": "fitmspsitfit-web-app.scm.azurewebsites.net",
                "ip_addresses": [
                  "172.19.100.17"
                ]
              }
            ],
            "id": "/subscriptions/bc6eadfd-393d-4e9e-8140-4fe9bfd772fc/resourceGroups/azrgpsoan0003/providers/Microsoft.Network/privateEndpoints/fitmspsitfit-pe",
            "location": "westeurope",
            "name": "fitmspsitfit-pe",
            "network_interface": [
              {
                "id": "/subscriptions/bc6eadfd-393d-4e9e-8140-4fe9bfd772fc/resourceGroups/azrgpsoan0003/providers/Microsoft.Network/networkInterfaces/fitmspsitfit-pe.nic.956c0f47-bbaf-4a54-9dc7-a8b0d348fb80",
                "name": "fitmspsitfit-pe.nic.956c0f47-bbaf-4a54-9dc7-a8b0d348fb80"
              }
            ],
            "private_dns_zone_configs": [],
            "private_dns_zone_group": [],
            "private_service_connection": [
              {
                "is_manual_connection": false,
                "name": "privateendpointconnection",
                "private_connection_resource_alias": "",
                "private_connection_resource_id": "/subscriptions/bc6eadfd-393d-4e9e-8140-4fe9bfd772fc/resourceGroups/azrgpsoan0003/providers/Microsoft.Web/sites/fitmspsitfit-web-app",
                "private_ip_address": "172.19.100.17",
                "request_message": "",
                "subresource_names": [
                  "sites"
                ]
              }
            ],
            "resource_group_name": "azrgpsoan0003",
            "subnet_id": "/subscriptions/bc6eadfd-393d-4e9e-8140-4fe9bfd772fc/resourceGroups/azrgpsoan0001/providers/Microsoft.Network/virtualNetworks/azvntsoan0001/subnets/dev_pe_subnet",
            "tags": {},
            "timeouts": null
          },
          "sensitive_attributes": [],
          "private": "eyJlMmJmYjczMC1lY2FhLTExZTYtOGY4OC0zNDM2M2JjN2M0YzAiOnsiY3JlYXRlIjozNjAwMDAwMDAwMDAwLCJkZWxldGUiOjM2MDAwMDAwMDAwMDAsInJlYWQiOjMwMDAwMDAwMDAwMCwidXBkYXRlIjozNjAwMDAwMDAwMDAwfX0=",
          "dependencies": [
            "azurerm_virtual_network.vnt-dev1",
            "azurerm_app_service.fit_sit",
            "azurerm_app_service_plan.fit_sit_asp",
            "azurerm_resource_group.rg-dev-nonprod",
            "azurerm_resource_group.rg-fit-dev",
            "azurerm_subnet.subnet-dev-pe"
          ]
        },
        {
          "index_key": "fitmspsitpatch",
          "schema_version": 0,
          "attributes": {
            "custom_dns_configs": [
              {
                "fqdn": "fitmspsitpatch-web-app.azurewebsites.net",
                "ip_addresses": [
                  "172.19.100.12"
                ]
              },
              {
                "fqdn": "fitmspsitpatch-web-app.scm.azurewebsites.net",
                "ip_addresses": [
                  "172.19.100.12"
                ]
              }
            ],
            "id": "/subscriptions/bc6eadfd-393d-4e9e-8140-4fe9bfd772fc/resourceGroups/azrgpsoan0003/providers/Microsoft.Network/privateEndpoints/fitmspsitpatch-pe",
            "location": "westeurope",
            "name": "fitmspsitpatch-pe",
            "network_interface": [
              {
                "id": "/subscriptions/bc6eadfd-393d-4e9e-8140-4fe9bfd772fc/resourceGroups/azrgpsoan0003/providers/Microsoft.Network/networkInterfaces/fitmspsitpatch-pe.nic.d110ca3e-e78c-4a5d-a9e5-4f7bfdf81511",
                "name": "fitmspsitpatch-pe.nic.d110ca3e-e78c-4a5d-a9e5-4f7bfdf81511"
              }
            ],
            "private_dns_zone_configs": [],
            "private_dns_zone_group": [],
            "private_service_connection": [
              {
                "is_manual_connection": false,
                "name": "privateendpointconnection",
                "private_connection_resource_alias": "",
                "private_connection_resource_id": "/subscriptions/bc6eadfd-393d-4e9e-8140-4fe9bfd772fc/resourceGroups/azrgpsoan0003/providers/Microsoft.Web/sites/fitmspsitpatch-web-app",
                "private_ip_address": "172.19.100.12",
                "request_message": "",
                "subresource_names": [
                  "sites"
                ]
              }
            ],
            "resource_group_name": "azrgpsoan0003",
            "subnet_id": "/subscriptions/bc6eadfd-393d-4e9e-8140-4fe9bfd772fc/resourceGroups/azrgpsoan0001/providers/Microsoft.Network/virtualNetworks/azvntsoan0001/subnets/dev_pe_subnet",
            "tags": {},
            "timeouts": null
          },
          "sensitive_attributes": [],
          "private": "eyJlMmJmYjczMC1lY2FhLTExZTYtOGY4OC0zNDM2M2JjN2M0YzAiOnsiY3JlYXRlIjozNjAwMDAwMDAwMDAwLCJkZWxldGUiOjM2MDAwMDAwMDAwMDAsInJlYWQiOjMwMDAwMDAwMDAwMCwidXBkYXRlIjozNjAwMDAwMDAwMDAwfX0=",
          "dependencies": [
            "azurerm_subnet.subnet-dev-pe",
            "azurerm_virtual_network.vnt-dev1",
            "azurerm_app_service.fit_sit",
            "azurerm_app_service_plan.fit_sit_asp",
            "azurerm_resource_group.rg-dev-nonprod",
            "azurerm_resource_group.rg-fit-dev"
          ]
        },
        {
          "index_key": "fitmspsitshared",
          "schema_version": 0,
          "attributes": {
            "custom_dns_configs": [
              {
                "fqdn": "fitmspsitshared-web-app.azurewebsites.net",
                "ip_addresses": [
                  "172.19.100.13"
                ]
              },
              {
                "fqdn": "fitmspsitshared-web-app.scm.azurewebsites.net",
                "ip_addresses": [
                  "172.19.100.13"
                ]
              }
            ],
            "id": "/subscriptions/bc6eadfd-393d-4e9e-8140-4fe9bfd772fc/resourceGroups/azrgpsoan0003/providers/Microsoft.Network/privateEndpoints/fitmspsitshared-pe",
            "location": "westeurope",
            "name": "fitmspsitshared-pe",
            "network_interface": [
              {
                "id": "/subscriptions/bc6eadfd-393d-4e9e-8140-4fe9bfd772fc/resourceGroups/azrgpsoan0003/providers/Microsoft.Network/networkInterfaces/fitmspsitshared-pe.nic.cd150043-e742-433e-806c-28614dbdcc27",
                "name": "fitmspsitshared-pe.nic.cd150043-e742-433e-806c-28614dbdcc27"
              }
            ],
            "private_dns_zone_configs": [],
            "private_dns_zone_group": [],
            "private_service_connection": [
              {
                "is_manual_connection": false,
                "name": "privateendpointconnection",
                "private_connection_resource_alias": "",
                "private_connection_resource_id": "/subscriptions/bc6eadfd-393d-4e9e-8140-4fe9bfd772fc/resourceGroups/azrgpsoan0003/providers/Microsoft.Web/sites/fitmspsitshared-web-app",
                "private_ip_address": "172.19.100.13",
                "request_message": "",
                "subresource_names": [
                  "sites"
                ]
              }
            ],
            "resource_group_name": "azrgpsoan0003",
            "subnet_id": "/subscriptions/bc6eadfd-393d-4e9e-8140-4fe9bfd772fc/resourceGroups/azrgpsoan0001/providers/Microsoft.Network/virtualNetworks/azvntsoan0001/subnets/dev_pe_subnet",
            "tags": {},
            "timeouts": null
          },
          "sensitive_attributes": [],
          "private": "eyJlMmJmYjczMC1lY2FhLTExZTYtOGY4OC0zNDM2M2JjN2M0YzAiOnsiY3JlYXRlIjozNjAwMDAwMDAwMDAwLCJkZWxldGUiOjM2MDAwMDAwMDAwMDAsInJlYWQiOjMwMDAwMDAwMDAwMCwidXBkYXRlIjozNjAwMDAwMDAwMDAwfX0=",
          "dependencies": [
            "azurerm_app_service.fit_sit",
            "azurerm_app_service_plan.fit_sit_asp",
            "azurerm_resource_group.rg-dev-nonprod",
            "azurerm_resource_group.rg-fit-dev",
            "azurerm_subnet.subnet-dev-pe",
            "azurerm_virtual_network.vnt-dev1"
          ]
        },
        {
          "index_key": "fitsoasit",
          "schema_version": 0,
          "attributes": {
            "custom_dns_configs": [
              {
                "fqdn": "fitsoasit-web-app.azurewebsites.net",
                "ip_addresses": [
                  "172.19.100.11"
                ]
              },
              {
                "fqdn": "fitsoasit-web-app.scm.azurewebsites.net",
                "ip_addresses": [
                  "172.19.100.11"
                ]
              }
            ],
            "id": "/subscriptions/bc6eadfd-393d-4e9e-8140-4fe9bfd772fc/resourceGroups/azrgpsoan0003/providers/Microsoft.Network/privateEndpoints/fitsoasit-pe",
            "location": "westeurope",
            "name": "fitsoasit-pe",
            "network_interface": [
              {
                "id": "/subscriptions/bc6eadfd-393d-4e9e-8140-4fe9bfd772fc/resourceGroups/azrgpsoan0003/providers/Microsoft.Network/networkInterfaces/fitsoasit-pe.nic.a37c49a3-9775-4e3a-9155-73ad99140e72",
                "name": "fitsoasit-pe.nic.a37c49a3-9775-4e3a-9155-73ad99140e72"
              }
            ],
            "private_dns_zone_configs": [],
            "private_dns_zone_group": [],
            "private_service_connection": [
              {
                "is_manual_connection": false,
                "name": "privateendpointconnection",
                "private_connection_resource_alias": "",
                "private_connection_resource_id": "/subscriptions/bc6eadfd-393d-4e9e-8140-4fe9bfd772fc/resourceGroups/azrgpsoan0003/providers/Microsoft.Web/sites/fitsoasit-web-app",
                "private_ip_address": "172.19.100.11",
                "request_message": "",
                "subresource_names": [
                  "sites"
                ]
              }
            ],
            "resource_group_name": "azrgpsoan0003",
            "subnet_id": "/subscriptions/bc6eadfd-393d-4e9e-8140-4fe9bfd772fc/resourceGroups/azrgpsoan0001/providers/Microsoft.Network/virtualNetworks/azvntsoan0001/subnets/dev_pe_subnet",
            "tags": {},
            "timeouts": null
          },
          "sensitive_attributes": [],
          "private": "eyJlMmJmYjczMC1lY2FhLTExZTYtOGY4OC0zNDM2M2JjN2M0YzAiOnsiY3JlYXRlIjozNjAwMDAwMDAwMDAwLCJkZWxldGUiOjM2MDAwMDAwMDAwMDAsInJlYWQiOjMwMDAwMDAwMDAwMCwidXBkYXRlIjozNjAwMDAwMDAwMDAwfX0=",
          "dependencies": [
            "azurerm_app_service_plan.fit_sit_asp",
            "azurerm_resource_group.rg-dev-nonprod",
            "azurerm_resource_group.rg-fit-dev",
            "azurerm_subnet.subnet-dev-pe",
            "azurerm_virtual_network.vnt-dev1",
            "azurerm_app_service.fit_sit"
          ]
        }
      ]
    },
    {
      "mode": "managed",
      "type": "azurerm_private_endpoint",
      "name": "nonprod_storage_pe",
      "provider": "provider[\"registry.terraform.io/hashicorp/azurerm\"]",
      "instances": [
        {
          "schema_version": 0,
          "attributes": {
            "custom_dns_configs": [
              {
                "fqdn": "azstasoan0010.blob.core.windows.net",
                "ip_addresses": [
                  "172.19.102.132"
                ]
              }
            ],
            "id": "/subscriptions/bc6eadfd-393d-4e9e-8140-4fe9bfd772fc/resourceGroups/azrgpsoan0001/providers/Microsoft.Network/privateEndpoints/nonprod_storage_pe",
            "location": "westeurope",
            "name": "nonprod_storage_pe",
            "network_interface": [
              {
                "id": "/subscriptions/bc6eadfd-393d-4e9e-8140-4fe9bfd772fc/resourceGroups/azrgpsoan0001/providers/Microsoft.Network/networkInterfaces/nonprod_storage_pe.nic.58f120ed-cb7f-4da9-8ad4-e74c2a1328ca",
                "name": "nonprod_storage_pe.nic.58f120ed-cb7f-4da9-8ad4-e74c2a1328ca"
              }
            ],
            "private_dns_zone_configs": [],
            "private_dns_zone_group": [],
            "private_service_connection": [
              {
                "is_manual_connection": false,
                "name": "nonprod_private_service_connection",
                "private_connection_resource_alias": "",
                "private_connection_resource_id": "/subscriptions/bc6eadfd-393d-4e9e-8140-4fe9bfd772fc/resourceGroups/azrgpsoan0001/providers/Microsoft.Storage/storageAccounts/azstasoan0010",
                "private_ip_address": "172.19.102.132",
                "request_message": "",
                "subresource_names": [
                  "blob"
                ]
              }
            ],
            "resource_group_name": "azrgpsoan0001",
            "subnet_id": "/subscriptions/bc6eadfd-393d-4e9e-8140-4fe9bfd772fc/resourceGroups/azrgpsoan0001/providers/Microsoft.Network/virtualNetworks/azvntsoan0001/subnets/uat_pe_subnet",
            "tags": {},
            "timeouts": null
          },
          "sensitive_attributes": [],
          "private": "eyJlMmJmYjczMC1lY2FhLTExZTYtOGY4OC0zNDM2M2JjN2M0YzAiOnsiY3JlYXRlIjozNjAwMDAwMDAwMDAwLCJkZWxldGUiOjM2MDAwMDAwMDAwMDAsInJlYWQiOjMwMDAwMDAwMDAwMCwidXBkYXRlIjozNjAwMDAwMDAwMDAwfX0=",
          "dependencies": [
            "azurerm_subnet.subnet-uat-pe",
            "azurerm_virtual_network.vnt-dev1",
            "azurerm_resource_group.rg-dev-nonprod",
            "azurerm_storage_account.sta-nonprod"
          ]
        }
      ]
    },
    {
      "mode": "managed",
      "type": "azurerm_private_endpoint",
      "name": "ptc_dev_pe",
      "provider": "provider[\"registry.terraform.io/hashicorp/azurerm\"]",
      "instances": [
        {
          "index_key": "ptcmspdev",
          "schema_version": 0,
          "attributes": {
            "custom_dns_configs": [
              {
                "fqdn": "ptcmspdev-web-app.azurewebsites.net",
                "ip_addresses": [
                  "172.19.100.37"
                ]
              },
              {
                "fqdn": "ptcmspdev-web-app.scm.azurewebsites.net",
                "ip_addresses": [
                  "172.19.100.37"
                ]
              }
            ],
            "id": "/subscriptions/bc6eadfd-393d-4e9e-8140-4fe9bfd772fc/resourceGroups/azrgpsoan0005/providers/Microsoft.Network/privateEndpoints/ptcmspdev-pe",
            "location": "westeurope",
            "name": "ptcmspdev-pe",
            "network_interface": [
              {
                "id": "/subscriptions/bc6eadfd-393d-4e9e-8140-4fe9bfd772fc/resourceGroups/azrgpsoan0005/providers/Microsoft.Network/networkInterfaces/ptcmspdev-pe.nic.4f7005b6-d496-4d69-b10b-be7b1eb20bba",
                "name": "ptcmspdev-pe.nic.4f7005b6-d496-4d69-b10b-be7b1eb20bba"
              }
            ],
            "private_dns_zone_configs": [],
            "private_dns_zone_group": [],
            "private_service_connection": [
              {
                "is_manual_connection": false,
                "name": "privateendpointconnection",
                "private_connection_resource_alias": "",
                "private_connection_resource_id": "/subscriptions/bc6eadfd-393d-4e9e-8140-4fe9bfd772fc/resourceGroups/azrgpsoan0005/providers/Microsoft.Web/sites/ptcmspdev-web-app",
                "private_ip_address": "172.19.100.37",
                "request_message": "",
                "subresource_names": [
                  "sites"
                ]
              }
            ],
            "resource_group_name": "azrgpsoan0005",
            "subnet_id": "/subscriptions/bc6eadfd-393d-4e9e-8140-4fe9bfd772fc/resourceGroups/azrgpsoan0001/providers/Microsoft.Network/virtualNetworks/azvntsoan0001/subnets/dev_pe_subnet",
            "tags": {},
            "timeouts": null
          },
          "sensitive_attributes": [],
          "private": "eyJlMmJmYjczMC1lY2FhLTExZTYtOGY4OC0zNDM2M2JjN2M0YzAiOnsiY3JlYXRlIjozNjAwMDAwMDAwMDAwLCJkZWxldGUiOjM2MDAwMDAwMDAwMDAsInJlYWQiOjMwMDAwMDAwMDAwMCwidXBkYXRlIjozNjAwMDAwMDAwMDAwfX0=",
          "dependencies": [
            "azurerm_app_service.ptc_dev",
            "azurerm_app_service_plan.ptc_dev_asp",
            "azurerm_resource_group.rg-dev-nonprod",
            "azurerm_resource_group.rg-ptc-dev",
            "azurerm_subnet.subnet-dev-pe",
            "azurerm_virtual_network.vnt-dev1"
          ]
        },
        {
          "index_key": "ptcmspdevptc",
          "schema_version": 0,
          "attributes": {
            "custom_dns_configs": [
              {
                "fqdn": "ptcmspdevptc-web-app.azurewebsites.net",
                "ip_addresses": [
                  "172.19.100.36"
                ]
              },
              {
                "fqdn": "ptcmspdevptc-web-app.scm.azurewebsites.net",
                "ip_addresses": [
                  "172.19.100.36"
                ]
              }
            ],
            "id": "/subscriptions/bc6eadfd-393d-4e9e-8140-4fe9bfd772fc/resourceGroups/azrgpsoan0005/providers/Microsoft.Network/privateEndpoints/ptcmspdevptc-pe",
            "location": "westeurope",
            "name": "ptcmspdevptc-pe",
            "network_interface": [
              {
                "id": "/subscriptions/bc6eadfd-393d-4e9e-8140-4fe9bfd772fc/resourceGroups/azrgpsoan0005/providers/Microsoft.Network/networkInterfaces/ptcmspdevptc-pe.nic.b46fa670-ed62-4868-979c-cc81ad7f657e",
                "name": "ptcmspdevptc-pe.nic.b46fa670-ed62-4868-979c-cc81ad7f657e"
              }
            ],
            "private_dns_zone_configs": [],
            "private_dns_zone_group": [],
            "private_service_connection": [
              {
                "is_manual_connection": false,
                "name": "privateendpointconnection",
                "private_connection_resource_alias": "",
                "private_connection_resource_id": "/subscriptions/bc6eadfd-393d-4e9e-8140-4fe9bfd772fc/resourceGroups/azrgpsoan0005/providers/Microsoft.Web/sites/ptcmspdevptc-web-app",
                "private_ip_address": "172.19.100.36",
                "request_message": "",
                "subresource_names": [
                  "sites"
                ]
              }
            ],
            "resource_group_name": "azrgpsoan0005",
            "subnet_id": "/subscriptions/bc6eadfd-393d-4e9e-8140-4fe9bfd772fc/resourceGroups/azrgpsoan0001/providers/Microsoft.Network/virtualNetworks/azvntsoan0001/subnets/dev_pe_subnet",
            "tags": {},
            "timeouts": null
          },
          "sensitive_attributes": [],
          "private": "eyJlMmJmYjczMC1lY2FhLTExZTYtOGY4OC0zNDM2M2JjN2M0YzAiOnsiY3JlYXRlIjozNjAwMDAwMDAwMDAwLCJkZWxldGUiOjM2MDAwMDAwMDAwMDAsInJlYWQiOjMwMDAwMDAwMDAwMCwidXBkYXRlIjozNjAwMDAwMDAwMDAwfX0=",
          "dependencies": [
            "azurerm_app_service.ptc_dev",
            "azurerm_app_service_plan.ptc_dev_asp",
            "azurerm_resource_group.rg-dev-nonprod",
            "azurerm_resource_group.rg-ptc-dev",
            "azurerm_subnet.subnet-dev-pe",
            "azurerm_virtual_network.vnt-dev1"
          ]
        },
        {
          "index_key": "ptcmspdevshared",
          "schema_version": 0,
          "attributes": {
            "custom_dns_configs": [
              {
                "fqdn": "ptcmspdevshared-web-app.azurewebsites.net",
                "ip_addresses": [
                  "172.19.100.35"
                ]
              },
              {
                "fqdn": "ptcmspdevshared-web-app.scm.azurewebsites.net",
                "ip_addresses": [
                  "172.19.100.35"
                ]
              }
            ],
            "id": "/subscriptions/bc6eadfd-393d-4e9e-8140-4fe9bfd772fc/resourceGroups/azrgpsoan0005/providers/Microsoft.Network/privateEndpoints/ptcmspdevshared-pe",
            "location": "westeurope",
            "name": "ptcmspdevshared-pe",
            "network_interface": [
              {
                "id": "/subscriptions/bc6eadfd-393d-4e9e-8140-4fe9bfd772fc/resourceGroups/azrgpsoan0005/providers/Microsoft.Network/networkInterfaces/ptcmspdevshared-pe.nic.cf291af9-43b8-4916-95ca-0d6fd5868469",
                "name": "ptcmspdevshared-pe.nic.cf291af9-43b8-4916-95ca-0d6fd5868469"
              }
            ],
            "private_dns_zone_configs": [],
            "private_dns_zone_group": [],
            "private_service_connection": [
              {
                "is_manual_connection": false,
                "name": "privateendpointconnection",
                "private_connection_resource_alias": "",
                "private_connection_resource_id": "/subscriptions/bc6eadfd-393d-4e9e-8140-4fe9bfd772fc/resourceGroups/azrgpsoan0005/providers/Microsoft.Web/sites/ptcmspdevshared-web-app",
                "private_ip_address": "172.19.100.35",
                "request_message": "",
                "subresource_names": [
                  "sites"
                ]
              }
            ],
            "resource_group_name": "azrgpsoan0005",
            "subnet_id": "/subscriptions/bc6eadfd-393d-4e9e-8140-4fe9bfd772fc/resourceGroups/azrgpsoan0001/providers/Microsoft.Network/virtualNetworks/azvntsoan0001/subnets/dev_pe_subnet",
            "tags": {},
            "timeouts": null
          },
          "sensitive_attributes": [],
          "private": "eyJlMmJmYjczMC1lY2FhLTExZTYtOGY4OC0zNDM2M2JjN2M0YzAiOnsiY3JlYXRlIjozNjAwMDAwMDAwMDAwLCJkZWxldGUiOjM2MDAwMDAwMDAwMDAsInJlYWQiOjMwMDAwMDAwMDAwMCwidXBkYXRlIjozNjAwMDAwMDAwMDAwfX0=",
          "dependencies": [
            "azurerm_app_service.ptc_dev",
            "azurerm_app_service_plan.ptc_dev_asp",
            "azurerm_resource_group.rg-dev-nonprod",
            "azurerm_resource_group.rg-ptc-dev",
            "azurerm_subnet.subnet-dev-pe",
            "azurerm_virtual_network.vnt-dev1"
          ]
        },
        {
          "index_key": "ptcsoadev",
          "schema_version": 0,
          "attributes": {
            "custom_dns_configs": [
              {
                "fqdn": "ptcsoadev-web-app.azurewebsites.net",
                "ip_addresses": [
                  "172.19.100.38"
                ]
              },
              {
                "fqdn": "ptcsoadev-web-app.scm.azurewebsites.net",
                "ip_addresses": [
                  "172.19.100.38"
                ]
              }
            ],
            "id": "/subscriptions/bc6eadfd-393d-4e9e-8140-4fe9bfd772fc/resourceGroups/azrgpsoan0005/providers/Microsoft.Network/privateEndpoints/ptcsoadev-pe",
            "location": "westeurope",
            "name": "ptcsoadev-pe",
            "network_interface": [
              {
                "id": "/subscriptions/bc6eadfd-393d-4e9e-8140-4fe9bfd772fc/resourceGroups/azrgpsoan0005/providers/Microsoft.Network/networkInterfaces/ptcsoadev-pe.nic.29075caf-1784-4a21-8e2a-8aa1d98a9afe",
                "name": "ptcsoadev-pe.nic.29075caf-1784-4a21-8e2a-8aa1d98a9afe"
              }
            ],
            "private_dns_zone_configs": [],
            "private_dns_zone_group": [],
            "private_service_connection": [
              {
                "is_manual_connection": false,
                "name": "privateendpointconnection",
                "private_connection_resource_alias": "",
                "private_connection_resource_id": "/subscriptions/bc6eadfd-393d-4e9e-8140-4fe9bfd772fc/resourceGroups/azrgpsoan0005/providers/Microsoft.Web/sites/ptcsoadev-web-app",
                "private_ip_address": "172.19.100.38",
                "request_message": "",
                "subresource_names": [
                  "sites"
                ]
              }
            ],
            "resource_group_name": "azrgpsoan0005",
            "subnet_id": "/subscriptions/bc6eadfd-393d-4e9e-8140-4fe9bfd772fc/resourceGroups/azrgpsoan0001/providers/Microsoft.Network/virtualNetworks/azvntsoan0001/subnets/dev_pe_subnet",
            "tags": {},
            "timeouts": null
          },
          "sensitive_attributes": [],
          "private": "eyJlMmJmYjczMC1lY2FhLTExZTYtOGY4OC0zNDM2M2JjN2M0YzAiOnsiY3JlYXRlIjozNjAwMDAwMDAwMDAwLCJkZWxldGUiOjM2MDAwMDAwMDAwMDAsInJlYWQiOjMwMDAwMDAwMDAwMCwidXBkYXRlIjozNjAwMDAwMDAwMDAwfX0=",
          "dependencies": [
            "azurerm_virtual_network.vnt-dev1",
            "azurerm_app_service.ptc_dev",
            "azurerm_app_service_plan.ptc_dev_asp",
            "azurerm_resource_group.rg-dev-nonprod",
            "azurerm_resource_group.rg-ptc-dev",
            "azurerm_subnet.subnet-dev-pe"
          ]
        }
      ]
    },
    {
      "mode": "managed",
      "type": "azurerm_private_endpoint",
      "name": "ptc_ext_pe",
      "provider": "provider[\"registry.terraform.io/hashicorp/azurerm\"]",
      "instances": [
        {
          "index_key": "ptcmspext",
          "schema_version": 0,
          "attributes": {
            "custom_dns_configs": [
              {
                "fqdn": "ptcmspext-web-app.azurewebsites.net",
                "ip_addresses": [
                  "172.19.100.10"
                ]
              },
              {
                "fqdn": "ptcmspext-web-app.scm.azurewebsites.net",
                "ip_addresses": [
                  "172.19.100.10"
                ]
              }
            ],
            "id": "/subscriptions/bc6eadfd-393d-4e9e-8140-4fe9bfd772fc/resourceGroups/azrgpsoan0005/providers/Microsoft.Network/privateEndpoints/ptcmspext-pe",
            "location": "westeurope",
            "name": "ptcmspext-pe",
            "network_interface": [
              {
                "id": "/subscriptions/bc6eadfd-393d-4e9e-8140-4fe9bfd772fc/resourceGroups/azrgpsoan0005/providers/Microsoft.Network/networkInterfaces/ptcmspext-pe.nic.2e05f4a4-4121-4556-b557-2702bb00ec06",
                "name": "ptcmspext-pe.nic.2e05f4a4-4121-4556-b557-2702bb00ec06"
              }
            ],
            "private_dns_zone_configs": [],
            "private_dns_zone_group": [],
            "private_service_connection": [
              {
                "is_manual_connection": false,
                "name": "privateendpointconnection",
                "private_connection_resource_alias": "",
                "private_connection_resource_id": "/subscriptions/bc6eadfd-393d-4e9e-8140-4fe9bfd772fc/resourceGroups/azrgpsoan0005/providers/Microsoft.Web/sites/ptcmspext-web-app",
                "private_ip_address": "172.19.100.10",
                "request_message": "",
                "subresource_names": [
                  "sites"
                ]
              }
            ],
            "resource_group_name": "azrgpsoan0005",
            "subnet_id": "/subscriptions/bc6eadfd-393d-4e9e-8140-4fe9bfd772fc/resourceGroups/azrgpsoan0001/providers/Microsoft.Network/virtualNetworks/azvntsoan0001/subnets/dev_pe_subnet",
            "tags": {},
            "timeouts": null
          },
          "sensitive_attributes": [],
          "private": "eyJlMmJmYjczMC1lY2FhLTExZTYtOGY4OC0zNDM2M2JjN2M0YzAiOnsiY3JlYXRlIjozNjAwMDAwMDAwMDAwLCJkZWxldGUiOjM2MDAwMDAwMDAwMDAsInJlYWQiOjMwMDAwMDAwMDAwMCwidXBkYXRlIjozNjAwMDAwMDAwMDAwfX0=",
          "dependencies": [
            "azurerm_virtual_network.vnt-dev1",
            "azurerm_app_service.ptc_ext",
            "azurerm_app_service_plan.ptc_ext_asp",
            "azurerm_resource_group.rg-dev-nonprod",
            "azurerm_resource_group.rg-ptc-dev",
            "azurerm_subnet.subnet-dev-pe"
          ]
        },
        {
          "index_key": "ptcmspextptc",
          "schema_version": 0,
          "attributes": {
            "custom_dns_configs": [
              {
                "fqdn": "ptcmspextptc-web-app.azurewebsites.net",
                "ip_addresses": [
                  "172.19.100.9"
                ]
              },
              {
                "fqdn": "ptcmspextptc-web-app.scm.azurewebsites.net",
                "ip_addresses": [
                  "172.19.100.9"
                ]
              }
            ],
            "id": "/subscriptions/bc6eadfd-393d-4e9e-8140-4fe9bfd772fc/resourceGroups/azrgpsoan0005/providers/Microsoft.Network/privateEndpoints/ptcmspextptc-pe",
            "location": "westeurope",
            "name": "ptcmspextptc-pe",
            "network_interface": [
              {
                "id": "/subscriptions/bc6eadfd-393d-4e9e-8140-4fe9bfd772fc/resourceGroups/azrgpsoan0005/providers/Microsoft.Network/networkInterfaces/ptcmspextptc-pe.nic.2f301f02-4780-475f-9674-9bf258d6754c",
                "name": "ptcmspextptc-pe.nic.2f301f02-4780-475f-9674-9bf258d6754c"
              }
            ],
            "private_dns_zone_configs": [],
            "private_dns_zone_group": [],
            "private_service_connection": [
              {
                "is_manual_connection": false,
                "name": "privateendpointconnection",
                "private_connection_resource_alias": "",
                "private_connection_resource_id": "/subscriptions/bc6eadfd-393d-4e9e-8140-4fe9bfd772fc/resourceGroups/azrgpsoan0005/providers/Microsoft.Web/sites/ptcmspextptc-web-app",
                "private_ip_address": "172.19.100.9",
                "request_message": "",
                "subresource_names": [
                  "sites"
                ]
              }
            ],
            "resource_group_name": "azrgpsoan0005",
            "subnet_id": "/subscriptions/bc6eadfd-393d-4e9e-8140-4fe9bfd772fc/resourceGroups/azrgpsoan0001/providers/Microsoft.Network/virtualNetworks/azvntsoan0001/subnets/dev_pe_subnet",
            "tags": {},
            "timeouts": null
          },
          "sensitive_attributes": [],
          "private": "eyJlMmJmYjczMC1lY2FhLTExZTYtOGY4OC0zNDM2M2JjN2M0YzAiOnsiY3JlYXRlIjozNjAwMDAwMDAwMDAwLCJkZWxldGUiOjM2MDAwMDAwMDAwMDAsInJlYWQiOjMwMDAwMDAwMDAwMCwidXBkYXRlIjozNjAwMDAwMDAwMDAwfX0=",
          "dependencies": [
            "azurerm_resource_group.rg-ptc-dev",
            "azurerm_subnet.subnet-dev-pe",
            "azurerm_virtual_network.vnt-dev1",
            "azurerm_app_service.ptc_ext",
            "azurerm_app_service_plan.ptc_ext_asp",
            "azurerm_resource_group.rg-dev-nonprod"
          ]
        },
        {
          "index_key": "ptcmspextshared",
          "schema_version": 0,
          "attributes": {
            "custom_dns_configs": [
              {
                "fqdn": "ptcmspextshared-web-app.azurewebsites.net",
                "ip_addresses": [
                  "172.19.100.34"
                ]
              },
              {
                "fqdn": "ptcmspextshared-web-app.scm.azurewebsites.net",
                "ip_addresses": [
                  "172.19.100.34"
                ]
              }
            ],
            "id": "/subscriptions/bc6eadfd-393d-4e9e-8140-4fe9bfd772fc/resourceGroups/azrgpsoan0005/providers/Microsoft.Network/privateEndpoints/ptcmspextshared-pe",
            "location": "westeurope",
            "name": "ptcmspextshared-pe",
            "network_interface": [
              {
                "id": "/subscriptions/bc6eadfd-393d-4e9e-8140-4fe9bfd772fc/resourceGroups/azrgpsoan0005/providers/Microsoft.Network/networkInterfaces/ptcmspextshared-pe.nic.4ef9a6ce-7ecd-4c37-b339-54f10f93ad7c",
                "name": "ptcmspextshared-pe.nic.4ef9a6ce-7ecd-4c37-b339-54f10f93ad7c"
              }
            ],
            "private_dns_zone_configs": [],
            "private_dns_zone_group": [],
            "private_service_connection": [
              {
                "is_manual_connection": false,
                "name": "privateendpointconnection",
                "private_connection_resource_alias": "",
                "private_connection_resource_id": "/subscriptions/bc6eadfd-393d-4e9e-8140-4fe9bfd772fc/resourceGroups/azrgpsoan0005/providers/Microsoft.Web/sites/ptcmspextshared-web-app",
                "private_ip_address": "172.19.100.34",
                "request_message": "",
                "subresource_names": [
                  "sites"
                ]
              }
            ],
            "resource_group_name": "azrgpsoan0005",
            "subnet_id": "/subscriptions/bc6eadfd-393d-4e9e-8140-4fe9bfd772fc/resourceGroups/azrgpsoan0001/providers/Microsoft.Network/virtualNetworks/azvntsoan0001/subnets/dev_pe_subnet",
            "tags": {},
            "timeouts": null
          },
          "sensitive_attributes": [],
          "private": "eyJlMmJmYjczMC1lY2FhLTExZTYtOGY4OC0zNDM2M2JjN2M0YzAiOnsiY3JlYXRlIjozNjAwMDAwMDAwMDAwLCJkZWxldGUiOjM2MDAwMDAwMDAwMDAsInJlYWQiOjMwMDAwMDAwMDAwMCwidXBkYXRlIjozNjAwMDAwMDAwMDAwfX0=",
          "dependencies": [
            "azurerm_subnet.subnet-dev-pe",
            "azurerm_virtual_network.vnt-dev1",
            "azurerm_app_service.ptc_ext",
            "azurerm_app_service_plan.ptc_ext_asp",
            "azurerm_resource_group.rg-dev-nonprod",
            "azurerm_resource_group.rg-ptc-dev"
          ]
        },
        {
          "index_key": "ptcsoaext",
          "schema_version": 0,
          "attributes": {
            "custom_dns_configs": [
              {
                "fqdn": "ptcsoaext-web-app.azurewebsites.net",
                "ip_addresses": [
                  "172.19.100.33"
                ]
              },
              {
                "fqdn": "ptcsoaext-web-app.scm.azurewebsites.net",
                "ip_addresses": [
                  "172.19.100.33"
                ]
              }
            ],
            "id": "/subscriptions/bc6eadfd-393d-4e9e-8140-4fe9bfd772fc/resourceGroups/azrgpsoan0005/providers/Microsoft.Network/privateEndpoints/ptcsoaext-pe",
            "location": "westeurope",
            "name": "ptcsoaext-pe",
            "network_interface": [
              {
                "id": "/subscriptions/bc6eadfd-393d-4e9e-8140-4fe9bfd772fc/resourceGroups/azrgpsoan0005/providers/Microsoft.Network/networkInterfaces/ptcsoaext-pe.nic.6af3feea-9ae5-4884-8105-3155295331d7",
                "name": "ptcsoaext-pe.nic.6af3feea-9ae5-4884-8105-3155295331d7"
              }
            ],
            "private_dns_zone_configs": [],
            "private_dns_zone_group": [],
            "private_service_connection": [
              {
                "is_manual_connection": false,
                "name": "privateendpointconnection",
                "private_connection_resource_alias": "",
                "private_connection_resource_id": "/subscriptions/bc6eadfd-393d-4e9e-8140-4fe9bfd772fc/resourceGroups/azrgpsoan0005/providers/Microsoft.Web/sites/ptcsoaext-web-app",
                "private_ip_address": "172.19.100.33",
                "request_message": "",
                "subresource_names": [
                  "sites"
                ]
              }
            ],
            "resource_group_name": "azrgpsoan0005",
            "subnet_id": "/subscriptions/bc6eadfd-393d-4e9e-8140-4fe9bfd772fc/resourceGroups/azrgpsoan0001/providers/Microsoft.Network/virtualNetworks/azvntsoan0001/subnets/dev_pe_subnet",
            "tags": {},
            "timeouts": null
          },
          "sensitive_attributes": [],
          "private": "eyJlMmJmYjczMC1lY2FhLTExZTYtOGY4OC0zNDM2M2JjN2M0YzAiOnsiY3JlYXRlIjozNjAwMDAwMDAwMDAwLCJkZWxldGUiOjM2MDAwMDAwMDAwMDAsInJlYWQiOjMwMDAwMDAwMDAwMCwidXBkYXRlIjozNjAwMDAwMDAwMDAwfX0=",
          "dependencies": [
            "azurerm_resource_group.rg-ptc-dev",
            "azurerm_subnet.subnet-dev-pe",
            "azurerm_virtual_network.vnt-dev1",
            "azurerm_app_service.ptc_ext",
            "azurerm_app_service_plan.ptc_ext_asp",
            "azurerm_resource_group.rg-dev-nonprod"
          ]
        }
      ]
    },
    {
      "mode": "managed",
      "type": "azurerm_private_endpoint",
      "name": "ptc_sit_pe",
      "provider": "provider[\"registry.terraform.io/hashicorp/azurerm\"]",
      "instances": [
        {
          "index_key": "ptcmspsit",
          "schema_version": 0,
          "attributes": {
            "custom_dns_configs": [
              {
                "fqdn": "ptcmspsit-web-app.azurewebsites.net",
                "ip_addresses": [
                  "172.19.100.26"
                ]
              },
              {
                "fqdn": "ptcmspsit-web-app.scm.azurewebsites.net",
                "ip_addresses": [
                  "172.19.100.26"
                ]
              }
            ],
            "id": "/subscriptions/bc6eadfd-393d-4e9e-8140-4fe9bfd772fc/resourceGroups/azrgpsoan0005/providers/Microsoft.Network/privateEndpoints/ptcmspsit-pe",
            "location": "westeurope",
            "name": "ptcmspsit-pe",
            "network_interface": [
              {
                "id": "/subscriptions/bc6eadfd-393d-4e9e-8140-4fe9bfd772fc/resourceGroups/azrgpsoan0005/providers/Microsoft.Network/networkInterfaces/ptcmspsit-pe.nic.d14d6e24-c0c9-4b4d-93a6-a7522715fb43",
                "name": "ptcmspsit-pe.nic.d14d6e24-c0c9-4b4d-93a6-a7522715fb43"
              }
            ],
            "private_dns_zone_configs": [],
            "private_dns_zone_group": [],
            "private_service_connection": [
              {
                "is_manual_connection": false,
                "name": "privateendpointconnection",
                "private_connection_resource_alias": "",
                "private_connection_resource_id": "/subscriptions/bc6eadfd-393d-4e9e-8140-4fe9bfd772fc/resourceGroups/azrgpsoan0005/providers/Microsoft.Web/sites/ptcmspsit-web-app",
                "private_ip_address": "172.19.100.26",
                "request_message": "",
                "subresource_names": [
                  "sites"
                ]
              }
            ],
            "resource_group_name": "azrgpsoan0005",
            "subnet_id": "/subscriptions/bc6eadfd-393d-4e9e-8140-4fe9bfd772fc/resourceGroups/azrgpsoan0001/providers/Microsoft.Network/virtualNetworks/azvntsoan0001/subnets/dev_pe_subnet",
            "tags": {},
            "timeouts": null
          },
          "sensitive_attributes": [],
          "private": "eyJlMmJmYjczMC1lY2FhLTExZTYtOGY4OC0zNDM2M2JjN2M0YzAiOnsiY3JlYXRlIjozNjAwMDAwMDAwMDAwLCJkZWxldGUiOjM2MDAwMDAwMDAwMDAsInJlYWQiOjMwMDAwMDAwMDAwMCwidXBkYXRlIjozNjAwMDAwMDAwMDAwfX0=",
          "dependencies": [
            "azurerm_subnet.subnet-dev-pe",
            "azurerm_virtual_network.vnt-dev1",
            "azurerm_app_service.ptc_sit",
            "azurerm_app_service_plan.ptc_sit_asp",
            "azurerm_resource_group.rg-dev-nonprod",
            "azurerm_resource_group.rg-ptc-dev"
          ]
        },
        {
          "index_key": "ptcmspsitptc",
          "schema_version": 0,
          "attributes": {
            "custom_dns_configs": [
              {
                "fqdn": "ptcmspsitptc-web-app.azurewebsites.net",
                "ip_addresses": [
                  "172.19.100.22"
                ]
              },
              {
                "fqdn": "ptcmspsitptc-web-app.scm.azurewebsites.net",
                "ip_addresses": [
                  "172.19.100.22"
                ]
              }
            ],
            "id": "/subscriptions/bc6eadfd-393d-4e9e-8140-4fe9bfd772fc/resourceGroups/azrgpsoan0005/providers/Microsoft.Network/privateEndpoints/ptcmspsitptc-pe",
            "location": "westeurope",
            "name": "ptcmspsitptc-pe",
            "network_interface": [
              {
                "id": "/subscriptions/bc6eadfd-393d-4e9e-8140-4fe9bfd772fc/resourceGroups/azrgpsoan0005/providers/Microsoft.Network/networkInterfaces/ptcmspsitptc-pe.nic.85cceb81-f193-4d6d-8ea0-4f27077c5474",
                "name": "ptcmspsitptc-pe.nic.85cceb81-f193-4d6d-8ea0-4f27077c5474"
              }
            ],
            "private_dns_zone_configs": [],
            "private_dns_zone_group": [],
            "private_service_connection": [
              {
                "is_manual_connection": false,
                "name": "privateendpointconnection",
                "private_connection_resource_alias": "",
                "private_connection_resource_id": "/subscriptions/bc6eadfd-393d-4e9e-8140-4fe9bfd772fc/resourceGroups/azrgpsoan0005/providers/Microsoft.Web/sites/ptcmspsitptc-web-app",
                "private_ip_address": "172.19.100.22",
                "request_message": "",
                "subresource_names": [
                  "sites"
                ]
              }
            ],
            "resource_group_name": "azrgpsoan0005",
            "subnet_id": "/subscriptions/bc6eadfd-393d-4e9e-8140-4fe9bfd772fc/resourceGroups/azrgpsoan0001/providers/Microsoft.Network/virtualNetworks/azvntsoan0001/subnets/dev_pe_subnet",
            "tags": {},
            "timeouts": null
          },
          "sensitive_attributes": [],
          "private": "eyJlMmJmYjczMC1lY2FhLTExZTYtOGY4OC0zNDM2M2JjN2M0YzAiOnsiY3JlYXRlIjozNjAwMDAwMDAwMDAwLCJkZWxldGUiOjM2MDAwMDAwMDAwMDAsInJlYWQiOjMwMDAwMDAwMDAwMCwidXBkYXRlIjozNjAwMDAwMDAwMDAwfX0=",
          "dependencies": [
            "azurerm_subnet.subnet-dev-pe",
            "azurerm_virtual_network.vnt-dev1",
            "azurerm_app_service.ptc_sit",
            "azurerm_app_service_plan.ptc_sit_asp",
            "azurerm_resource_group.rg-dev-nonprod",
            "azurerm_resource_group.rg-ptc-dev"
          ]
        },
        {
          "index_key": "ptcmspsitshared",
          "schema_version": 0,
          "attributes": {
            "custom_dns_configs": [
              {
                "fqdn": "ptcmspsitshared-web-app.azurewebsites.net",
                "ip_addresses": [
                  "172.19.100.23"
                ]
              },
              {
                "fqdn": "ptcmspsitshared-web-app.scm.azurewebsites.net",
                "ip_addresses": [
                  "172.19.100.23"
                ]
              }
            ],
            "id": "/subscriptions/bc6eadfd-393d-4e9e-8140-4fe9bfd772fc/resourceGroups/azrgpsoan0005/providers/Microsoft.Network/privateEndpoints/ptcmspsitshared-pe",
            "location": "westeurope",
            "name": "ptcmspsitshared-pe",
            "network_interface": [
              {
                "id": "/subscriptions/bc6eadfd-393d-4e9e-8140-4fe9bfd772fc/resourceGroups/azrgpsoan0005/providers/Microsoft.Network/networkInterfaces/ptcmspsitshared-pe.nic.c5a26460-79ee-4efa-bd31-eb1fc85b6518",
                "name": "ptcmspsitshared-pe.nic.c5a26460-79ee-4efa-bd31-eb1fc85b6518"
              }
            ],
            "private_dns_zone_configs": [],
            "private_dns_zone_group": [],
            "private_service_connection": [
              {
                "is_manual_connection": false,
                "name": "privateendpointconnection",
                "private_connection_resource_alias": "",
                "private_connection_resource_id": "/subscriptions/bc6eadfd-393d-4e9e-8140-4fe9bfd772fc/resourceGroups/azrgpsoan0005/providers/Microsoft.Web/sites/ptcmspsitshared-web-app",
                "private_ip_address": "172.19.100.23",
                "request_message": "",
                "subresource_names": [
                  "sites"
                ]
              }
            ],
            "resource_group_name": "azrgpsoan0005",
            "subnet_id": "/subscriptions/bc6eadfd-393d-4e9e-8140-4fe9bfd772fc/resourceGroups/azrgpsoan0001/providers/Microsoft.Network/virtualNetworks/azvntsoan0001/subnets/dev_pe_subnet",
            "tags": {},
            "timeouts": null
          },
          "sensitive_attributes": [],
          "private": "eyJlMmJmYjczMC1lY2FhLTExZTYtOGY4OC0zNDM2M2JjN2M0YzAiOnsiY3JlYXRlIjozNjAwMDAwMDAwMDAwLCJkZWxldGUiOjM2MDAwMDAwMDAwMDAsInJlYWQiOjMwMDAwMDAwMDAwMCwidXBkYXRlIjozNjAwMDAwMDAwMDAwfX0=",
          "dependencies": [
            "azurerm_virtual_network.vnt-dev1",
            "azurerm_app_service.ptc_sit",
            "azurerm_app_service_plan.ptc_sit_asp",
            "azurerm_resource_group.rg-dev-nonprod",
            "azurerm_resource_group.rg-ptc-dev",
            "azurerm_subnet.subnet-dev-pe"
          ]
        },
        {
          "index_key": "ptcsoasit",
          "schema_version": 0,
          "attributes": {
            "custom_dns_configs": [
              {
                "fqdn": "ptcsoasit-web-app.azurewebsites.net",
                "ip_addresses": [
                  "172.19.100.24"
                ]
              },
              {
                "fqdn": "ptcsoasit-web-app.scm.azurewebsites.net",
                "ip_addresses": [
                  "172.19.100.24"
                ]
              }
            ],
            "id": "/subscriptions/bc6eadfd-393d-4e9e-8140-4fe9bfd772fc/resourceGroups/azrgpsoan0005/providers/Microsoft.Network/privateEndpoints/ptcsoasit-pe",
            "location": "westeurope",
            "name": "ptcsoasit-pe",
            "network_interface": [
              {
                "id": "/subscriptions/bc6eadfd-393d-4e9e-8140-4fe9bfd772fc/resourceGroups/azrgpsoan0005/providers/Microsoft.Network/networkInterfaces/ptcsoasit-pe.nic.2d6f4ee0-a317-4f06-8e32-95e4d6f59e4d",
                "name": "ptcsoasit-pe.nic.2d6f4ee0-a317-4f06-8e32-95e4d6f59e4d"
              }
            ],
            "private_dns_zone_configs": [],
            "private_dns_zone_group": [],
            "private_service_connection": [
              {
                "is_manual_connection": false,
                "name": "privateendpointconnection",
                "private_connection_resource_alias": "",
                "private_connection_resource_id": "/subscriptions/bc6eadfd-393d-4e9e-8140-4fe9bfd772fc/resourceGroups/azrgpsoan0005/providers/Microsoft.Web/sites/ptcsoasit-web-app",
                "private_ip_address": "172.19.100.24",
                "request_message": "",
                "subresource_names": [
                  "sites"
                ]
              }
            ],
            "resource_group_name": "azrgpsoan0005",
            "subnet_id": "/subscriptions/bc6eadfd-393d-4e9e-8140-4fe9bfd772fc/resourceGroups/azrgpsoan0001/providers/Microsoft.Network/virtualNetworks/azvntsoan0001/subnets/dev_pe_subnet",
            "tags": {},
            "timeouts": null
          },
          "sensitive_attributes": [],
          "private": "eyJlMmJmYjczMC1lY2FhLTExZTYtOGY4OC0zNDM2M2JjN2M0YzAiOnsiY3JlYXRlIjozNjAwMDAwMDAwMDAwLCJkZWxldGUiOjM2MDAwMDAwMDAwMDAsInJlYWQiOjMwMDAwMDAwMDAwMCwidXBkYXRlIjozNjAwMDAwMDAwMDAwfX0=",
          "dependencies": [
            "azurerm_subnet.subnet-dev-pe",
            "azurerm_virtual_network.vnt-dev1",
            "azurerm_app_service.ptc_sit",
            "azurerm_app_service_plan.ptc_sit_asp",
            "azurerm_resource_group.rg-dev-nonprod",
            "azurerm_resource_group.rg-ptc-dev"
          ]
        }
      ]
    },
    {
      "mode": "managed",
      "type": "azurerm_private_endpoint",
      "name": "sit_soa_pe",
      "provider": "provider[\"registry.terraform.io/hashicorp/azurerm\"]",
      "instances": [
        {
          "index_key": "mspsit",
          "schema_version": 0,
          "attributes": {
            "custom_dns_configs": [
              {
                "fqdn": "mspsit-web-app.azurewebsites.net",
                "ip_addresses": [
                  "172.19.100.29"
                ]
              },
              {
                "fqdn": "mspsit-web-app.scm.azurewebsites.net",
                "ip_addresses": [
                  "172.19.100.29"
                ]
              }
            ],
            "id": "/subscriptions/bc6eadfd-393d-4e9e-8140-4fe9bfd772fc/resourceGroups/azrgpsoan0002/providers/Microsoft.Network/privateEndpoints/mspsit-pe",
            "location": "westeurope",
            "name": "mspsit-pe",
            "network_interface": [
              {
                "id": "/subscriptions/bc6eadfd-393d-4e9e-8140-4fe9bfd772fc/resourceGroups/azrgpsoan0002/providers/Microsoft.Network/networkInterfaces/mspsit-pe.nic.81ddc9dc-4240-4bf2-8cba-aa69d0a21caa",
                "name": "mspsit-pe.nic.81ddc9dc-4240-4bf2-8cba-aa69d0a21caa"
              }
            ],
            "private_dns_zone_configs": [],
            "private_dns_zone_group": [],
            "private_service_connection": [
              {
                "is_manual_connection": false,
                "name": "privateendpointconnection_sit_soa",
                "private_connection_resource_alias": "",
                "private_connection_resource_id": "/subscriptions/bc6eadfd-393d-4e9e-8140-4fe9bfd772fc/resourceGroups/azrgpsoan0002/providers/Microsoft.Web/sites/mspsit-web-app",
                "private_ip_address": "172.19.100.29",
                "request_message": "",
                "subresource_names": [
                  "sites"
                ]
              }
            ],
            "resource_group_name": "azrgpsoan0002",
            "subnet_id": "/subscriptions/bc6eadfd-393d-4e9e-8140-4fe9bfd772fc/resourceGroups/azrgpsoan0001/providers/Microsoft.Network/virtualNetworks/azvntsoan0001/subnets/dev_pe_subnet",
            "tags": {},
            "timeouts": null
          },
          "sensitive_attributes": [],
          "private": "eyJlMmJmYjczMC1lY2FhLTExZTYtOGY4OC0zNDM2M2JjN2M0YzAiOnsiY3JlYXRlIjozNjAwMDAwMDAwMDAwLCJkZWxldGUiOjM2MDAwMDAwMDAwMDAsInJlYWQiOjMwMDAwMDAwMDAwMCwidXBkYXRlIjozNjAwMDAwMDAwMDAwfX0=",
          "dependencies": [
            "azurerm_resource_group.rg-dev-soa",
            "azurerm_subnet.subnet-dev-pe",
            "azurerm_virtual_network.vnt-dev1",
            "azurerm_app_service.sit_soa",
            "azurerm_app_service_plan.sit-soa-asp",
            "azurerm_resource_group.rg-dev-nonprod"
          ]
        },
        {
          "index_key": "mspsitaxon",
          "schema_version": 0,
          "attributes": {
            "custom_dns_configs": [
              {
                "fqdn": "mspsitaxon-web-app.azurewebsites.net",
                "ip_addresses": [
                  "172.19.100.30"
                ]
              },
              {
                "fqdn": "mspsitaxon-web-app.scm.azurewebsites.net",
                "ip_addresses": [
                  "172.19.100.30"
                ]
              }
            ],
            "id": "/subscriptions/bc6eadfd-393d-4e9e-8140-4fe9bfd772fc/resourceGroups/azrgpsoan0002/providers/Microsoft.Network/privateEndpoints/mspsitaxon-pe",
            "location": "westeurope",
            "name": "mspsitaxon-pe",
            "network_interface": [
              {
                "id": "/subscriptions/bc6eadfd-393d-4e9e-8140-4fe9bfd772fc/resourceGroups/azrgpsoan0002/providers/Microsoft.Network/networkInterfaces/mspsitaxon-pe.nic.12ee838c-c23a-46e4-847a-aea0215fed53",
                "name": "mspsitaxon-pe.nic.12ee838c-c23a-46e4-847a-aea0215fed53"
              }
            ],
            "private_dns_zone_configs": [],
            "private_dns_zone_group": [],
            "private_service_connection": [
              {
                "is_manual_connection": false,
                "name": "privateendpointconnection_sit_soa",
                "private_connection_resource_alias": "",
                "private_connection_resource_id": "/subscriptions/bc6eadfd-393d-4e9e-8140-4fe9bfd772fc/resourceGroups/azrgpsoan0002/providers/Microsoft.Web/sites/mspsitaxon-web-app",
                "private_ip_address": "172.19.100.30",
                "request_message": "",
                "subresource_names": [
                  "sites"
                ]
              }
            ],
            "resource_group_name": "azrgpsoan0002",
            "subnet_id": "/subscriptions/bc6eadfd-393d-4e9e-8140-4fe9bfd772fc/resourceGroups/azrgpsoan0001/providers/Microsoft.Network/virtualNetworks/azvntsoan0001/subnets/dev_pe_subnet",
            "tags": {},
            "timeouts": null
          },
          "sensitive_attributes": [],
          "private": "eyJlMmJmYjczMC1lY2FhLTExZTYtOGY4OC0zNDM2M2JjN2M0YzAiOnsiY3JlYXRlIjozNjAwMDAwMDAwMDAwLCJkZWxldGUiOjM2MDAwMDAwMDAwMDAsInJlYWQiOjMwMDAwMDAwMDAwMCwidXBkYXRlIjozNjAwMDAwMDAwMDAwfX0=",
          "dependencies": [
            "azurerm_resource_group.rg-dev-nonprod",
            "azurerm_resource_group.rg-dev-soa",
            "azurerm_subnet.subnet-dev-pe",
            "azurerm_virtual_network.vnt-dev1",
            "azurerm_app_service.sit_soa",
            "azurerm_app_service_plan.sit-soa-asp"
          ]
        }
      ]
    },
    {
      "mode": "managed",
      "type": "azurerm_private_endpoint",
      "name": "trio_dev_pe",
      "provider": "provider[\"registry.terraform.io/hashicorp/azurerm\"]",
      "instances": [
        {
          "index_key": "triomspdev",
          "schema_version": 0,
          "attributes": {
            "custom_dns_configs": [
              {
                "fqdn": "triomspdev-web-app.azurewebsites.net",
                "ip_addresses": [
                  "172.19.100.6"
                ]
              },
              {
                "fqdn": "triomspdev-web-app.scm.azurewebsites.net",
                "ip_addresses": [
                  "172.19.100.6"
                ]
              }
            ],
            "id": "/subscriptions/bc6eadfd-393d-4e9e-8140-4fe9bfd772fc/resourceGroups/azrgpsoan0004/providers/Microsoft.Network/privateEndpoints/triomspdev-pe",
            "location": "westeurope",
            "name": "triomspdev-pe",
            "network_interface": [
              {
                "id": "/subscriptions/bc6eadfd-393d-4e9e-8140-4fe9bfd772fc/resourceGroups/azrgpsoan0004/providers/Microsoft.Network/networkInterfaces/triomspdev-pe.nic.a3193e3c-c7c4-4a8a-9917-ff27e16428ae",
                "name": "triomspdev-pe.nic.a3193e3c-c7c4-4a8a-9917-ff27e16428ae"
              }
            ],
            "private_dns_zone_configs": [],
            "private_dns_zone_group": [],
            "private_service_connection": [
              {
                "is_manual_connection": false,
                "name": "privateendpointconnection",
                "private_connection_resource_alias": "",
                "private_connection_resource_id": "/subscriptions/bc6eadfd-393d-4e9e-8140-4fe9bfd772fc/resourceGroups/azrgpsoan0004/providers/Microsoft.Web/sites/triomspdev-web-app",
                "private_ip_address": "172.19.100.6",
                "request_message": "",
                "subresource_names": [
                  "sites"
                ]
              }
            ],
            "resource_group_name": "azrgpsoan0004",
            "subnet_id": "/subscriptions/bc6eadfd-393d-4e9e-8140-4fe9bfd772fc/resourceGroups/azrgpsoan0001/providers/Microsoft.Network/virtualNetworks/azvntsoan0001/subnets/dev_pe_subnet",
            "tags": {},
            "timeouts": null
          },
          "sensitive_attributes": [],
          "private": "eyJlMmJmYjczMC1lY2FhLTExZTYtOGY4OC0zNDM2M2JjN2M0YzAiOnsiY3JlYXRlIjozNjAwMDAwMDAwMDAwLCJkZWxldGUiOjM2MDAwMDAwMDAwMDAsInJlYWQiOjMwMDAwMDAwMDAwMCwidXBkYXRlIjozNjAwMDAwMDAwMDAwfX0=",
          "dependencies": [
            "azurerm_resource_group.rg-dev-nonprod",
            "azurerm_resource_group.rg-trio-dev",
            "azurerm_subnet.subnet-dev-pe",
            "azurerm_virtual_network.vnt-dev1",
            "azurerm_app_service.trio_dev",
            "azurerm_app_service_plan.trio_dev_asp"
          ]
        },
        {
          "index_key": "triomspdevfit",
          "schema_version": 0,
          "attributes": {
            "custom_dns_configs": [
              {
                "fqdn": "triomspdevfit-web-app.azurewebsites.net",
                "ip_addresses": [
                  "172.19.100.7"
                ]
              },
              {
                "fqdn": "triomspdevfit-web-app.scm.azurewebsites.net",
                "ip_addresses": [
                  "172.19.100.7"
                ]
              }
            ],
            "id": "/subscriptions/bc6eadfd-393d-4e9e-8140-4fe9bfd772fc/resourceGroups/azrgpsoan0004/providers/Microsoft.Network/privateEndpoints/triomspdevfit-pe",
            "location": "westeurope",
            "name": "triomspdevfit-pe",
            "network_interface": [
              {
                "id": "/subscriptions/bc6eadfd-393d-4e9e-8140-4fe9bfd772fc/resourceGroups/azrgpsoan0004/providers/Microsoft.Network/networkInterfaces/triomspdevfit-pe.nic.33628b2a-4d24-4c92-a8c7-fb16b1331c1f",
                "name": "triomspdevfit-pe.nic.33628b2a-4d24-4c92-a8c7-fb16b1331c1f"
              }
            ],
            "private_dns_zone_configs": [],
            "private_dns_zone_group": [],
            "private_service_connection": [
              {
                "is_manual_connection": false,
                "name": "privateendpointconnection",
                "private_connection_resource_alias": "",
                "private_connection_resource_id": "/subscriptions/bc6eadfd-393d-4e9e-8140-4fe9bfd772fc/resourceGroups/azrgpsoan0004/providers/Microsoft.Web/sites/triomspdevfit-web-app",
                "private_ip_address": "172.19.100.7",
                "request_message": "",
                "subresource_names": [
                  "sites"
                ]
              }
            ],
            "resource_group_name": "azrgpsoan0004",
            "subnet_id": "/subscriptions/bc6eadfd-393d-4e9e-8140-4fe9bfd772fc/resourceGroups/azrgpsoan0001/providers/Microsoft.Network/virtualNetworks/azvntsoan0001/subnets/dev_pe_subnet",
            "tags": {},
            "timeouts": null
          },
          "sensitive_attributes": [],
          "private": "eyJlMmJmYjczMC1lY2FhLTExZTYtOGY4OC0zNDM2M2JjN2M0YzAiOnsiY3JlYXRlIjozNjAwMDAwMDAwMDAwLCJkZWxldGUiOjM2MDAwMDAwMDAwMDAsInJlYWQiOjMwMDAwMDAwMDAwMCwidXBkYXRlIjozNjAwMDAwMDAwMDAwfX0=",
          "dependencies": [
            "azurerm_app_service.trio_dev",
            "azurerm_app_service_plan.trio_dev_asp",
            "azurerm_resource_group.rg-dev-nonprod",
            "azurerm_resource_group.rg-trio-dev",
            "azurerm_subnet.subnet-dev-pe",
            "azurerm_virtual_network.vnt-dev1"
          ]
        },
        {
          "index_key": "triomspdevshared",
          "schema_version": 0,
          "attributes": {
            "custom_dns_configs": [
              {
                "fqdn": "triomspdevshared-web-app.azurewebsites.net",
                "ip_addresses": [
                  "172.19.100.5"
                ]
              },
              {
                "fqdn": "triomspdevshared-web-app.scm.azurewebsites.net",
                "ip_addresses": [
                  "172.19.100.5"
                ]
              }
            ],
            "id": "/subscriptions/bc6eadfd-393d-4e9e-8140-4fe9bfd772fc/resourceGroups/azrgpsoan0004/providers/Microsoft.Network/privateEndpoints/triomspdevshared-pe",
            "location": "westeurope",
            "name": "triomspdevshared-pe",
            "network_interface": [
              {
                "id": "/subscriptions/bc6eadfd-393d-4e9e-8140-4fe9bfd772fc/resourceGroups/azrgpsoan0004/providers/Microsoft.Network/networkInterfaces/triomspdevshared-pe.nic.cff9c8a0-d190-49e0-aced-346e9312eb05",
                "name": "triomspdevshared-pe.nic.cff9c8a0-d190-49e0-aced-346e9312eb05"
              }
            ],
            "private_dns_zone_configs": [],
            "private_dns_zone_group": [],
            "private_service_connection": [
              {
                "is_manual_connection": false,
                "name": "privateendpointconnection",
                "private_connection_resource_alias": "",
                "private_connection_resource_id": "/subscriptions/bc6eadfd-393d-4e9e-8140-4fe9bfd772fc/resourceGroups/azrgpsoan0004/providers/Microsoft.Web/sites/triomspdevshared-web-app",
                "private_ip_address": "172.19.100.5",
                "request_message": "",
                "subresource_names": [
                  "sites"
                ]
              }
            ],
            "resource_group_name": "azrgpsoan0004",
            "subnet_id": "/subscriptions/bc6eadfd-393d-4e9e-8140-4fe9bfd772fc/resourceGroups/azrgpsoan0001/providers/Microsoft.Network/virtualNetworks/azvntsoan0001/subnets/dev_pe_subnet",
            "tags": {},
            "timeouts": null
          },
          "sensitive_attributes": [],
          "private": "eyJlMmJmYjczMC1lY2FhLTExZTYtOGY4OC0zNDM2M2JjN2M0YzAiOnsiY3JlYXRlIjozNjAwMDAwMDAwMDAwLCJkZWxldGUiOjM2MDAwMDAwMDAwMDAsInJlYWQiOjMwMDAwMDAwMDAwMCwidXBkYXRlIjozNjAwMDAwMDAwMDAwfX0=",
          "dependencies": [
            "azurerm_resource_group.rg-dev-nonprod",
            "azurerm_resource_group.rg-trio-dev",
            "azurerm_subnet.subnet-dev-pe",
            "azurerm_virtual_network.vnt-dev1",
            "azurerm_app_service.trio_dev",
            "azurerm_app_service_plan.trio_dev_asp"
          ]
        },
        {
          "index_key": "triomspdevtrio",
          "schema_version": 0,
          "attributes": {
            "custom_dns_configs": [
              {
                "fqdn": "triomspdevtrio-web-app.azurewebsites.net",
                "ip_addresses": [
                  "172.19.100.4"
                ]
              },
              {
                "fqdn": "triomspdevtrio-web-app.scm.azurewebsites.net",
                "ip_addresses": [
                  "172.19.100.4"
                ]
              }
            ],
            "id": "/subscriptions/bc6eadfd-393d-4e9e-8140-4fe9bfd772fc/resourceGroups/azrgpsoan0004/providers/Microsoft.Network/privateEndpoints/triomspdevtrio-pe",
            "location": "westeurope",
            "name": "triomspdevtrio-pe",
            "network_interface": [
              {
                "id": "/subscriptions/bc6eadfd-393d-4e9e-8140-4fe9bfd772fc/resourceGroups/azrgpsoan0004/providers/Microsoft.Network/networkInterfaces/triomspdevtrio-pe.nic.a886db79-4f38-4339-9fbd-26af3beb48f1",
                "name": "triomspdevtrio-pe.nic.a886db79-4f38-4339-9fbd-26af3beb48f1"
              }
            ],
            "private_dns_zone_configs": [],
            "private_dns_zone_group": [],
            "private_service_connection": [
              {
                "is_manual_connection": false,
                "name": "privateendpointconnection",
                "private_connection_resource_alias": "",
                "private_connection_resource_id": "/subscriptions/bc6eadfd-393d-4e9e-8140-4fe9bfd772fc/resourceGroups/azrgpsoan0004/providers/Microsoft.Web/sites/triomspdevtrio-web-app",
                "private_ip_address": "172.19.100.4",
                "request_message": "",
                "subresource_names": [
                  "sites"
                ]
              }
            ],
            "resource_group_name": "azrgpsoan0004",
            "subnet_id": "/subscriptions/bc6eadfd-393d-4e9e-8140-4fe9bfd772fc/resourceGroups/azrgpsoan0001/providers/Microsoft.Network/virtualNetworks/azvntsoan0001/subnets/dev_pe_subnet",
            "tags": {},
            "timeouts": null
          },
          "sensitive_attributes": [],
          "private": "eyJlMmJmYjczMC1lY2FhLTExZTYtOGY4OC0zNDM2M2JjN2M0YzAiOnsiY3JlYXRlIjozNjAwMDAwMDAwMDAwLCJkZWxldGUiOjM2MDAwMDAwMDAwMDAsInJlYWQiOjMwMDAwMDAwMDAwMCwidXBkYXRlIjozNjAwMDAwMDAwMDAwfX0=",
          "dependencies": [
            "azurerm_app_service_plan.trio_dev_asp",
            "azurerm_resource_group.rg-dev-nonprod",
            "azurerm_resource_group.rg-trio-dev",
            "azurerm_subnet.subnet-dev-pe",
            "azurerm_virtual_network.vnt-dev1",
            "azurerm_app_service.trio_dev"
          ]
        },
        {
          "index_key": "triosoadev",
          "schema_version": 0,
          "attributes": {
            "custom_dns_configs": [
              {
                "fqdn": "triosoadev-web-app.azurewebsites.net",
                "ip_addresses": [
                  "172.19.100.8"
                ]
              },
              {
                "fqdn": "triosoadev-web-app.scm.azurewebsites.net",
                "ip_addresses": [
                  "172.19.100.8"
                ]
              }
            ],
            "id": "/subscriptions/bc6eadfd-393d-4e9e-8140-4fe9bfd772fc/resourceGroups/azrgpsoan0004/providers/Microsoft.Network/privateEndpoints/triosoadev-pe",
            "location": "westeurope",
            "name": "triosoadev-pe",
            "network_interface": [
              {
                "id": "/subscriptions/bc6eadfd-393d-4e9e-8140-4fe9bfd772fc/resourceGroups/azrgpsoan0004/providers/Microsoft.Network/networkInterfaces/triosoadev-pe.nic.de34a786-f87a-4691-b887-ce1e8f6670bc",
                "name": "triosoadev-pe.nic.de34a786-f87a-4691-b887-ce1e8f6670bc"
              }
            ],
            "private_dns_zone_configs": [],
            "private_dns_zone_group": [],
            "private_service_connection": [
              {
                "is_manual_connection": false,
                "name": "privateendpointconnection",
                "private_connection_resource_alias": "",
                "private_connection_resource_id": "/subscriptions/bc6eadfd-393d-4e9e-8140-4fe9bfd772fc/resourceGroups/azrgpsoan0004/providers/Microsoft.Web/sites/triosoadev-web-app",
                "private_ip_address": "172.19.100.8",
                "request_message": "",
                "subresource_names": [
                  "sites"
                ]
              }
            ],
            "resource_group_name": "azrgpsoan0004",
            "subnet_id": "/subscriptions/bc6eadfd-393d-4e9e-8140-4fe9bfd772fc/resourceGroups/azrgpsoan0001/providers/Microsoft.Network/virtualNetworks/azvntsoan0001/subnets/dev_pe_subnet",
            "tags": {},
            "timeouts": null
          },
          "sensitive_attributes": [],
          "private": "eyJlMmJmYjczMC1lY2FhLTExZTYtOGY4OC0zNDM2M2JjN2M0YzAiOnsiY3JlYXRlIjozNjAwMDAwMDAwMDAwLCJkZWxldGUiOjM2MDAwMDAwMDAwMDAsInJlYWQiOjMwMDAwMDAwMDAwMCwidXBkYXRlIjozNjAwMDAwMDAwMDAwfX0=",
          "dependencies": [
            "azurerm_virtual_network.vnt-dev1",
            "azurerm_app_service.trio_dev",
            "azurerm_app_service_plan.trio_dev_asp",
            "azurerm_resource_group.rg-dev-nonprod",
            "azurerm_resource_group.rg-trio-dev",
            "azurerm_subnet.subnet-dev-pe"
          ]
        }
      ]
    },
    {
      "mode": "managed",
      "type": "azurerm_private_endpoint",
      "name": "trio_sit_pe",
      "provider": "provider[\"registry.terraform.io/hashicorp/azurerm\"]",
      "instances": [
        {
          "index_key": "triomspsit",
          "schema_version": 0,
          "attributes": {
            "custom_dns_configs": [
              {
                "fqdn": "triomspsit-web-app.azurewebsites.net",
                "ip_addresses": [
                  "172.19.100.20"
                ]
              },
              {
                "fqdn": "triomspsit-web-app.scm.azurewebsites.net",
                "ip_addresses": [
                  "172.19.100.20"
                ]
              }
            ],
            "id": "/subscriptions/bc6eadfd-393d-4e9e-8140-4fe9bfd772fc/resourceGroups/azrgpsoan0004/providers/Microsoft.Network/privateEndpoints/triomspsit-pe",
            "location": "westeurope",
            "name": "triomspsit-pe",
            "network_interface": [
              {
                "id": "/subscriptions/bc6eadfd-393d-4e9e-8140-4fe9bfd772fc/resourceGroups/azrgpsoan0004/providers/Microsoft.Network/networkInterfaces/triomspsit-pe.nic.5dbb8e2b-a309-40e6-894c-fa69e31a6a63",
                "name": "triomspsit-pe.nic.5dbb8e2b-a309-40e6-894c-fa69e31a6a63"
              }
            ],
            "private_dns_zone_configs": [],
            "private_dns_zone_group": [],
            "private_service_connection": [
              {
                "is_manual_connection": false,
                "name": "privateendpointconnection",
                "private_connection_resource_alias": "",
                "private_connection_resource_id": "/subscriptions/bc6eadfd-393d-4e9e-8140-4fe9bfd772fc/resourceGroups/azrgpsoan0004/providers/Microsoft.Web/sites/triomspsit-web-app",
                "private_ip_address": "172.19.100.20",
                "request_message": "",
                "subresource_names": [
                  "sites"
                ]
              }
            ],
            "resource_group_name": "azrgpsoan0004",
            "subnet_id": "/subscriptions/bc6eadfd-393d-4e9e-8140-4fe9bfd772fc/resourceGroups/azrgpsoan0001/providers/Microsoft.Network/virtualNetworks/azvntsoan0001/subnets/dev_pe_subnet",
            "tags": {},
            "timeouts": null
          },
          "sensitive_attributes": [],
          "private": "eyJlMmJmYjczMC1lY2FhLTExZTYtOGY4OC0zNDM2M2JjN2M0YzAiOnsiY3JlYXRlIjozNjAwMDAwMDAwMDAwLCJkZWxldGUiOjM2MDAwMDAwMDAwMDAsInJlYWQiOjMwMDAwMDAwMDAwMCwidXBkYXRlIjozNjAwMDAwMDAwMDAwfX0=",
          "dependencies": [
            "azurerm_app_service.trio_sit",
            "azurerm_app_service_plan.trio_sit_asp",
            "azurerm_resource_group.rg-dev-nonprod",
            "azurerm_resource_group.rg-trio-dev",
            "azurerm_subnet.subnet-dev-pe",
            "azurerm_virtual_network.vnt-dev1"
          ]
        },
        {
          "index_key": "triomspsitfit",
          "schema_version": 0,
          "attributes": {
            "custom_dns_configs": [
              {
                "fqdn": "triomspsitfit-web-app.azurewebsites.net",
                "ip_addresses": [
                  "172.19.100.19"
                ]
              },
              {
                "fqdn": "triomspsitfit-web-app.scm.azurewebsites.net",
                "ip_addresses": [
                  "172.19.100.19"
                ]
              }
            ],
            "id": "/subscriptions/bc6eadfd-393d-4e9e-8140-4fe9bfd772fc/resourceGroups/azrgpsoan0004/providers/Microsoft.Network/privateEndpoints/triomspsitfit-pe",
            "location": "westeurope",
            "name": "triomspsitfit-pe",
            "network_interface": [
              {
                "id": "/subscriptions/bc6eadfd-393d-4e9e-8140-4fe9bfd772fc/resourceGroups/azrgpsoan0004/providers/Microsoft.Network/networkInterfaces/triomspsitfit-pe.nic.834a42ce-04cd-43a7-8b71-d0523fa6ab4b",
                "name": "triomspsitfit-pe.nic.834a42ce-04cd-43a7-8b71-d0523fa6ab4b"
              }
            ],
            "private_dns_zone_configs": [],
            "private_dns_zone_group": [],
            "private_service_connection": [
              {
                "is_manual_connection": false,
                "name": "privateendpointconnection",
                "private_connection_resource_alias": "",
                "private_connection_resource_id": "/subscriptions/bc6eadfd-393d-4e9e-8140-4fe9bfd772fc/resourceGroups/azrgpsoan0004/providers/Microsoft.Web/sites/triomspsitfit-web-app",
                "private_ip_address": "172.19.100.19",
                "request_message": "",
                "subresource_names": [
                  "sites"
                ]
              }
            ],
            "resource_group_name": "azrgpsoan0004",
            "subnet_id": "/subscriptions/bc6eadfd-393d-4e9e-8140-4fe9bfd772fc/resourceGroups/azrgpsoan0001/providers/Microsoft.Network/virtualNetworks/azvntsoan0001/subnets/dev_pe_subnet",
            "tags": {},
            "timeouts": null
          },
          "sensitive_attributes": [],
          "private": "eyJlMmJmYjczMC1lY2FhLTExZTYtOGY4OC0zNDM2M2JjN2M0YzAiOnsiY3JlYXRlIjozNjAwMDAwMDAwMDAwLCJkZWxldGUiOjM2MDAwMDAwMDAwMDAsInJlYWQiOjMwMDAwMDAwMDAwMCwidXBkYXRlIjozNjAwMDAwMDAwMDAwfX0=",
          "dependencies": [
            "azurerm_subnet.subnet-dev-pe",
            "azurerm_virtual_network.vnt-dev1",
            "azurerm_app_service.trio_sit",
            "azurerm_app_service_plan.trio_sit_asp",
            "azurerm_resource_group.rg-dev-nonprod",
            "azurerm_resource_group.rg-trio-dev"
          ]
        },
        {
          "index_key": "triomspsitshared",
          "schema_version": 0,
          "attributes": {
            "custom_dns_configs": [
              {
                "fqdn": "triomspsitshared-web-app.azurewebsites.net",
                "ip_addresses": [
                  "172.19.100.15"
                ]
              },
              {
                "fqdn": "triomspsitshared-web-app.scm.azurewebsites.net",
                "ip_addresses": [
                  "172.19.100.15"
                ]
              }
            ],
            "id": "/subscriptions/bc6eadfd-393d-4e9e-8140-4fe9bfd772fc/resourceGroups/azrgpsoan0004/providers/Microsoft.Network/privateEndpoints/triomspsitshared-pe",
            "location": "westeurope",
            "name": "triomspsitshared-pe",
            "network_interface": [
              {
                "id": "/subscriptions/bc6eadfd-393d-4e9e-8140-4fe9bfd772fc/resourceGroups/azrgpsoan0004/providers/Microsoft.Network/networkInterfaces/triomspsitshared-pe.nic.3c2e56d4-9366-41d8-abee-dd6e6512fbb8",
                "name": "triomspsitshared-pe.nic.3c2e56d4-9366-41d8-abee-dd6e6512fbb8"
              }
            ],
            "private_dns_zone_configs": [],
            "private_dns_zone_group": [],
            "private_service_connection": [
              {
                "is_manual_connection": false,
                "name": "privateendpointconnection",
                "private_connection_resource_alias": "",
                "private_connection_resource_id": "/subscriptions/bc6eadfd-393d-4e9e-8140-4fe9bfd772fc/resourceGroups/azrgpsoan0004/providers/Microsoft.Web/sites/triomspsitshared-web-app",
                "private_ip_address": "172.19.100.15",
                "request_message": "",
                "subresource_names": [
                  "sites"
                ]
              }
            ],
            "resource_group_name": "azrgpsoan0004",
            "subnet_id": "/subscriptions/bc6eadfd-393d-4e9e-8140-4fe9bfd772fc/resourceGroups/azrgpsoan0001/providers/Microsoft.Network/virtualNetworks/azvntsoan0001/subnets/dev_pe_subnet",
            "tags": {},
            "timeouts": null
          },
          "sensitive_attributes": [],
          "private": "eyJlMmJmYjczMC1lY2FhLTExZTYtOGY4OC0zNDM2M2JjN2M0YzAiOnsiY3JlYXRlIjozNjAwMDAwMDAwMDAwLCJkZWxldGUiOjM2MDAwMDAwMDAwMDAsInJlYWQiOjMwMDAwMDAwMDAwMCwidXBkYXRlIjozNjAwMDAwMDAwMDAwfX0=",
          "dependencies": [
            "azurerm_virtual_network.vnt-dev1",
            "azurerm_app_service.trio_sit",
            "azurerm_app_service_plan.trio_sit_asp",
            "azurerm_resource_group.rg-dev-nonprod",
            "azurerm_resource_group.rg-trio-dev",
            "azurerm_subnet.subnet-dev-pe"
          ]
        },
        {
          "index_key": "triomspsittrio",
          "schema_version": 0,
          "attributes": {
            "custom_dns_configs": [
              {
                "fqdn": "triomspsittrio-web-app.azurewebsites.net",
                "ip_addresses": [
                  "172.19.100.21"
                ]
              },
              {
                "fqdn": "triomspsittrio-web-app.scm.azurewebsites.net",
                "ip_addresses": [
                  "172.19.100.21"
                ]
              }
            ],
            "id": "/subscriptions/bc6eadfd-393d-4e9e-8140-4fe9bfd772fc/resourceGroups/azrgpsoan0004/providers/Microsoft.Network/privateEndpoints/triomspsittrio-pe",
            "location": "westeurope",
            "name": "triomspsittrio-pe",
            "network_interface": [
              {
                "id": "/subscriptions/bc6eadfd-393d-4e9e-8140-4fe9bfd772fc/resourceGroups/azrgpsoan0004/providers/Microsoft.Network/networkInterfaces/triomspsittrio-pe.nic.6019ef03-a9ad-45dd-ac3e-81485fdfff58",
                "name": "triomspsittrio-pe.nic.6019ef03-a9ad-45dd-ac3e-81485fdfff58"
              }
            ],
            "private_dns_zone_configs": [],
            "private_dns_zone_group": [],
            "private_service_connection": [
              {
                "is_manual_connection": false,
                "name": "privateendpointconnection",
                "private_connection_resource_alias": "",
                "private_connection_resource_id": "/subscriptions/bc6eadfd-393d-4e9e-8140-4fe9bfd772fc/resourceGroups/azrgpsoan0004/providers/Microsoft.Web/sites/triomspsittrio-web-app",
                "private_ip_address": "172.19.100.21",
                "request_message": "",
                "subresource_names": [
                  "sites"
                ]
              }
            ],
            "resource_group_name": "azrgpsoan0004",
            "subnet_id": "/subscriptions/bc6eadfd-393d-4e9e-8140-4fe9bfd772fc/resourceGroups/azrgpsoan0001/providers/Microsoft.Network/virtualNetworks/azvntsoan0001/subnets/dev_pe_subnet",
            "tags": {},
            "timeouts": null
          },
          "sensitive_attributes": [],
          "private": "eyJlMmJmYjczMC1lY2FhLTExZTYtOGY4OC0zNDM2M2JjN2M0YzAiOnsiY3JlYXRlIjozNjAwMDAwMDAwMDAwLCJkZWxldGUiOjM2MDAwMDAwMDAwMDAsInJlYWQiOjMwMDAwMDAwMDAwMCwidXBkYXRlIjozNjAwMDAwMDAwMDAwfX0=",
          "dependencies": [
            "azurerm_app_service_plan.trio_sit_asp",
            "azurerm_resource_group.rg-dev-nonprod",
            "azurerm_resource_group.rg-trio-dev",
            "azurerm_subnet.subnet-dev-pe",
            "azurerm_virtual_network.vnt-dev1",
            "azurerm_app_service.trio_sit"
          ]
        },
        {
          "index_key": "triositpositions",
          "schema_version": 0,
          "attributes": {
            "custom_dns_configs": [
              {
                "fqdn": "triositpositions-web-app.azurewebsites.net",
                "ip_addresses": [
                  "172.19.100.16"
                ]
              },
              {
                "fqdn": "triositpositions-web-app.scm.azurewebsites.net",
                "ip_addresses": [
                  "172.19.100.16"
                ]
              }
            ],
            "id": "/subscriptions/bc6eadfd-393d-4e9e-8140-4fe9bfd772fc/resourceGroups/azrgpsoan0004/providers/Microsoft.Network/privateEndpoints/triositpositions-pe",
            "location": "westeurope",
            "name": "triositpositions-pe",
            "network_interface": [
              {
                "id": "/subscriptions/bc6eadfd-393d-4e9e-8140-4fe9bfd772fc/resourceGroups/azrgpsoan0004/providers/Microsoft.Network/networkInterfaces/triositpositions-pe.nic.fea4f3db-4662-4da4-a8f1-d94a195e7d45",
                "name": "triositpositions-pe.nic.fea4f3db-4662-4da4-a8f1-d94a195e7d45"
              }
            ],
            "private_dns_zone_configs": [],
            "private_dns_zone_group": [],
            "private_service_connection": [
              {
                "is_manual_connection": false,
                "name": "privateendpointconnection",
                "private_connection_resource_alias": "",
                "private_connection_resource_id": "/subscriptions/bc6eadfd-393d-4e9e-8140-4fe9bfd772fc/resourceGroups/azrgpsoan0004/providers/Microsoft.Web/sites/triositpositions-web-app",
                "private_ip_address": "172.19.100.16",
                "request_message": "",
                "subresource_names": [
                  "sites"
                ]
              }
            ],
            "resource_group_name": "azrgpsoan0004",
            "subnet_id": "/subscriptions/bc6eadfd-393d-4e9e-8140-4fe9bfd772fc/resourceGroups/azrgpsoan0001/providers/Microsoft.Network/virtualNetworks/azvntsoan0001/subnets/dev_pe_subnet",
            "tags": {},
            "timeouts": null
          },
          "sensitive_attributes": [],
          "private": "eyJlMmJmYjczMC1lY2FhLTExZTYtOGY4OC0zNDM2M2JjN2M0YzAiOnsiY3JlYXRlIjozNjAwMDAwMDAwMDAwLCJkZWxldGUiOjM2MDAwMDAwMDAwMDAsInJlYWQiOjMwMDAwMDAwMDAwMCwidXBkYXRlIjozNjAwMDAwMDAwMDAwfX0=",
          "dependencies": [
            "azurerm_subnet.subnet-dev-pe",
            "azurerm_virtual_network.vnt-dev1",
            "azurerm_app_service.trio_sit",
            "azurerm_app_service_plan.trio_sit_asp",
            "azurerm_resource_group.rg-dev-nonprod",
            "azurerm_resource_group.rg-trio-dev"
          ]
        },
        {
          "index_key": "triosoasit",
          "schema_version": 0,
          "attributes": {
            "custom_dns_configs": [
              {
                "fqdn": "triosoasit-web-app.azurewebsites.net",
                "ip_addresses": [
                  "172.19.100.18"
                ]
              },
              {
                "fqdn": "triosoasit-web-app.scm.azurewebsites.net",
                "ip_addresses": [
                  "172.19.100.18"
                ]
              }
            ],
            "id": "/subscriptions/bc6eadfd-393d-4e9e-8140-4fe9bfd772fc/resourceGroups/azrgpsoan0004/providers/Microsoft.Network/privateEndpoints/triosoasit-pe",
            "location": "westeurope",
            "name": "triosoasit-pe",
            "network_interface": [
              {
                "id": "/subscriptions/bc6eadfd-393d-4e9e-8140-4fe9bfd772fc/resourceGroups/azrgpsoan0004/providers/Microsoft.Network/networkInterfaces/triosoasit-pe.nic.af2ffdfd-77e0-4e51-b5cc-f1535c021a53",
                "name": "triosoasit-pe.nic.af2ffdfd-77e0-4e51-b5cc-f1535c021a53"
              }
            ],
            "private_dns_zone_configs": [],
            "private_dns_zone_group": [],
            "private_service_connection": [
              {
                "is_manual_connection": false,
                "name": "privateendpointconnection",
                "private_connection_resource_alias": "",
                "private_connection_resource_id": "/subscriptions/bc6eadfd-393d-4e9e-8140-4fe9bfd772fc/resourceGroups/azrgpsoan0004/providers/Microsoft.Web/sites/triosoasit-web-app",
                "private_ip_address": "172.19.100.18",
                "request_message": "",
                "subresource_names": [
                  "sites"
                ]
              }
            ],
            "resource_group_name": "azrgpsoan0004",
            "subnet_id": "/subscriptions/bc6eadfd-393d-4e9e-8140-4fe9bfd772fc/resourceGroups/azrgpsoan0001/providers/Microsoft.Network/virtualNetworks/azvntsoan0001/subnets/dev_pe_subnet",
            "tags": {},
            "timeouts": null
          },
          "sensitive_attributes": [],
          "private": "eyJlMmJmYjczMC1lY2FhLTExZTYtOGY4OC0zNDM2M2JjN2M0YzAiOnsiY3JlYXRlIjozNjAwMDAwMDAwMDAwLCJkZWxldGUiOjM2MDAwMDAwMDAwMDAsInJlYWQiOjMwMDAwMDAwMDAwMCwidXBkYXRlIjozNjAwMDAwMDAwMDAwfX0=",
          "dependencies": [
            "azurerm_app_service.trio_sit",
            "azurerm_app_service_plan.trio_sit_asp",
            "azurerm_resource_group.rg-dev-nonprod",
            "azurerm_resource_group.rg-trio-dev",
            "azurerm_subnet.subnet-dev-pe",
            "azurerm_virtual_network.vnt-dev1"
          ]
        }
      ]
    },
    {
      "mode": "managed",
      "type": "azurerm_resource_group",
      "name": "rg-dev-db",
      "provider": "provider[\"registry.terraform.io/hashicorp/azurerm\"]",
      "instances": [
        {
          "schema_version": 0,
          "attributes": {
            "id": "/subscriptions/bc6eadfd-393d-4e9e-8140-4fe9bfd772fc/resourceGroups/azrgpsoan0006",
            "location": "westeurope",
            "name": "azrgpsoan0006",
            "tags": {
              "Application": "DB",
              "Environment": "Dev",
              "Role": "APP",
              "costcenter": ""
            },
            "timeouts": null
          },
          "sensitive_attributes": [],
          "private": "eyJlMmJmYjczMC1lY2FhLTExZTYtOGY4OC0zNDM2M2JjN2M0YzAiOnsiY3JlYXRlIjo1NDAwMDAwMDAwMDAwLCJkZWxldGUiOjU0MDAwMDAwMDAwMDAsInJlYWQiOjMwMDAwMDAwMDAwMCwidXBkYXRlIjo1NDAwMDAwMDAwMDAwfX0="
        }
      ]
    },
    {
      "mode": "managed",
      "type": "azurerm_resource_group",
      "name": "rg-dev-nonprod",
      "provider": "provider[\"registry.terraform.io/hashicorp/azurerm\"]",
      "instances": [
        {
          "schema_version": 0,
          "attributes": {
            "id": "/subscriptions/bc6eadfd-393d-4e9e-8140-4fe9bfd772fc/resourceGroups/azrgpsoan0001",
            "location": "westeurope",
            "name": "azrgpsoan0001",
            "tags": {
              "Application": "NonProd",
              "Environment": "Dev",
              "Role": "APP",
              "costcenter": ""
            },
            "timeouts": null
          },
          "sensitive_attributes": [],
          "private": "eyJlMmJmYjczMC1lY2FhLTExZTYtOGY4OC0zNDM2M2JjN2M0YzAiOnsiY3JlYXRlIjo1NDAwMDAwMDAwMDAwLCJkZWxldGUiOjU0MDAwMDAwMDAwMDAsInJlYWQiOjMwMDAwMDAwMDAwMCwidXBkYXRlIjo1NDAwMDAwMDAwMDAwfX0="
        }
      ]
    },
    {
      "mode": "managed",
      "type": "azurerm_resource_group",
      "name": "rg-dev-soa",
      "provider": "provider[\"registry.terraform.io/hashicorp/azurerm\"]",
      "instances": [
        {
          "schema_version": 0,
          "attributes": {
            "id": "/subscriptions/bc6eadfd-393d-4e9e-8140-4fe9bfd772fc/resourceGroups/azrgpsoan0002",
            "location": "westeurope",
            "name": "azrgpsoan0002",
            "tags": {
              "Application": "SOA",
              "Environment": "Dev",
              "Role": "APP",
              "costcenter": ""
            },
            "timeouts": null
          },
          "sensitive_attributes": [],
          "private": "eyJlMmJmYjczMC1lY2FhLTExZTYtOGY4OC0zNDM2M2JjN2M0YzAiOnsiY3JlYXRlIjo1NDAwMDAwMDAwMDAwLCJkZWxldGUiOjU0MDAwMDAwMDAwMDAsInJlYWQiOjMwMDAwMDAwMDAwMCwidXBkYXRlIjo1NDAwMDAwMDAwMDAwfX0="
        }
      ]
    },
    {
      "mode": "managed",
      "type": "azurerm_resource_group",
      "name": "rg-fit-dev",
      "provider": "provider[\"registry.terraform.io/hashicorp/azurerm\"]",
      "instances": [
        {
          "schema_version": 0,
          "attributes": {
            "id": "/subscriptions/bc6eadfd-393d-4e9e-8140-4fe9bfd772fc/resourceGroups/azrgpsoan0003",
            "location": "westeurope",
            "name": "azrgpsoan0003",
            "tags": {
              "Application": "FIT",
              "Environment": "Dev",
              "Role": "APP",
              "costcenter": ""
            },
            "timeouts": null
          },
          "sensitive_attributes": [],
          "private": "eyJlMmJmYjczMC1lY2FhLTExZTYtOGY4OC0zNDM2M2JjN2M0YzAiOnsiY3JlYXRlIjo1NDAwMDAwMDAwMDAwLCJkZWxldGUiOjU0MDAwMDAwMDAwMDAsInJlYWQiOjMwMDAwMDAwMDAwMCwidXBkYXRlIjo1NDAwMDAwMDAwMDAwfX0="
        }
      ]
    },
    {
      "mode": "managed",
      "type": "azurerm_resource_group",
      "name": "rg-ptc-dev",
      "provider": "provider[\"registry.terraform.io/hashicorp/azurerm\"]",
      "instances": [
        {
          "schema_version": 0,
          "attributes": {
            "id": "/subscriptions/bc6eadfd-393d-4e9e-8140-4fe9bfd772fc/resourceGroups/azrgpsoan0005",
            "location": "westeurope",
            "name": "azrgpsoan0005",
            "tags": {
              "Application": "PTC",
              "Environment": "Dev",
              "Role": "APP",
              "costcenter": ""
            },
            "timeouts": null
          },
          "sensitive_attributes": [],
          "private": "eyJlMmJmYjczMC1lY2FhLTExZTYtOGY4OC0zNDM2M2JjN2M0YzAiOnsiY3JlYXRlIjo1NDAwMDAwMDAwMDAwLCJkZWxldGUiOjU0MDAwMDAwMDAwMDAsInJlYWQiOjMwMDAwMDAwMDAwMCwidXBkYXRlIjo1NDAwMDAwMDAwMDAwfX0="
        }
      ]
    },
    {
      "mode": "managed",
      "type": "azurerm_resource_group",
      "name": "rg-trio-dev",
      "provider": "provider[\"registry.terraform.io/hashicorp/azurerm\"]",
      "instances": [
        {
          "schema_version": 0,
          "attributes": {
            "id": "/subscriptions/bc6eadfd-393d-4e9e-8140-4fe9bfd772fc/resourceGroups/azrgpsoan0004",
            "location": "westeurope",
            "name": "azrgpsoan0004",
            "tags": {
              "Application": "TRIO",
              "Environment": "Dev",
              "Role": "APP",
              "costcenter": ""
            },
            "timeouts": null
          },
          "sensitive_attributes": [],
          "private": "eyJlMmJmYjczMC1lY2FhLTExZTYtOGY4OC0zNDM2M2JjN2M0YzAiOnsiY3JlYXRlIjo1NDAwMDAwMDAwMDAwLCJkZWxldGUiOjU0MDAwMDAwMDAwMDAsInJlYWQiOjMwMDAwMDAwMDAwMCwidXBkYXRlIjo1NDAwMDAwMDAwMDAwfX0="
        }
      ]
    },
    {
      "mode": "managed",
      "type": "azurerm_storage_account",
      "name": "sta-nonprod",
      "provider": "provider[\"registry.terraform.io/hashicorp/azurerm\"]",
      "instances": [
        {
          "schema_version": 2,
          "attributes": {
            "access_tier": "Hot",
            "account_kind": "StorageV2",
            "account_replication_type": "GZRS",
            "account_tier": "Standard",
            "allow_blob_public_access": false,
            "azure_files_authentication": [],
            "blob_properties": [
              {
                "change_feed_enabled": false,
                "container_delete_retention_policy": [],
                "cors_rule": [],
                "default_service_version": "",
                "delete_retention_policy": [],
                "last_access_time_enabled": false,
                "versioning_enabled": false
              }
            ],
            "custom_domain": [],
            "enable_https_traffic_only": true,
            "id": "/subscriptions/bc6eadfd-393d-4e9e-8140-4fe9bfd772fc/resourceGroups/azrgpsoan0001/providers/Microsoft.Storage/storageAccounts/azstasoan0010",
            "identity": [],
            "is_hns_enabled": false,
            "large_file_share_enabled": null,
            "location": "westeurope",
            "min_tls_version": "TLS1_0",
            "name": "azstasoan0010",
            "network_rules": [
              {
                "bypass": [
                  "AzureServices"
                ],
                "default_action": "Allow",
                "ip_rules": [],
                "private_link_access": [],
                "virtual_network_subnet_ids": []
              }
            ],
            "nfsv3_enabled": false,
            "primary_access_key": "XZ+bkWsVA8baVh3Im51wXXufez+IoWl8z/+vJ9pMRk32A1IPprT/P/1HngH7n4KU5Gt9DTqUO9Lo/JUhCh98ZQ==",
            "primary_blob_connection_string": "DefaultEndpointsProtocol=https;BlobEndpoint=https://azstasoan0010.blob.core.windows.net/;AccountName=azstasoan0010;AccountKey=XZ+bkWsVA8baVh3Im51wXXufez+IoWl8z/+vJ9pMRk32A1IPprT/P/1HngH7n4KU5Gt9DTqUO9Lo/JUhCh98ZQ==",
            "primary_blob_endpoint": "https://azstasoan0010.blob.core.windows.net/",
            "primary_blob_host": "azstasoan0010.blob.core.windows.net",
            "primary_connection_string": "DefaultEndpointsProtocol=https;AccountName=azstasoan0010;AccountKey=XZ+bkWsVA8baVh3Im51wXXufez+IoWl8z/+vJ9pMRk32A1IPprT/P/1HngH7n4KU5Gt9DTqUO9Lo/JUhCh98ZQ==;EndpointSuffix=core.windows.net",
            "primary_dfs_endpoint": "https://azstasoan0010.dfs.core.windows.net/",
            "primary_dfs_host": "azstasoan0010.dfs.core.windows.net",
            "primary_file_endpoint": "https://azstasoan0010.file.core.windows.net/",
            "primary_file_host": "azstasoan0010.file.core.windows.net",
            "primary_location": "westeurope",
            "primary_queue_endpoint": "https://azstasoan0010.queue.core.windows.net/",
            "primary_queue_host": "azstasoan0010.queue.core.windows.net",
            "primary_table_endpoint": "https://azstasoan0010.table.core.windows.net/",
            "primary_table_host": "azstasoan0010.table.core.windows.net",
            "primary_web_endpoint": "https://azstasoan0010.z6.web.core.windows.net/",
            "primary_web_host": "azstasoan0010.z6.web.core.windows.net",
            "queue_properties": [
              {
                "cors_rule": [],
                "hour_metrics": [
                  {
                    "enabled": true,
                    "include_apis": true,
                    "retention_policy_days": 7,
                    "version": "1.0"
                  }
                ],
                "logging": [
                  {
                    "delete": false,
                    "read": false,
                    "retention_policy_days": 0,
                    "version": "1.0",
                    "write": false
                  }
                ],
                "minute_metrics": [
                  {
                    "enabled": false,
                    "include_apis": false,
                    "retention_policy_days": 0,
                    "version": "1.0"
                  }
                ]
              }
            ],
            "resource_group_name": "azrgpsoan0001",
            "routing": [],
            "secondary_access_key": "aVEuAV9E7X3GUAROuSzucsVTfd35HY44EGjiije4ZEOkaYj2n0cmy3r8Tv9Qm2Y//ceKGd6N9+F7ek2rdN6/kQ==",
            "secondary_blob_connection_string": "",
            "secondary_blob_endpoint": null,
            "secondary_blob_host": null,
            "secondary_connection_string": "DefaultEndpointsProtocol=https;AccountName=azstasoan0010;AccountKey=aVEuAV9E7X3GUAROuSzucsVTfd35HY44EGjiije4ZEOkaYj2n0cmy3r8Tv9Qm2Y//ceKGd6N9+F7ek2rdN6/kQ==;EndpointSuffix=core.windows.net",
            "secondary_dfs_endpoint": null,
            "secondary_dfs_host": null,
            "secondary_file_endpoint": null,
            "secondary_file_host": null,
            "secondary_location": "northeurope",
            "secondary_queue_endpoint": null,
            "secondary_queue_host": null,
            "secondary_table_endpoint": null,
            "secondary_table_host": null,
            "secondary_web_endpoint": null,
            "secondary_web_host": null,
            "share_properties": [
              {
                "cors_rule": [],
                "retention_policy": [
                  {
                    "days": 7
                  }
                ],
                "smb": []
              }
            ],
            "shared_access_key_enabled": true,
            "static_website": [],
            "tags": {
              "Application": "NonProd",
              "Environment": "Dev",
              "Role": "APP",
              "costcenter": ""
            },
            "timeouts": null
          },
          "sensitive_attributes": [],
          "private": "eyJlMmJmYjczMC1lY2FhLTExZTYtOGY4OC0zNDM2M2JjN2M0YzAiOnsiY3JlYXRlIjozNjAwMDAwMDAwMDAwLCJkZWxldGUiOjM2MDAwMDAwMDAwMDAsInJlYWQiOjMwMDAwMDAwMDAwMCwidXBkYXRlIjozNjAwMDAwMDAwMDAwfSwic2NoZW1hX3ZlcnNpb24iOiIyIn0=",
          "dependencies": [
            "azurerm_resource_group.rg-dev-nonprod"
          ]
        }
      ]
    },
    {
      "mode": "managed",
      "type": "azurerm_storage_container",
      "name": "nonprod_container",
      "provider": "provider[\"registry.terraform.io/hashicorp/azurerm\"]",
      "instances": [
        {
          "schema_version": 1,
          "attributes": {
            "container_access_type": "private",
            "has_immutability_policy": false,
            "has_legal_hold": false,
            "id": "https://azstasoan0010.blob.core.windows.net/fs-test",
            "metadata": {},
            "name": "fs-test",
            "resource_manager_id": "/subscriptions/bc6eadfd-393d-4e9e-8140-4fe9bfd772fc/resourceGroups/azrgpsoan0001/providers/Microsoft.Storage/storageAccounts/azstasoan0010/blobServices/default/containers/fs-test",
            "storage_account_name": "azstasoan0010",
            "timeouts": null
          },
          "sensitive_attributes": [],
          "private": "eyJlMmJmYjczMC1lY2FhLTExZTYtOGY4OC0zNDM2M2JjN2M0YzAiOnsiY3JlYXRlIjoxODAwMDAwMDAwMDAwLCJkZWxldGUiOjE4MDAwMDAwMDAwMDAsInJlYWQiOjMwMDAwMDAwMDAwMCwidXBkYXRlIjoxODAwMDAwMDAwMDAwfSwic2NoZW1hX3ZlcnNpb24iOiIxIn0=",
          "dependencies": [
            "azurerm_resource_group.rg-dev-nonprod",
            "azurerm_storage_account.sta-nonprod"
          ]
        }
      ]
    },
    {
      "mode": "managed",
      "type": "azurerm_subnet",
      "name": "subnet-dev-db",
      "provider": "provider[\"registry.terraform.io/hashicorp/azurerm\"]",
      "instances": [
        {
          "schema_version": 0,
          "attributes": {
            "address_prefix": "172.19.99.0/25",
            "address_prefixes": [
              "172.19.99.0/25"
            ],
            "delegation": [
              {
                "name": "managedinstancedelegation",
                "service_delegation": [
                  {
                    "actions": [
                      "Microsoft.Network/virtualNetworks/subnets/join/action",
                      "Microsoft.Network/virtualNetworks/subnets/prepareNetworkPolicies/action",
                      "Microsoft.Network/virtualNetworks/subnets/unprepareNetworkPolicies/action"
                    ],
                    "name": "Microsoft.Sql/managedInstances"
                  }
                ]
              }
            ],
            "enforce_private_link_endpoint_network_policies": false,
            "enforce_private_link_service_network_policies": false,
            "id": "/subscriptions/bc6eadfd-393d-4e9e-8140-4fe9bfd772fc/resourceGroups/azrgpsoan0001/providers/Microsoft.Network/virtualNetworks/azvntsoan0001/subnets/dev_db_subnet",
            "name": "dev_db_subnet",
            "resource_group_name": "azrgpsoan0001",
            "service_endpoint_policy_ids": [],
            "service_endpoints": [],
            "timeouts": null,
            "virtual_network_name": "azvntsoan0001"
          },
          "sensitive_attributes": [],
          "private": "eyJlMmJmYjczMC1lY2FhLTExZTYtOGY4OC0zNDM2M2JjN2M0YzAiOnsiY3JlYXRlIjoxODAwMDAwMDAwMDAwLCJkZWxldGUiOjE4MDAwMDAwMDAwMDAsInJlYWQiOjMwMDAwMDAwMDAwMCwidXBkYXRlIjoxODAwMDAwMDAwMDAwfX0=",
          "dependencies": [
            "azurerm_virtual_network.vnt-dev1",
            "azurerm_resource_group.rg-dev-nonprod"
          ]
        }
      ]
    },
    {
      "mode": "managed",
      "type": "azurerm_subnet",
      "name": "subnet-dev-gw",
      "provider": "provider[\"registry.terraform.io/hashicorp/azurerm\"]",
      "instances": [
        {
          "schema_version": 0,
          "attributes": {
            "address_prefix": "172.19.100.128/26",
            "address_prefixes": [
              "172.19.100.128/26"
            ],
            "delegation": [],
            "enforce_private_link_endpoint_network_policies": false,
            "enforce_private_link_service_network_policies": false,
            "id": "/subscriptions/bc6eadfd-393d-4e9e-8140-4fe9bfd772fc/resourceGroups/azrgpsoan0001/providers/Microsoft.Network/virtualNetworks/azvntsoan0001/subnets/dev_gw_subnet",
            "name": "dev_gw_subnet",
            "resource_group_name": "azrgpsoan0001",
            "service_endpoint_policy_ids": [],
            "service_endpoints": [],
            "timeouts": null,
            "virtual_network_name": "azvntsoan0001"
          },
          "sensitive_attributes": [],
          "private": "eyJlMmJmYjczMC1lY2FhLTExZTYtOGY4OC0zNDM2M2JjN2M0YzAiOnsiY3JlYXRlIjoxODAwMDAwMDAwMDAwLCJkZWxldGUiOjE4MDAwMDAwMDAwMDAsInJlYWQiOjMwMDAwMDAwMDAwMCwidXBkYXRlIjoxODAwMDAwMDAwMDAwfX0=",
          "dependencies": [
            "azurerm_resource_group.rg-dev-nonprod",
            "azurerm_virtual_network.vnt-dev1"
          ]
        }
      ]
    },
    {
      "mode": "managed",
      "type": "azurerm_subnet",
      "name": "subnet-dev-pe",
      "provider": "provider[\"registry.terraform.io/hashicorp/azurerm\"]",
      "instances": [
        {
          "schema_version": 0,
          "attributes": {
            "address_prefix": "172.19.100.0/25",
            "address_prefixes": [
              "172.19.100.0/25"
            ],
            "delegation": [],
            "enforce_private_link_endpoint_network_policies": true,
            "enforce_private_link_service_network_policies": false,
            "id": "/subscriptions/bc6eadfd-393d-4e9e-8140-4fe9bfd772fc/resourceGroups/azrgpsoan0001/providers/Microsoft.Network/virtualNetworks/azvntsoan0001/subnets/dev_pe_subnet",
            "name": "dev_pe_subnet",
            "resource_group_name": "azrgpsoan0001",
            "service_endpoint_policy_ids": [],
            "service_endpoints": [],
            "timeouts": null,
            "virtual_network_name": "azvntsoan0001"
          },
          "sensitive_attributes": [],
          "private": "eyJlMmJmYjczMC1lY2FhLTExZTYtOGY4OC0zNDM2M2JjN2M0YzAiOnsiY3JlYXRlIjoxODAwMDAwMDAwMDAwLCJkZWxldGUiOjE4MDAwMDAwMDAwMDAsInJlYWQiOjMwMDAwMDAwMDAwMCwidXBkYXRlIjoxODAwMDAwMDAwMDAwfX0=",
          "dependencies": [
            "azurerm_resource_group.rg-dev-nonprod",
            "azurerm_virtual_network.vnt-dev1"
          ]
        }
      ]
    },
    {
      "mode": "managed",
      "type": "azurerm_subnet",
      "name": "subnet-dev-web",
      "provider": "provider[\"registry.terraform.io/hashicorp/azurerm\"]",
      "instances": [
        {
          "schema_version": 0,
          "attributes": {
            "address_prefix": "172.19.99.128/25",
            "address_prefixes": [
              "172.19.99.128/25"
            ],
            "delegation": [
              {
                "name": "delegation",
                "service_delegation": [
                  {
                    "actions": [
                      "Microsoft.Network/virtualNetworks/subnets/action"
                    ],
                    "name": "Microsoft.Web/serverFarms"
                  }
                ]
              }
            ],
            "enforce_private_link_endpoint_network_policies": false,
            "enforce_private_link_service_network_policies": false,
            "id": "/subscriptions/bc6eadfd-393d-4e9e-8140-4fe9bfd772fc/resourceGroups/azrgpsoan0001/providers/Microsoft.Network/virtualNetworks/azvntsoan0001/subnets/dev_web_subnet",
            "name": "dev_web_subnet",
            "resource_group_name": "azrgpsoan0001",
            "service_endpoint_policy_ids": [],
            "service_endpoints": [],
            "timeouts": null,
            "virtual_network_name": "azvntsoan0001"
          },
          "sensitive_attributes": [],
          "private": "eyJlMmJmYjczMC1lY2FhLTExZTYtOGY4OC0zNDM2M2JjN2M0YzAiOnsiY3JlYXRlIjoxODAwMDAwMDAwMDAwLCJkZWxldGUiOjE4MDAwMDAwMDAwMDAsInJlYWQiOjMwMDAwMDAwMDAwMCwidXBkYXRlIjoxODAwMDAwMDAwMDAwfX0=",
          "dependencies": [
            "azurerm_resource_group.rg-dev-nonprod",
            "azurerm_virtual_network.vnt-dev1"
          ]
        }
      ]
    },
    {
      "mode": "managed",
      "type": "azurerm_subnet",
      "name": "subnet-uat-db",
      "provider": "provider[\"registry.terraform.io/hashicorp/azurerm\"]",
      "instances": [
        {
          "schema_version": 0,
          "attributes": {
            "address_prefix": "172.19.101.0/24",
            "address_prefixes": [
              "172.19.101.0/24"
            ],
            "delegation": [
              {
                "name": "managedinstancedelegation",
                "service_delegation": [
                  {
                    "actions": [
                      "Microsoft.Network/virtualNetworks/subnets/join/action",
                      "Microsoft.Network/virtualNetworks/subnets/prepareNetworkPolicies/action",
                      "Microsoft.Network/virtualNetworks/subnets/unprepareNetworkPolicies/action"
                    ],
                    "name": "Microsoft.Sql/managedInstances"
                  }
                ]
              }
            ],
            "enforce_private_link_endpoint_network_policies": false,
            "enforce_private_link_service_network_policies": false,
            "id": "/subscriptions/bc6eadfd-393d-4e9e-8140-4fe9bfd772fc/resourceGroups/azrgpsoan0001/providers/Microsoft.Network/virtualNetworks/azvntsoan0001/subnets/uat_db_subnet",
            "name": "uat_db_subnet",
            "resource_group_name": "azrgpsoan0001",
            "service_endpoint_policy_ids": [],
            "service_endpoints": [],
            "timeouts": null,
            "virtual_network_name": "azvntsoan0001"
          },
          "sensitive_attributes": [],
          "private": "eyJlMmJmYjczMC1lY2FhLTExZTYtOGY4OC0zNDM2M2JjN2M0YzAiOnsiY3JlYXRlIjoxODAwMDAwMDAwMDAwLCJkZWxldGUiOjE4MDAwMDAwMDAwMDAsInJlYWQiOjMwMDAwMDAwMDAwMCwidXBkYXRlIjoxODAwMDAwMDAwMDAwfX0=",
          "dependencies": [
            "azurerm_resource_group.rg-dev-nonprod",
            "azurerm_virtual_network.vnt-dev1"
          ]
        }
      ]
    },
    {
      "mode": "managed",
      "type": "azurerm_subnet",
      "name": "subnet-uat-gw",
      "provider": "provider[\"registry.terraform.io/hashicorp/azurerm\"]",
      "instances": [
        {
          "schema_version": 0,
          "attributes": {
            "address_prefix": "172.19.100.192/26",
            "address_prefixes": [
              "172.19.100.192/26"
            ],
            "delegation": [],
            "enforce_private_link_endpoint_network_policies": false,
            "enforce_private_link_service_network_policies": false,
            "id": "/subscriptions/bc6eadfd-393d-4e9e-8140-4fe9bfd772fc/resourceGroups/azrgpsoan0001/providers/Microsoft.Network/virtualNetworks/azvntsoan0001/subnets/uat_gw_subnet",
            "name": "uat_gw_subnet",
            "resource_group_name": "azrgpsoan0001",
            "service_endpoint_policy_ids": [],
            "service_endpoints": [],
            "timeouts": null,
            "virtual_network_name": "azvntsoan0001"
          },
          "sensitive_attributes": [],
          "private": "eyJlMmJmYjczMC1lY2FhLTExZTYtOGY4OC0zNDM2M2JjN2M0YzAiOnsiY3JlYXRlIjoxODAwMDAwMDAwMDAwLCJkZWxldGUiOjE4MDAwMDAwMDAwMDAsInJlYWQiOjMwMDAwMDAwMDAwMCwidXBkYXRlIjoxODAwMDAwMDAwMDAwfX0=",
          "dependencies": [
            "azurerm_resource_group.rg-dev-nonprod",
            "azurerm_virtual_network.vnt-dev1"
          ]
        }
      ]
    },
    {
      "mode": "managed",
      "type": "azurerm_subnet",
      "name": "subnet-uat-pe",
      "provider": "provider[\"registry.terraform.io/hashicorp/azurerm\"]",
      "instances": [
        {
          "schema_version": 0,
          "attributes": {
            "address_prefix": "172.19.102.128/25",
            "address_prefixes": [
              "172.19.102.128/25"
            ],
            "delegation": [],
            "enforce_private_link_endpoint_network_policies": true,
            "enforce_private_link_service_network_policies": false,
            "id": "/subscriptions/bc6eadfd-393d-4e9e-8140-4fe9bfd772fc/resourceGroups/azrgpsoan0001/providers/Microsoft.Network/virtualNetworks/azvntsoan0001/subnets/uat_pe_subnet",
            "name": "uat_pe_subnet",
            "resource_group_name": "azrgpsoan0001",
            "service_endpoint_policy_ids": [],
            "service_endpoints": [],
            "timeouts": null,
            "virtual_network_name": "azvntsoan0001"
          },
          "sensitive_attributes": [],
          "private": "eyJlMmJmYjczMC1lY2FhLTExZTYtOGY4OC0zNDM2M2JjN2M0YzAiOnsiY3JlYXRlIjoxODAwMDAwMDAwMDAwLCJkZWxldGUiOjE4MDAwMDAwMDAwMDAsInJlYWQiOjMwMDAwMDAwMDAwMCwidXBkYXRlIjoxODAwMDAwMDAwMDAwfX0=",
          "dependencies": [
            "azurerm_resource_group.rg-dev-nonprod",
            "azurerm_virtual_network.vnt-dev1"
          ]
        }
      ]
    },
    {
      "mode": "managed",
      "type": "azurerm_subnet",
      "name": "subnet-uat-web",
      "provider": "provider[\"registry.terraform.io/hashicorp/azurerm\"]",
      "instances": [
        {
          "schema_version": 0,
          "attributes": {
            "address_prefix": "172.19.102.0/25",
            "address_prefixes": [
              "172.19.102.0/25"
            ],
            "delegation": [
              {
                "name": "delegation",
                "service_delegation": [
                  {
                    "actions": [
                      "Microsoft.Network/virtualNetworks/subnets/action"
                    ],
                    "name": "Microsoft.Web/serverFarms"
                  }
                ]
              }
            ],
            "enforce_private_link_endpoint_network_policies": false,
            "enforce_private_link_service_network_policies": false,
            "id": "/subscriptions/bc6eadfd-393d-4e9e-8140-4fe9bfd772fc/resourceGroups/azrgpsoan0001/providers/Microsoft.Network/virtualNetworks/azvntsoan0001/subnets/uat_web_subnet",
            "name": "uat_web_subnet",
            "resource_group_name": "azrgpsoan0001",
            "service_endpoint_policy_ids": [],
            "service_endpoints": [],
            "timeouts": null,
            "virtual_network_name": "azvntsoan0001"
          },
          "sensitive_attributes": [],
          "private": "eyJlMmJmYjczMC1lY2FhLTExZTYtOGY4OC0zNDM2M2JjN2M0YzAiOnsiY3JlYXRlIjoxODAwMDAwMDAwMDAwLCJkZWxldGUiOjE4MDAwMDAwMDAwMDAsInJlYWQiOjMwMDAwMDAwMDAwMCwidXBkYXRlIjoxODAwMDAwMDAwMDAwfX0=",
          "dependencies": [
            "azurerm_resource_group.rg-dev-nonprod",
            "azurerm_virtual_network.vnt-dev1"
          ]
        }
      ]
    },
    {
      "mode": "managed",
      "type": "azurerm_virtual_network",
      "name": "vnt-dev1",
      "provider": "provider[\"registry.terraform.io/hashicorp/azurerm\"]",
      "instances": [
        {
          "schema_version": 0,
          "attributes": {
            "address_space": [
              "172.19.99.0/24",
              "172.19.100.0/24",
              "172.19.101.0/24",
              "172.19.102.0/24"
            ],
            "bgp_community": "",
            "ddos_protection_plan": [],
            "dns_servers": [],
            "guid": "51e95d14-5a86-484f-80c4-b0cf79d13eac",
            "id": "/subscriptions/bc6eadfd-393d-4e9e-8140-4fe9bfd772fc/resourceGroups/azrgpsoan0001/providers/Microsoft.Network/virtualNetworks/azvntsoan0001",
            "location": "westeurope",
            "name": "azvntsoan0001",
            "resource_group_name": "azrgpsoan0001",
            "subnet": [
              {
                "address_prefix": "172.19.100.0/25",
                "id": "/subscriptions/bc6eadfd-393d-4e9e-8140-4fe9bfd772fc/resourceGroups/azrgpsoan0001/providers/Microsoft.Network/virtualNetworks/azvntsoan0001/subnets/dev_pe_subnet",
                "name": "dev_pe_subnet",
                "security_group": ""
              },
              {
                "address_prefix": "172.19.100.128/26",
                "id": "/subscriptions/bc6eadfd-393d-4e9e-8140-4fe9bfd772fc/resourceGroups/azrgpsoan0001/providers/Microsoft.Network/virtualNetworks/azvntsoan0001/subnets/dev_gw_subnet",
                "name": "dev_gw_subnet",
                "security_group": ""
              },
              {
                "address_prefix": "172.19.100.192/26",
                "id": "/subscriptions/bc6eadfd-393d-4e9e-8140-4fe9bfd772fc/resourceGroups/azrgpsoan0001/providers/Microsoft.Network/virtualNetworks/azvntsoan0001/subnets/uat_gw_subnet",
                "name": "uat_gw_subnet",
                "security_group": ""
              },
              {
                "address_prefix": "172.19.101.0/24",
                "id": "/subscriptions/bc6eadfd-393d-4e9e-8140-4fe9bfd772fc/resourceGroups/azrgpsoan0001/providers/Microsoft.Network/virtualNetworks/azvntsoan0001/subnets/uat_db_subnet",
                "name": "uat_db_subnet",
                "security_group": ""
              },
              {
                "address_prefix": "172.19.102.0/25",
                "id": "/subscriptions/bc6eadfd-393d-4e9e-8140-4fe9bfd772fc/resourceGroups/azrgpsoan0001/providers/Microsoft.Network/virtualNetworks/azvntsoan0001/subnets/uat_web_subnet",
                "name": "uat_web_subnet",
                "security_group": ""
              },
              {
                "address_prefix": "172.19.102.128/25",
                "id": "/subscriptions/bc6eadfd-393d-4e9e-8140-4fe9bfd772fc/resourceGroups/azrgpsoan0001/providers/Microsoft.Network/virtualNetworks/azvntsoan0001/subnets/uat_pe_subnet",
                "name": "uat_pe_subnet",
                "security_group": ""
              },
              {
                "address_prefix": "172.19.99.0/25",
                "id": "/subscriptions/bc6eadfd-393d-4e9e-8140-4fe9bfd772fc/resourceGroups/azrgpsoan0001/providers/Microsoft.Network/virtualNetworks/azvntsoan0001/subnets/dev_db_subnet",
                "name": "dev_db_subnet",
                "security_group": ""
              },
              {
                "address_prefix": "172.19.99.128/25",
                "id": "/subscriptions/bc6eadfd-393d-4e9e-8140-4fe9bfd772fc/resourceGroups/azrgpsoan0001/providers/Microsoft.Network/virtualNetworks/azvntsoan0001/subnets/dev_web_subnet",
                "name": "dev_web_subnet",
                "security_group": ""
              }
            ],
            "tags": {
              "Application": "NonProd",
              "Environment": "Dev",
              "Role": "APP",
              "costcenter": ""
            },
            "timeouts": null,
            "vm_protection_enabled": false
          },
          "sensitive_attributes": [],
          "private": "eyJlMmJmYjczMC1lY2FhLTExZTYtOGY4OC0zNDM2M2JjN2M0YzAiOnsiY3JlYXRlIjoxODAwMDAwMDAwMDAwLCJkZWxldGUiOjE4MDAwMDAwMDAwMDAsInJlYWQiOjMwMDAwMDAwMDAwMCwidXBkYXRlIjoxODAwMDAwMDAwMDAwfX0=",
          "dependencies": [
            "azurerm_resource_group.rg-dev-nonprod"
          ]
        }
      ]
    },
    {
      "mode": "managed",
      "type": "random_string",
      "name": "myrandom",
      "provider": "provider[\"registry.terraform.io/hashicorp/random\"]",
      "instances": [
        {
          "schema_version": 1,
          "attributes": {
            "id": "ajmfmo",
            "keepers": null,
            "length": 6,
            "lower": true,
            "min_lower": 0,
            "min_numeric": 0,
            "min_special": 0,
            "min_upper": 0,
            "number": false,
            "override_special": null,
            "result": "ajmfmo",
            "special": false,
            "upper": false
          },
          "sensitive_attributes": [],
          "private": "eyJzY2hlbWFfdmVyc2lvbiI6IjEifQ=="
        }
      ]
    }
  ]
}
